PODS:
  - AppCenter (1.7.1):
    - AppCenter/Analytics (= 1.7.1)
    - AppCenter/Crashes (= 1.7.1)
  - AppCenter/Analytics (1.7.1):
    - AppCenter/Core
  - AppCenter/Core (1.7.1)
  - AppCenter/Crashes (1.7.1):
    - AppCenter/Core
  - Mapbox-iOS-SDK (4.1.0)
  - RxCocoa (4.2.0):
    - RxSwift (~> 4.0)
  - RxSwift (4.2.0)
  - SnapKit (4.0.0)
  - SocketRocket (0.5.1)

DEPENDENCIES:
  - AppCenter (= 1.7.1)
  - Mapbox-iOS-SDK (= 4.1)
  - RxCocoa (= 4.2.0)
  - RxSwift (= 4.2.0)
  - SnapKit (= 4.0.0)
  - SocketRocket (= 0.5.1)

SPEC REPOS:
  https://github.com/cocoapods/specs.git:
    - AppCenter
    - Mapbox-iOS-SDK
    - RxCocoa
    - RxSwift
    - SnapKit
    - SocketRocket

SPEC CHECKSUMS:
  AppCenter: 53349f138e596f2514f7559bb50a7e6e55219f17
  Mapbox-iOS-SDK: f0a9813d5f08c096c1199eceb57ec6102b19cf54
  RxCocoa: 0b54909c902e1e581212a03e690bbd94032d8baa
  RxSwift: 99e10317ddfcc7fbe01356aafd118fde4a0be104
  SnapKit: a42d492c16e80209130a3379f73596c3454b7694
  SocketRocket: d57c7159b83c3c6655745cd15302aa24b6bae531

PODFILE CHECKSUM: 4c9dae207e9e56518c69620db49a906361de4d40

COCOAPODS: 1.5.3
