PODS:
  - AppCenter (1.7.1):
    - AppCenter/Analytics (= 1.7.1)
    - AppCenter/Crashes (= 1.7.1)
  - AppCenter/Analytics (1.7.1):
    - AppCenter/Core
  - AppCenter/Core (1.7.1)
  - AppCenter/Crashes (1.7.1):
    - AppCenter/Core
  - Charts (3.2.1):
    - Charts/Core (= 3.2.1)
  - Charts/Core (3.2.1)
  - GoogleSignIn (4.3.0):
    - "GoogleToolboxForMac/NSDictionary+URLArguments (~> 2.1)"
    - "GoogleToolboxForMac/NSString+URLArguments (~> 2.1)"
    - GTMOAuth2 (~> 1.0)
    - GTMSessionFetcher/Core (~> 1.1)
  - GoogleToolboxForMac/DebugUtils (2.2.0):
    - GoogleToolboxForMac/Defines (= 2.2.0)
  - GoogleToolboxForMac/Defines (2.2.0)
  - "GoogleToolboxForMac/NSDictionary+URLArguments (2.2.0)":
    - GoogleToolboxForMac/DebugUtils (= 2.2.0)
    - GoogleToolboxForMac/Defines (= 2.2.0)
    - "GoogleToolboxForMac/NSString+URLArguments (= 2.2.0)"
  - "GoogleToolboxForMac/NSString+URLArguments (2.2.0)"
  - GTMOAuth2 (1.1.6):
    - GTMSessionFetcher (~> 1.1)
  - GTMSessionFetcher (1.2.1):
    - GTMSessionFetcher/Full (= 1.2.1)
  - GTMSessionFetcher/Core (1.2.1)
  - GTMSessionFetcher/Full (1.2.1):
    - GTMSessionFetcher/Core (= 1.2.1)
  - Mapbox-iOS-SDK (4.8.0)
  - RxAtomic (4.4.0)
  - RxCocoa (4.4.0):
    - RxSwift (~> 4.0)
  - RxSwift (4.4.0):
    - RxAtomic (~> 4.4)
  - SnapKit (4.0.1)
  - SocketRocket (0.5.1)

DEPENDENCIES:
  - AppCenter (= 1.7.1)
  - Charts (= 3.2.1)
  - GoogleSignIn (= 4.3.0)
  - Mapbox-iOS-SDK (= 4.8.0)
  - RxCocoa (= 4.4.0)
  - RxSwift (= 4.4.0)
  - SnapKit (= 4.0.1)
  - SocketRocket (= 0.5.1)

SPEC REPOS:
  https://github.com/cocoapods/specs.git:
    - AppCenter
    - Charts
    - GoogleSignIn
    - GoogleToolboxForMac
    - GTMOAuth2
    - GTMSessionFetcher
    - Mapbox-iOS-SDK
    - RxAtomic
    - RxCocoa
    - RxSwift
    - SnapKit
    - SocketRocket

SPEC CHECKSUMS:
  AppCenter: 53349f138e596f2514f7559bb50a7e6e55219f17
  Charts: f122fb70b19847fa5817d018b77d6c5a2296ab25
  GoogleSignIn: 11183592dc63e105475c7305a325045ff95e02b7
  GoogleToolboxForMac: ff31605b7d66400dcec09bed5861689aebadda4d
  GTMOAuth2: e8b6512c896235149df975c41d9a36c868ab7fba
  GTMSessionFetcher: 32aeca0aa144acea523e1c8e053089dec2cb98ca
  Mapbox-iOS-SDK: 864bc732a20c183d87f04923295e988b504453d9
  RxAtomic: eacf60db868c96bfd63320e28619fe29c179656f
  RxCocoa: df63ebf7b9a70d6b4eeea407ed5dd4efc8979749
  RxSwift: 5976ecd04fc2fefd648827c23de5e11157faa973
  SnapKit: 0de968a9fec17499afa29683b05d0c775b6d1c29
  SocketRocket: d57c7159b83c3c6655745cd15302aa24b6bae531

PODFILE CHECKSUM: 010b14794c2dbbcc6e0c3fc2f6f4c87776d01b24

COCOAPODS: 1.5.3
