// !$*UTF8*$!
{
	archiveVersion = 1;
	classes = {
	};
	objectVersion = 70;
	objects = {

/* Begin PBXBuildFile section */
		1A6A6531279059D19746CE2B /* Files.swift in Sources */ = {isa = PBXBuildFile; fileRef = 1A6A693739B80A86DFB4EBF9 /* Files.swift */; };
		1A6A675D048DFF6E1E0BE701 /* Credentials.plist in Resources */ = {isa = PBXBuildFile; fileRef = 1A6A633812206E4A035E56A6 /* Credentials.plist */; };
		6101D549220F75200051A427 /* languages.swift in Sources */ = {isa = PBXBuildFile; fileRef = 6101D548220F75200051A427 /* languages.swift */; };
		610EE3E121724CE10040FBC6 /* NSString+FontAwesome.m in Sources */ = {isa = PBXBuildFile; fileRef = 610EE3DA21724CDF0040FBC6 /* NSString+FontAwesome.m */; };
		610EE3E221724CE10040FBC6 /* UIFont+FontAwesome.m in Sources */ = {isa = PBXBuildFile; fileRef = 610EE3DB21724CDF0040FBC6 /* UIFont+FontAwesome.m */; };
		610EE3E321724CE10040FBC6 /* String+FontAwesome.swift in Sources */ = {isa = PBXBuildFile; fileRef = 610EE3DC21724CE00040FBC6 /* String+FontAwesome.swift */; };
		610EE3E421724CE10040FBC6 /* UIImage+FontAwesome.m in Sources */ = {isa = PBXBuildFile; fileRef = 610EE3DD21724CE00040FBC6 /* UIImage+FontAwesome.m */; };
		610EE3E62172524C0040FBC6 /* FontAwesome.ttf in Resources */ = {isa = PBXBuildFile; fileRef = 610EE3E52172524C0040FBC6 /* FontAwesome.ttf */; };
		612F46A220F4A5CF001A3003 /* BoatHttpClient.swift in Sources */ = {isa = PBXBuildFile; fileRef = 612F46A120F4A5CF001A3003 /* BoatHttpClient.swift */; };
		612F46A420F4A99E001A3003 /* EnvConf.swift in Sources */ = {isa = PBXBuildFile; fileRef = 612F46A320F4A99E001A3003 /* EnvConf.swift */; };
		612F46A620F4AB70001A3003 /* Backend.swift in Sources */ = {isa = PBXBuildFile; fileRef = 612F46A520F4AB70001A3003 /* Backend.swift */; };
		612F46AC20F52776001A3003 /* Keychain.swift in Sources */ = {isa = PBXBuildFile; fileRef = 612F46AB20F52776001A3003 /* Keychain.swift */; };
		612F46B320F6418B001A3003 /* Speed.swift in Sources */ = {isa = PBXBuildFile; fileRef = 612F46B220F6418B001A3003 /* Speed.swift */; };
		612F46B520F644B7001A3003 /* Distance.swift in Sources */ = {isa = PBXBuildFile; fileRef = 612F46B420F644B7001A3003 /* Distance.swift */; };
		612F46B720F646A0001A3003 /* Temperature.swift in Sources */ = {isa = PBXBuildFile; fileRef = 612F46B620F646A0001A3003 /* Temperature.swift */; };
		612F46B920F66854001A3003 /* Geo.swift in Sources */ = {isa = PBXBuildFile; fileRef = 612F46B820F66854001A3003 /* Geo.swift */; };
		613669B7216FDAD10043494A /* BoatNotifications.swift in Sources */ = {isa = PBXBuildFile; fileRef = 613669B6216FDAD10043494A /* BoatNotifications.swift */; };
		613669BC216FDB3E0043494A /* notificationModels.swift in Sources */ = {isa = PBXBuildFile; fileRef = 613669BB216FDB3E0043494A /* notificationModels.swift */; };
		613669BE217117390043494A /* generalExtensions.swift in Sources */ = {isa = PBXBuildFile; fileRef = 613669BD217117390043494A /* generalExtensions.swift */; };
		613E82D021A0789000D3C412 /* TimeFormatter.swift in Sources */ = {isa = PBXBuildFile; fileRef = 613E82CF21A0789000D3C412 /* TimeFormatter.swift */; };
		614221B6222C10A700FD1FF3 /* UserSettings.swift in Sources */ = {isa = PBXBuildFile; fileRef = 614221B5222C10A700FD1FF3 /* UserSettings.swift */; };
		614221B82231779000FD1FF3 /* httpPayloads.swift in Sources */ = {isa = PBXBuildFile; fileRef = 614221B72231778F00FD1FF3 /* httpPayloads.swift */; };
		6173F247228CB10E00A1E9B9 /* routeModels.swift in Sources */ = {isa = PBXBuildFile; fileRef = 6173F246228CB10E00A1E9B9 /* routeModels.swift */; };
		61832AAE220B69D400413FD0 /* TapListener.swift in Sources */ = {isa = PBXBuildFile; fileRef = 61832AAD220B69D400413FD0 /* TapListener.swift */; };
		619679EB20F78B5900432672 /* MapMode.swift in Sources */ = {isa = PBXBuildFile; fileRef = 619679EA20F78B5900432672 /* MapMode.swift */; };
		619679F220FB39CF00432672 /* MapEvents.swift in Sources */ = {isa = PBXBuildFile; fileRef = 619679F120FB39CF00432672 /* MapEvents.swift */; };
		619679FA20FBCDB100432672 /* TrackModels.swift in Sources */ = {isa = PBXBuildFile; fileRef = 619679F920FBCDB100432672 /* TrackModels.swift */; };
		619679FC20FBCF2F00432672 /* Duration.swift in Sources */ = {isa = PBXBuildFile; fileRef = 619679FB20FBCF2F00432672 /* Duration.swift */; };
		61967A072103CAFD00432672 /* BoatColors.swift in Sources */ = {isa = PBXBuildFile; fileRef = 61967A062103CAFD00432672 /* BoatColors.swift */; };
		61967A092103CF3E00432672 /* Formatting.swift in Sources */ = {isa = PBXBuildFile; fileRef = 61967A082103CF3E00432672 /* Formatting.swift */; };
		61999FFB22A2E8F3003BD037 /* Json.swift in Sources */ = {isa = PBXBuildFile; fileRef = 61999FFA22A2E8F3003BD037 /* Json.swift */; };
		61999FFD22A3286F003BD037 /* seaModels.swift in Sources */ = {isa = PBXBuildFile; fileRef = 61999FFC22A3286F003BD037 /* seaModels.swift */; };
		6199E0EC20F24DC700A4009A /* HttpClient.swift in Sources */ = {isa = PBXBuildFile; fileRef = 6199E0EB20F24DC700A4009A /* HttpClient.swift */; };
		6199E0EF20F24EC300A4009A /* Log.swift in Sources */ = {isa = PBXBuildFile; fileRef = 6199E0EE20F24EC300A4009A /* Log.swift */; };
		6199E0F120F24F1800A4009A /* HttpResponse.swift in Sources */ = {isa = PBXBuildFile; fileRef = 6199E0F020F24F1800A4009A /* HttpResponse.swift */; };
		6199E0F520F2501E00A4009A /* errors.swift in Sources */ = {isa = PBXBuildFile; fileRef = 6199E0F420F2501E00A4009A /* errors.swift */; };
		6199E0F920F25EA100A4009A /* Credentials.swift in Sources */ = {isa = PBXBuildFile; fileRef = 6199E0F820F25EA100A4009A /* Credentials.swift */; };
		61ACE5C72130956A00925265 /* WelcomeSignedIn.swift in Sources */ = {isa = PBXBuildFile; fileRef = 61ACE5C62130956A00925265 /* WelcomeSignedIn.swift */; };
		61ACE5C921309E5E00925265 /* BoatPrefs.swift in Sources */ = {isa = PBXBuildFile; fileRef = 61ACE5C821309E5E00925265 /* BoatPrefs.swift */; };
		61B07C6020F21DC300D8B7E0 /* BoatApp.swift in Sources */ = {isa = PBXBuildFile; fileRef = 61B07C5F20F21DC300D8B7E0 /* BoatApp.swift */; };
		61B07C6720F21DC400D8B7E0 /* Assets.xcassets in Resources */ = {isa = PBXBuildFile; fileRef = 61B07C6620F21DC400D8B7E0 /* Assets.xcassets */; };
		61B07C6A20F21DC400D8B7E0 /* LaunchScreen.storyboard in Resources */ = {isa = PBXBuildFile; fileRef = 61B07C6820F21DC400D8B7E0 /* LaunchScreen.storyboard */; };
		61B07C7520F21DC400D8B7E0 /* BoatTrackerTests.swift in Sources */ = {isa = PBXBuildFile; fileRef = 61B07C7420F21DC400D8B7E0 /* BoatTrackerTests.swift */; };
		61BCBE7B220768AB00EE74EB /* AISState.swift in Sources */ = {isa = PBXBuildFile; fileRef = 61BCBE7A220768AB00EE74EB /* AISState.swift */; };
		61BCBE7F2208CC1C00EE74EB /* Layers.swift in Sources */ = {isa = PBXBuildFile; fileRef = 61BCBE7E2208CC1C00EE74EB /* Layers.swift */; };
		61DCDA3C21D02693009A75EB /* BoatGoogleAuth.swift in Sources */ = {isa = PBXBuildFile; fileRef = 61DCDA3B21D02693009A75EB /* BoatGoogleAuth.swift */; };
		61DE7F3F20F29F6900C95B3F /* BoatSocket.swift in Sources */ = {isa = PBXBuildFile; fileRef = 61DE7F3E20F29F6900C95B3F /* BoatSocket.swift */; };
		61DE7F4120F2A23100C95B3F /* StringUtils.swift in Sources */ = {isa = PBXBuildFile; fileRef = 61DE7F4020F2A23100C95B3F /* StringUtils.swift */; };
		61DE7F4320F3AEFC00C95B3F /* models.swift in Sources */ = {isa = PBXBuildFile; fileRef = 61DE7F4220F3AEFC00C95B3F /* models.swift */; };
		61DE7F4520F3E6D100C95B3F /* AuthVM.swift in Sources */ = {isa = PBXBuildFile; fileRef = 61DE7F4420F3E6D100C95B3F /* AuthVM.swift */; };
		61DE7F4B20F3ED3900C95B3F /* MapButtonView.swift in Sources */ = {isa = PBXBuildFile; fileRef = 61DE7F4A20F3ED3900C95B3F /* MapButtonView.swift */; };
		61F4199121206A5600B1ED7D /* AttributionModels.swift in Sources */ = {isa = PBXBuildFile; fileRef = 61F4199021206A5600B1ED7D /* AttributionModels.swift */; };
		61F4199321206C4C00B1ED7D /* AttributionsView.swift in Sources */ = {isa = PBXBuildFile; fileRef = 61F4199221206C4C00B1ED7D /* AttributionsView.swift */; };
		61F4199521206F9200B1ED7D /* Arrays.swift in Sources */ = {isa = PBXBuildFile; fileRef = 61F4199421206F9200B1ED7D /* Arrays.swift */; };
		7D045D6A265A54A300B92EE8 /* Auth.swift in Sources */ = {isa = PBXBuildFile; fileRef = 7D045D69265A54A300B92EE8 /* Auth.swift */; };
		7D15B6E02AE575E600C47F76 /* README.md in Resources */ = {isa = PBXBuildFile; fileRef = 7D15B6DF2AE575E600C47F76 /* README.md */; };
		7D15B6E22AE5760100C47F76 /* .github in Resources */ = {isa = PBXBuildFile; fileRef = 7D15B6E12AE5760100C47F76 /* .github */; };
		7D175C4D27BD85AE0050E29B /* MSAL in Frameworks */ = {isa = PBXBuildFile; productRef = 7D175C4C27BD85AE0050E29B /* MSAL */; };
		7D175C5327BD876F0050E29B /* GoogleSignIn in Frameworks */ = {isa = PBXBuildFile; productRef = 7D175C5227BD876F0050E29B /* GoogleSignIn */; };
		7D2CC0F3264D6EBD0091E05C /* MicrosoftAuth.swift in Sources */ = {isa = PBXBuildFile; fileRef = 7D2CC0F2264D6EBD0091E05C /* MicrosoftAuth.swift */; };
		7D528E6227B9682F00C55F06 /* WebSocket.swift in Sources */ = {isa = PBXBuildFile; fileRef = 7D528E6127B9682F00C55F06 /* WebSocket.swift */; };
		7DAE8A812C8C392600FB797E /* Algorithms in Frameworks */ = {isa = PBXBuildFile; productRef = 7DAE8A802C8C392600FB797E /* Algorithms */; };
		7DDBA9A727773D3900108B24 /* AppleAuth.swift in Sources */ = {isa = PBXBuildFile; fileRef = 7DDBA9A627773D3900108B24 /* AppleAuth.swift */; };
		B01251A72A4582C600A267C9 /* conf.json in Resources */ = {isa = PBXBuildFile; fileRef = B01251A62A4582C600A267C9 /* conf.json */; };
		B01E79342D4AAC68009EC1CF /* LICENSE in Resources */ = {isa = PBXBuildFile; fileRef = B01E79332D4AAC68009EC1CF /* LICENSE */; };
		B01E79372D4AAED3009EC1CF /* MapboxMaps in Frameworks */ = {isa = PBXBuildFile; productRef = B01E79362D4AAED3009EC1CF /* MapboxMaps */; };
		B01EE5982B13466500BBB8DA /* views.swift in Sources */ = {isa = PBXBuildFile; fileRef = B01EE5972B13466500BBB8DA /* views.swift */; };
		B02A812E2922C46900848949 /* LanguageView.swift in Sources */ = {isa = PBXBuildFile; fileRef = B02A812D2922C46900848949 /* LanguageView.swift */; };
		B02EC50E2909B41A00D21793 /* MapViewModel.swift in Sources */ = {isa = PBXBuildFile; fileRef = B02EC50D2909B41A00D21793 /* MapViewModel.swift */; };
		B03383B32928E3D800974FFE /* StatsView.swift in Sources */ = {isa = PBXBuildFile; fileRef = B03383B22928E3D800974FFE /* StatsView.swift */; };
		B03BC55A290D31EE00BA38EF /* MainMapView.swift in Sources */ = {isa = PBXBuildFile; fileRef = B03BC559290D31EE00BA38EF /* MainMapView.swift */; };
		B03F58A32940FEC0006B5DC1 /* BoatList.swift in Sources */ = {isa = PBXBuildFile; fileRef = B03F58A22940FEC0006B5DC1 /* BoatList.swift */; };
		B03F58A5294287FF006B5DC1 /* popupViews.swift in Sources */ = {isa = PBXBuildFile; fileRef = B03F58A4294287FF006B5DC1 /* popupViews.swift */; };
		B0485D60292414AE005A1FC5 /* BoatTokensView.swift in Sources */ = {isa = PBXBuildFile; fileRef = B0485D5F292414AE005A1FC5 /* BoatTokensView.swift */; };
		B0485D6229256907005A1FC5 /* PeriodStatView.swift in Sources */ = {isa = PBXBuildFile; fileRef = B0485D6129256907005A1FC5 /* PeriodStatView.swift */; };
		B052E833292A286E00C09B89 /* TracksView.swift in Sources */ = {isa = PBXBuildFile; fileRef = B052E832292A286E00C09B89 /* TracksView.swift */; };
		B052E835292A2BEB00C09B89 /* TrackView.swift in Sources */ = {isa = PBXBuildFile; fileRef = B052E834292A2BEB00C09B89 /* TrackView.swift */; };
		B052E837292A360F00C09B89 /* EditDialog.swift in Sources */ = {isa = PBXBuildFile; fileRef = B052E836292A360F00C09B89 /* EditDialog.swift */; };
		B052E839292AA5FE00C09B89 /* ChartsView.swift in Sources */ = {isa = PBXBuildFile; fileRef = B052E838292AA5FE00C09B89 /* ChartsView.swift */; };
		B05A708A2AF6498300D0BAF1 /* DGCharts in Frameworks */ = {isa = PBXBuildFile; productRef = B05A70892AF6498300D0BAF1 /* DGCharts */; };
		B0799D632A3636E200925784 /* BoatPreviews.swift in Sources */ = {isa = PBXBuildFile; fileRef = B0799D622A3636E200925784 /* BoatPreviews.swift */; };
		B0799D652A363CF100925784 /* extensions.swift in Sources */ = {isa = PBXBuildFile; fileRef = B0799D642A363CF100925784 /* extensions.swift */; };
		B0799D672A3640AE00925784 /* BoatTokensViewModel.swift in Sources */ = {isa = PBXBuildFile; fileRef = B0799D662A3640AE00925784 /* BoatTokensViewModel.swift */; };
		B0799D692A36492000925784 /* ProfileVM.swift in Sources */ = {isa = PBXBuildFile; fileRef = B0799D682A36492000925784 /* ProfileVM.swift */; };
		B09A32B92D7C8366000962EF /* BoatWidgetAttributes.swift in Sources */ = {isa = PBXBuildFile; fileRef = B09A32B82D7C8360000962EF /* BoatWidgetAttributes.swift */; };
		B09A32BA2D7C839E000962EF /* BoatWidgetAttributes.swift in Sources */ = {isa = PBXBuildFile; fileRef = B09A32B82D7C8360000962EF /* BoatWidgetAttributes.swift */; };
		B09A32BC2D7C84C4000962EF /* BoatLiveActivities.swift in Sources */ = {isa = PBXBuildFile; fileRef = B09A32BB2D7C84BE000962EF /* BoatLiveActivities.swift */; };
		B0C5981A291ED81E00439237 /* authViews.swift in Sources */ = {isa = PBXBuildFile; fileRef = B0C59819291ED81E00439237 /* authViews.swift */; };
		B0C5981E2920258B00439237 /* Tasks.swift in Sources */ = {isa = PBXBuildFile; fileRef = B0C5981D2920258B00439237 /* Tasks.swift */; };
		B0C598202920EF8300439237 /* ProfileView.swift in Sources */ = {isa = PBXBuildFile; fileRef = B0C5981F2920EF8300439237 /* ProfileView.swift */; };
		B0C598222920F02900439237 /* TrackSummaryView.swift in Sources */ = {isa = PBXBuildFile; fileRef = B0C598212920F02900439237 /* TrackSummaryView.swift */; };
		B0D99C712D776BDC000CF3E8 /* WidgetKit.framework in Frameworks */ = {isa = PBXBuildFile; fileRef = B0D99C702D776BDB000CF3E8 /* WidgetKit.framework */; };
		B0D99C732D776BDC000CF3E8 /* SwiftUI.framework in Frameworks */ = {isa = PBXBuildFile; fileRef = B0D99C722D776BDC000CF3E8 /* SwiftUI.framework */; };
		B0D99C802D776BDD000CF3E8 /* BoatWidgetExtension.appex in Embed Foundation Extensions */ = {isa = PBXBuildFile; fileRef = B0D99C6F2D776BDB000CF3E8 /* BoatWidgetExtension.appex */; settings = {ATTRIBUTES = (RemoveHeadersOnCopy, ); }; };
		B0E232BB2DA98F2F005FC113 /* Distance.swift in Sources */ = {isa = PBXBuildFile; fileRef = 612F46B420F644B7001A3003 /* Distance.swift */; };
		B0E232BC2DA98F2F005FC113 /* Duration.swift in Sources */ = {isa = PBXBuildFile; fileRef = 619679FB20FBCF2F00432672 /* Duration.swift */; };
		B0E232BD2DA98F2F005FC113 /* Speed.swift in Sources */ = {isa = PBXBuildFile; fileRef = 612F46B220F6418B001A3003 /* Speed.swift */; };
		B0E232BF2DA98F65005FC113 /* primitives.swift in Sources */ = {isa = PBXBuildFile; fileRef = B0E232BE2DA98F62005FC113 /* primitives.swift */; };
		B0E232C02DA9900B005FC113 /* primitives.swift in Sources */ = {isa = PBXBuildFile; fileRef = B0E232BE2DA98F62005FC113 /* primitives.swift */; };
		B0E232C12DA9902D005FC113 /* Formatting.swift in Sources */ = {isa = PBXBuildFile; fileRef = 61967A082103CF3E00432672 /* Formatting.swift */; };
/* End PBXBuildFile section */

/* Begin PBXContainerItemProxy section */
		61B07C7120F21DC400D8B7E0 /* PBXContainerItemProxy */ = {
			isa = PBXContainerItemProxy;
			containerPortal = 61B07C5420F21DC300D8B7E0 /* Project object */;
			proxyType = 1;
			remoteGlobalIDString = 61B07C5B20F21DC300D8B7E0;
			remoteInfo = BoatTracker;
		};
		B0D99C7E2D776BDD000CF3E8 /* PBXContainerItemProxy */ = {
			isa = PBXContainerItemProxy;
			containerPortal = 61B07C5420F21DC300D8B7E0 /* Project object */;
			proxyType = 1;
			remoteGlobalIDString = B0D99C6E2D776BDB000CF3E8;
			remoteInfo = BoatWidgetExtension;
		};
/* End PBXContainerItemProxy section */

/* Begin PBXCopyFilesBuildPhase section */
		B0D99C812D776BDD000CF3E8 /* Embed Foundation Extensions */ = {
			isa = PBXCopyFilesBuildPhase;
			buildActionMask = 2147483647;
			dstPath = "";
			dstSubfolderSpec = 13;
			files = (
				B0D99C802D776BDD000CF3E8 /* BoatWidgetExtension.appex in Embed Foundation Extensions */,
			);
			name = "Embed Foundation Extensions";
			runOnlyForDeploymentPostprocessing = 0;
		};
/* End PBXCopyFilesBuildPhase section */

/* Begin PBXFileReference section */
		1A6A633812206E4A035E56A6 /* Credentials.plist */ = {isa = PBXFileReference; fileEncoding = 4; lastKnownFileType = text.plist; path = Credentials.plist; sourceTree = "<group>"; };
		1A6A693739B80A86DFB4EBF9 /* Files.swift */ = {isa = PBXFileReference; fileEncoding = 4; lastKnownFileType = sourcecode.swift; path = Files.swift; sourceTree = "<group>"; };
		6101D548220F75200051A427 /* languages.swift */ = {isa = PBXFileReference; lastKnownFileType = sourcecode.swift; path = languages.swift; sourceTree = "<group>"; };
		610EE3D921724CDE0040FBC6 /* BoatTracker-Bridging-Header.h */ = {isa = PBXFileReference; lastKnownFileType = sourcecode.c.h; path = "BoatTracker-Bridging-Header.h"; sourceTree = "<group>"; };
		610EE3DA21724CDF0040FBC6 /* NSString+FontAwesome.m */ = {isa = PBXFileReference; fileEncoding = 4; lastKnownFileType = sourcecode.c.objc; path = "NSString+FontAwesome.m"; sourceTree = "<group>"; };
		610EE3DB21724CDF0040FBC6 /* UIFont+FontAwesome.m */ = {isa = PBXFileReference; fileEncoding = 4; lastKnownFileType = sourcecode.c.objc; path = "UIFont+FontAwesome.m"; sourceTree = "<group>"; };
		610EE3DC21724CE00040FBC6 /* String+FontAwesome.swift */ = {isa = PBXFileReference; fileEncoding = 4; lastKnownFileType = sourcecode.swift; path = "String+FontAwesome.swift"; sourceTree = "<group>"; };
		610EE3DD21724CE00040FBC6 /* UIImage+FontAwesome.m */ = {isa = PBXFileReference; fileEncoding = 4; lastKnownFileType = sourcecode.c.objc; path = "UIImage+FontAwesome.m"; sourceTree = "<group>"; };
		610EE3DE21724CE00040FBC6 /* UIFont+FontAwesome.h */ = {isa = PBXFileReference; fileEncoding = 4; lastKnownFileType = sourcecode.c.h; path = "UIFont+FontAwesome.h"; sourceTree = "<group>"; };
		610EE3DF21724CE10040FBC6 /* NSString+FontAwesome.h */ = {isa = PBXFileReference; fileEncoding = 4; lastKnownFileType = sourcecode.c.h; path = "NSString+FontAwesome.h"; sourceTree = "<group>"; };
		610EE3E021724CE10040FBC6 /* UIImage+FontAwesome.h */ = {isa = PBXFileReference; fileEncoding = 4; lastKnownFileType = sourcecode.c.h; path = "UIImage+FontAwesome.h"; sourceTree = "<group>"; };
		610EE3E52172524C0040FBC6 /* FontAwesome.ttf */ = {isa = PBXFileReference; lastKnownFileType = file; path = FontAwesome.ttf; sourceTree = "<group>"; };
		612F46A120F4A5CF001A3003 /* BoatHttpClient.swift */ = {isa = PBXFileReference; lastKnownFileType = sourcecode.swift; path = BoatHttpClient.swift; sourceTree = "<group>"; };
		612F46A320F4A99E001A3003 /* EnvConf.swift */ = {isa = PBXFileReference; lastKnownFileType = sourcecode.swift; path = EnvConf.swift; sourceTree = "<group>"; };
		612F46A520F4AB70001A3003 /* Backend.swift */ = {isa = PBXFileReference; lastKnownFileType = sourcecode.swift; path = Backend.swift; sourceTree = "<group>"; };
		612F46AB20F52776001A3003 /* Keychain.swift */ = {isa = PBXFileReference; lastKnownFileType = sourcecode.swift; path = Keychain.swift; sourceTree = "<group>"; };
		612F46B220F6418B001A3003 /* Speed.swift */ = {isa = PBXFileReference; lastKnownFileType = sourcecode.swift; path = Speed.swift; sourceTree = "<group>"; };
		612F46B420F644B7001A3003 /* Distance.swift */ = {isa = PBXFileReference; lastKnownFileType = sourcecode.swift; path = Distance.swift; sourceTree = "<group>"; };
		612F46B620F646A0001A3003 /* Temperature.swift */ = {isa = PBXFileReference; lastKnownFileType = sourcecode.swift; path = Temperature.swift; sourceTree = "<group>"; };
		612F46B820F66854001A3003 /* Geo.swift */ = {isa = PBXFileReference; lastKnownFileType = sourcecode.swift; path = Geo.swift; sourceTree = "<group>"; };
		613669B6216FDAD10043494A /* BoatNotifications.swift */ = {isa = PBXFileReference; lastKnownFileType = sourcecode.swift; path = BoatNotifications.swift; sourceTree = "<group>"; };
		613669BB216FDB3E0043494A /* notificationModels.swift */ = {isa = PBXFileReference; lastKnownFileType = sourcecode.swift; path = notificationModels.swift; sourceTree = "<group>"; };
		613669BD217117390043494A /* generalExtensions.swift */ = {isa = PBXFileReference; lastKnownFileType = sourcecode.swift; path = generalExtensions.swift; sourceTree = "<group>"; };
		613669BF217124560043494A /* BoatTracker.entitlements */ = {isa = PBXFileReference; lastKnownFileType = text.plist.entitlements; path = BoatTracker.entitlements; sourceTree = "<group>"; };
		613E82CF21A0789000D3C412 /* TimeFormatter.swift */ = {isa = PBXFileReference; lastKnownFileType = sourcecode.swift; path = TimeFormatter.swift; sourceTree = "<group>"; };
		614221B5222C10A700FD1FF3 /* UserSettings.swift */ = {isa = PBXFileReference; lastKnownFileType = sourcecode.swift; path = UserSettings.swift; sourceTree = "<group>"; };
		614221B72231778F00FD1FF3 /* httpPayloads.swift */ = {isa = PBXFileReference; lastKnownFileType = sourcecode.swift; path = httpPayloads.swift; sourceTree = "<group>"; };
		6173F246228CB10E00A1E9B9 /* routeModels.swift */ = {isa = PBXFileReference; lastKnownFileType = sourcecode.swift; path = routeModels.swift; sourceTree = "<group>"; };
		61832AAD220B69D400413FD0 /* TapListener.swift */ = {isa = PBXFileReference; lastKnownFileType = sourcecode.swift; path = TapListener.swift; sourceTree = "<group>"; };
		619679EA20F78B5900432672 /* MapMode.swift */ = {isa = PBXFileReference; lastKnownFileType = sourcecode.swift; path = MapMode.swift; sourceTree = "<group>"; };
		619679F120FB39CF00432672 /* MapEvents.swift */ = {isa = PBXFileReference; lastKnownFileType = sourcecode.swift; path = MapEvents.swift; sourceTree = "<group>"; };
		619679F920FBCDB100432672 /* TrackModels.swift */ = {isa = PBXFileReference; lastKnownFileType = sourcecode.swift; path = TrackModels.swift; sourceTree = "<group>"; };
		619679FB20FBCF2F00432672 /* Duration.swift */ = {isa = PBXFileReference; lastKnownFileType = sourcecode.swift; path = Duration.swift; sourceTree = "<group>"; };
		61967A062103CAFD00432672 /* BoatColors.swift */ = {isa = PBXFileReference; lastKnownFileType = sourcecode.swift; path = BoatColors.swift; sourceTree = "<group>"; };
		61967A082103CF3E00432672 /* Formatting.swift */ = {isa = PBXFileReference; lastKnownFileType = sourcecode.swift; path = Formatting.swift; sourceTree = "<group>"; };
		61999FFA22A2E8F3003BD037 /* Json.swift */ = {isa = PBXFileReference; lastKnownFileType = sourcecode.swift; path = Json.swift; sourceTree = "<group>"; };
		61999FFC22A3286F003BD037 /* seaModels.swift */ = {isa = PBXFileReference; lastKnownFileType = sourcecode.swift; path = seaModels.swift; sourceTree = "<group>"; };
		6199E0EB20F24DC700A4009A /* HttpClient.swift */ = {isa = PBXFileReference; lastKnownFileType = sourcecode.swift; path = HttpClient.swift; sourceTree = "<group>"; };
		6199E0EE20F24EC300A4009A /* Log.swift */ = {isa = PBXFileReference; lastKnownFileType = sourcecode.swift; path = Log.swift; sourceTree = "<group>"; };
		6199E0F020F24F1800A4009A /* HttpResponse.swift */ = {isa = PBXFileReference; lastKnownFileType = sourcecode.swift; path = HttpResponse.swift; sourceTree = "<group>"; };
		6199E0F420F2501E00A4009A /* errors.swift */ = {isa = PBXFileReference; lastKnownFileType = sourcecode.swift; path = errors.swift; sourceTree = "<group>"; };
		6199E0F820F25EA100A4009A /* Credentials.swift */ = {isa = PBXFileReference; lastKnownFileType = sourcecode.swift; path = Credentials.swift; sourceTree = "<group>"; };
		61ACE5C62130956A00925265 /* WelcomeSignedIn.swift */ = {isa = PBXFileReference; lastKnownFileType = sourcecode.swift; path = WelcomeSignedIn.swift; sourceTree = "<group>"; };
		61ACE5C821309E5E00925265 /* BoatPrefs.swift */ = {isa = PBXFileReference; lastKnownFileType = sourcecode.swift; path = BoatPrefs.swift; sourceTree = "<group>"; };
		61B07C5C20F21DC300D8B7E0 /* BoatTracker.app */ = {isa = PBXFileReference; explicitFileType = wrapper.application; includeInIndex = 0; path = BoatTracker.app; sourceTree = BUILT_PRODUCTS_DIR; };
		61B07C5F20F21DC300D8B7E0 /* BoatApp.swift */ = {isa = PBXFileReference; lastKnownFileType = sourcecode.swift; path = BoatApp.swift; sourceTree = "<group>"; };
		61B07C6620F21DC400D8B7E0 /* Assets.xcassets */ = {isa = PBXFileReference; lastKnownFileType = folder.assetcatalog; path = Assets.xcassets; sourceTree = "<group>"; };
		61B07C6920F21DC400D8B7E0 /* Base */ = {isa = PBXFileReference; lastKnownFileType = file.storyboard; name = Base; path = Base.lproj/LaunchScreen.storyboard; sourceTree = "<group>"; };
		61B07C6B20F21DC400D8B7E0 /* Info.plist */ = {isa = PBXFileReference; lastKnownFileType = text.plist.xml; path = Info.plist; sourceTree = "<group>"; };
		61B07C7020F21DC400D8B7E0 /* BoatTrackerTests.xctest */ = {isa = PBXFileReference; explicitFileType = wrapper.cfbundle; includeInIndex = 0; path = BoatTrackerTests.xctest; sourceTree = BUILT_PRODUCTS_DIR; };
		61B07C7420F21DC400D8B7E0 /* BoatTrackerTests.swift */ = {isa = PBXFileReference; lastKnownFileType = sourcecode.swift; path = BoatTrackerTests.swift; sourceTree = "<group>"; };
		61B07C7620F21DC400D8B7E0 /* Info.plist */ = {isa = PBXFileReference; lastKnownFileType = text.plist.xml; path = Info.plist; sourceTree = "<group>"; };
		61BCBE7A220768AB00EE74EB /* AISState.swift */ = {isa = PBXFileReference; lastKnownFileType = sourcecode.swift; path = AISState.swift; sourceTree = "<group>"; };
		61BCBE7E2208CC1C00EE74EB /* Layers.swift */ = {isa = PBXFileReference; lastKnownFileType = sourcecode.swift; path = Layers.swift; sourceTree = "<group>"; };
		61DCDA3B21D02693009A75EB /* BoatGoogleAuth.swift */ = {isa = PBXFileReference; lastKnownFileType = sourcecode.swift; path = BoatGoogleAuth.swift; sourceTree = "<group>"; };
		61DE7F3E20F29F6900C95B3F /* BoatSocket.swift */ = {isa = PBXFileReference; lastKnownFileType = sourcecode.swift; path = BoatSocket.swift; sourceTree = "<group>"; };
		61DE7F4020F2A23100C95B3F /* StringUtils.swift */ = {isa = PBXFileReference; lastKnownFileType = sourcecode.swift; path = StringUtils.swift; sourceTree = "<group>"; };
		61DE7F4220F3AEFC00C95B3F /* models.swift */ = {isa = PBXFileReference; lastKnownFileType = sourcecode.swift; path = models.swift; sourceTree = "<group>"; };
		61DE7F4420F3E6D100C95B3F /* AuthVM.swift */ = {isa = PBXFileReference; lastKnownFileType = sourcecode.swift; path = AuthVM.swift; sourceTree = "<group>"; };
		61DE7F4A20F3ED3900C95B3F /* MapButtonView.swift */ = {isa = PBXFileReference; lastKnownFileType = sourcecode.swift; path = MapButtonView.swift; sourceTree = "<group>"; };
		61F4199021206A5600B1ED7D /* AttributionModels.swift */ = {isa = PBXFileReference; lastKnownFileType = sourcecode.swift; path = AttributionModels.swift; sourceTree = "<group>"; };
		61F4199221206C4C00B1ED7D /* AttributionsView.swift */ = {isa = PBXFileReference; lastKnownFileType = sourcecode.swift; path = AttributionsView.swift; sourceTree = "<group>"; };
		61F4199421206F9200B1ED7D /* Arrays.swift */ = {isa = PBXFileReference; lastKnownFileType = sourcecode.swift; path = Arrays.swift; sourceTree = "<group>"; };
		7D045D69265A54A300B92EE8 /* Auth.swift */ = {isa = PBXFileReference; lastKnownFileType = sourcecode.swift; path = Auth.swift; sourceTree = "<group>"; };
		7D15B6DF2AE575E600C47F76 /* README.md */ = {isa = PBXFileReference; fileEncoding = 4; lastKnownFileType = net.daringfireball.markdown; path = README.md; sourceTree = "<group>"; };
		7D15B6E12AE5760100C47F76 /* .github */ = {isa = PBXFileReference; lastKnownFileType = folder; path = .github; sourceTree = "<group>"; };
		7D15B6E52AE5761400C47F76 /* README.txt */ = {isa = PBXFileReference; lastKnownFileType = text; path = README.txt; sourceTree = "<group>"; };
		7D15B6E72AE5761400C47F76 /* 1_APP_IPAD_PRO_3GEN_129_1.png */ = {isa = PBXFileReference; lastKnownFileType = image.png; path = 1_APP_IPAD_PRO_3GEN_129_1.png; sourceTree = "<group>"; };
		7D15B6E82AE5761400C47F76 /* 4_APP_IPAD_PRO_3GEN_129_4.png */ = {isa = PBXFileReference; lastKnownFileType = image.png; path = 4_APP_IPAD_PRO_3GEN_129_4.png; sourceTree = "<group>"; };
		7D15B6E92AE5761400C47F76 /* 1_APP_IPHONE_55_1.png */ = {isa = PBXFileReference; lastKnownFileType = image.png; path = 1_APP_IPHONE_55_1.png; sourceTree = "<group>"; };
		7D15B6EA2AE5761400C47F76 /* 0_APP_IPHONE_55_0.png */ = {isa = PBXFileReference; lastKnownFileType = image.png; path = 0_APP_IPHONE_55_0.png; sourceTree = "<group>"; };
		7D15B6EB2AE5761400C47F76 /* 3_APP_IPHONE_55_3.png */ = {isa = PBXFileReference; lastKnownFileType = image.png; path = 3_APP_IPHONE_55_3.png; sourceTree = "<group>"; };
		7D15B6EC2AE5761400C47F76 /* 0_APP_IPAD_PRO_3GEN_129_0.png */ = {isa = PBXFileReference; lastKnownFileType = image.png; path = 0_APP_IPAD_PRO_3GEN_129_0.png; sourceTree = "<group>"; };
		7D15B6ED2AE5761400C47F76 /* 2_APP_IPHONE_55_2.png */ = {isa = PBXFileReference; lastKnownFileType = image.png; path = 2_APP_IPHONE_55_2.png; sourceTree = "<group>"; };
		7D15B6EE2AE5761400C47F76 /* 5_APP_IPAD_PRO_3GEN_129_5.png */ = {isa = PBXFileReference; lastKnownFileType = image.png; path = 5_APP_IPAD_PRO_3GEN_129_5.png; sourceTree = "<group>"; };
		7D15B6EF2AE5761400C47F76 /* 0_APP_IPAD_PRO_129_0.png */ = {isa = PBXFileReference; lastKnownFileType = image.png; path = 0_APP_IPAD_PRO_129_0.png; sourceTree = "<group>"; };
		7D15B6F02AE5761400C47F76 /* 3_APP_IPAD_PRO_129_3.png */ = {isa = PBXFileReference; lastKnownFileType = image.png; path = 3_APP_IPAD_PRO_129_3.png; sourceTree = "<group>"; };
		7D15B6F12AE5761400C47F76 /* 3_APP_IPAD_PRO_3GEN_129_3.png */ = {isa = PBXFileReference; lastKnownFileType = image.png; path = 3_APP_IPAD_PRO_3GEN_129_3.png; sourceTree = "<group>"; };
		7D15B6F22AE5761400C47F76 /* 2_APP_IPAD_PRO_129_2.png */ = {isa = PBXFileReference; lastKnownFileType = image.png; path = 2_APP_IPAD_PRO_129_2.png; sourceTree = "<group>"; };
		7D15B6F32AE5761400C47F76 /* 2_APP_IPHONE_65_2.png */ = {isa = PBXFileReference; lastKnownFileType = image.png; path = 2_APP_IPHONE_65_2.png; sourceTree = "<group>"; };
		7D15B6F42AE5761400C47F76 /* 3_APP_IPHONE_65_3.png */ = {isa = PBXFileReference; lastKnownFileType = image.png; path = 3_APP_IPHONE_65_3.png; sourceTree = "<group>"; };
		7D15B6F52AE5761400C47F76 /* 0_APP_IPHONE_65_0.png */ = {isa = PBXFileReference; lastKnownFileType = image.png; path = 0_APP_IPHONE_65_0.png; sourceTree = "<group>"; };
		7D15B6F62AE5761400C47F76 /* 1_APP_IPHONE_65_1.png */ = {isa = PBXFileReference; lastKnownFileType = image.png; path = 1_APP_IPHONE_65_1.png; sourceTree = "<group>"; };
		7D15B6F72AE5761400C47F76 /* 2_APP_IPAD_PRO_3GEN_129_2.png */ = {isa = PBXFileReference; lastKnownFileType = image.png; path = 2_APP_IPAD_PRO_3GEN_129_2.png; sourceTree = "<group>"; };
		7D15B6F82AE5761400C47F76 /* 1_APP_IPAD_PRO_129_1.png */ = {isa = PBXFileReference; lastKnownFileType = image.png; path = 1_APP_IPAD_PRO_129_1.png; sourceTree = "<group>"; };
		7D15B6F92AE5761400C47F76 /* 4_APP_IPHONE_65_4.png */ = {isa = PBXFileReference; lastKnownFileType = image.png; path = 4_APP_IPHONE_65_4.png; sourceTree = "<group>"; };
		7D15B6FA2AE5761400C47F76 /* 5_APP_IPHONE_65_5.png */ = {isa = PBXFileReference; lastKnownFileType = image.png; path = 5_APP_IPHONE_65_5.png; sourceTree = "<group>"; };
		7D15B6FE2AE5761400C47F76 /* Pluginfile */ = {isa = PBXFileReference; lastKnownFileType = text; path = Pluginfile; sourceTree = "<group>"; };
		7D15B6FF2AE5761400C47F76 /* Appfile */ = {isa = PBXFileReference; lastKnownFileType = text; path = Appfile; sourceTree = "<group>"; };
		7D15B7002AE5761400C47F76 /* Deliverfile */ = {isa = PBXFileReference; lastKnownFileType = text; path = Deliverfile; sourceTree = "<group>"; };
		7D15B7012AE5761400C47F76 /* Fastfile */ = {isa = PBXFileReference; lastKnownFileType = text; path = Fastfile; sourceTree = "<group>"; };
		7D15B7022AE5761400C47F76 /* README.md */ = {isa = PBXFileReference; lastKnownFileType = net.daringfireball.markdown; path = README.md; sourceTree = "<group>"; };
		7D15B7042AE5761400C47F76 /* copyright.txt */ = {isa = PBXFileReference; lastKnownFileType = text; path = copyright.txt; sourceTree = "<group>"; };
		7D15B7052AE5761400C47F76 /* secondary_first_sub_category.txt */ = {isa = PBXFileReference; lastKnownFileType = text; path = secondary_first_sub_category.txt; sourceTree = "<group>"; };
		7D15B7062AE5761400C47F76 /* secondary_category.txt */ = {isa = PBXFileReference; lastKnownFileType = text; path = secondary_category.txt; sourceTree = "<group>"; };
		7D15B7072AE5761400C47F76 /* secondary_second_sub_category.txt */ = {isa = PBXFileReference; lastKnownFileType = text; path = secondary_second_sub_category.txt; sourceTree = "<group>"; };
		7D15B7082AE5761400C47F76 /* primary_second_sub_category.txt */ = {isa = PBXFileReference; lastKnownFileType = text; path = primary_second_sub_category.txt; sourceTree = "<group>"; };
		7D15B70A2AE5761400C47F76 /* phone_number.txt */ = {isa = PBXFileReference; lastKnownFileType = text; path = phone_number.txt; sourceTree = "<group>"; };
		7D15B70B2AE5761400C47F76 /* demo_user.txt */ = {isa = PBXFileReference; lastKnownFileType = text; path = demo_user.txt; sourceTree = "<group>"; };
		7D15B70C2AE5761400C47F76 /* notes.txt */ = {isa = PBXFileReference; lastKnownFileType = text; path = notes.txt; sourceTree = "<group>"; };
		7D15B70D2AE5761400C47F76 /* email_address.txt */ = {isa = PBXFileReference; lastKnownFileType = text; path = email_address.txt; sourceTree = "<group>"; };
		7D15B70E2AE5761400C47F76 /* last_name.txt */ = {isa = PBXFileReference; lastKnownFileType = text; path = last_name.txt; sourceTree = "<group>"; };
		7D15B70F2AE5761400C47F76 /* first_name.txt */ = {isa = PBXFileReference; lastKnownFileType = text; path = first_name.txt; sourceTree = "<group>"; };
		7D15B7102AE5761400C47F76 /* demo_password.txt */ = {isa = PBXFileReference; lastKnownFileType = text; path = demo_password.txt; sourceTree = "<group>"; };
		7D15B7112AE5761400C47F76 /* primary_first_sub_category.txt */ = {isa = PBXFileReference; lastKnownFileType = text; path = primary_first_sub_category.txt; sourceTree = "<group>"; };
		7D15B7132AE5761400C47F76 /* privacy_url.txt */ = {isa = PBXFileReference; lastKnownFileType = text; path = privacy_url.txt; sourceTree = "<group>"; };
		7D15B7142AE5761400C47F76 /* subtitle.txt */ = {isa = PBXFileReference; lastKnownFileType = text; path = subtitle.txt; sourceTree = "<group>"; };
		7D15B7152AE5761400C47F76 /* support_url.txt */ = {isa = PBXFileReference; lastKnownFileType = text; path = support_url.txt; sourceTree = "<group>"; };
		7D15B7162AE5761400C47F76 /* keywords.txt */ = {isa = PBXFileReference; lastKnownFileType = text; path = keywords.txt; sourceTree = "<group>"; };
		7D15B7172AE5761400C47F76 /* apple_tv_privacy_policy.txt */ = {isa = PBXFileReference; lastKnownFileType = text; path = apple_tv_privacy_policy.txt; sourceTree = "<group>"; };
		7D15B7182AE5761400C47F76 /* promotional_text.txt */ = {isa = PBXFileReference; lastKnownFileType = text; path = promotional_text.txt; sourceTree = "<group>"; };
		7D15B7192AE5761400C47F76 /* release_notes.txt */ = {isa = PBXFileReference; lastKnownFileType = text; path = release_notes.txt; sourceTree = "<group>"; };
		7D15B71A2AE5761400C47F76 /* name.txt */ = {isa = PBXFileReference; lastKnownFileType = text; path = name.txt; sourceTree = "<group>"; };
		7D15B71B2AE5761400C47F76 /* marketing_url.txt */ = {isa = PBXFileReference; lastKnownFileType = text; path = marketing_url.txt; sourceTree = "<group>"; };
		7D15B71C2AE5761400C47F76 /* description.txt */ = {isa = PBXFileReference; lastKnownFileType = text; path = description.txt; sourceTree = "<group>"; };
		7D15B71D2AE5761400C47F76 /* primary_category.txt */ = {isa = PBXFileReference; lastKnownFileType = text; path = primary_category.txt; sourceTree = "<group>"; };
		7D2CC0F2264D6EBD0091E05C /* MicrosoftAuth.swift */ = {isa = PBXFileReference; lastKnownFileType = sourcecode.swift; path = MicrosoftAuth.swift; sourceTree = "<group>"; };
		7D528E6127B9682F00C55F06 /* WebSocket.swift */ = {isa = PBXFileReference; lastKnownFileType = sourcecode.swift; path = WebSocket.swift; sourceTree = "<group>"; };
		7DDBA9A627773D3900108B24 /* AppleAuth.swift */ = {isa = PBXFileReference; lastKnownFileType = sourcecode.swift; path = AppleAuth.swift; sourceTree = "<group>"; };
		B01251A62A4582C600A267C9 /* conf.json */ = {isa = PBXFileReference; fileEncoding = 4; lastKnownFileType = text.json; name = conf.json; path = BoatTracker/conf.json; sourceTree = "<group>"; };
		B01E79332D4AAC68009EC1CF /* LICENSE */ = {isa = PBXFileReference; lastKnownFileType = text; path = LICENSE; sourceTree = "<group>"; };
		B01EE5972B13466500BBB8DA /* views.swift */ = {isa = PBXFileReference; lastKnownFileType = sourcecode.swift; path = views.swift; sourceTree = "<group>"; };
		B02A812D2922C46900848949 /* LanguageView.swift */ = {isa = PBXFileReference; lastKnownFileType = sourcecode.swift; path = LanguageView.swift; sourceTree = "<group>"; };
		B02EC50D2909B41A00D21793 /* MapViewModel.swift */ = {isa = PBXFileReference; lastKnownFileType = sourcecode.swift; path = MapViewModel.swift; sourceTree = "<group>"; };
		B03383B22928E3D800974FFE /* StatsView.swift */ = {isa = PBXFileReference; lastKnownFileType = sourcecode.swift; path = StatsView.swift; sourceTree = "<group>"; };
		B03BC559290D31EE00BA38EF /* MainMapView.swift */ = {isa = PBXFileReference; lastKnownFileType = sourcecode.swift; path = MainMapView.swift; sourceTree = "<group>"; };
		B03F58A22940FEC0006B5DC1 /* BoatList.swift */ = {isa = PBXFileReference; lastKnownFileType = sourcecode.swift; path = BoatList.swift; sourceTree = "<group>"; };
		B03F58A4294287FF006B5DC1 /* popupViews.swift */ = {isa = PBXFileReference; lastKnownFileType = sourcecode.swift; path = popupViews.swift; sourceTree = "<group>"; };
		B0485D5F292414AE005A1FC5 /* BoatTokensView.swift */ = {isa = PBXFileReference; lastKnownFileType = sourcecode.swift; path = BoatTokensView.swift; sourceTree = "<group>"; };
		B0485D6129256907005A1FC5 /* PeriodStatView.swift */ = {isa = PBXFileReference; lastKnownFileType = sourcecode.swift; path = PeriodStatView.swift; sourceTree = "<group>"; };
		B052E832292A286E00C09B89 /* TracksView.swift */ = {isa = PBXFileReference; lastKnownFileType = sourcecode.swift; path = TracksView.swift; sourceTree = "<group>"; };
		B052E834292A2BEB00C09B89 /* TrackView.swift */ = {isa = PBXFileReference; lastKnownFileType = sourcecode.swift; path = TrackView.swift; sourceTree = "<group>"; };
		B052E836292A360F00C09B89 /* EditDialog.swift */ = {isa = PBXFileReference; lastKnownFileType = sourcecode.swift; path = EditDialog.swift; sourceTree = "<group>"; };
		B052E838292AA5FE00C09B89 /* ChartsView.swift */ = {isa = PBXFileReference; lastKnownFileType = sourcecode.swift; path = ChartsView.swift; sourceTree = "<group>"; };
		B05D66962A01780B002E784F /* ci_post_clone.sh */ = {isa = PBXFileReference; lastKnownFileType = text.script.sh; path = ci_post_clone.sh; sourceTree = "<group>"; };
		B0799D622A3636E200925784 /* BoatPreviews.swift */ = {isa = PBXFileReference; lastKnownFileType = sourcecode.swift; path = BoatPreviews.swift; sourceTree = "<group>"; };
		B0799D642A363CF100925784 /* extensions.swift */ = {isa = PBXFileReference; lastKnownFileType = sourcecode.swift; path = extensions.swift; sourceTree = "<group>"; };
		B0799D662A3640AE00925784 /* BoatTokensViewModel.swift */ = {isa = PBXFileReference; lastKnownFileType = sourcecode.swift; path = BoatTokensViewModel.swift; sourceTree = "<group>"; };
		B0799D682A36492000925784 /* ProfileVM.swift */ = {isa = PBXFileReference; lastKnownFileType = sourcecode.swift; path = ProfileVM.swift; sourceTree = "<group>"; };
		B09A32B82D7C8360000962EF /* BoatWidgetAttributes.swift */ = {isa = PBXFileReference; lastKnownFileType = sourcecode.swift; path = BoatWidgetAttributes.swift; sourceTree = "<group>"; };
		B09A32BB2D7C84BE000962EF /* BoatLiveActivities.swift */ = {isa = PBXFileReference; lastKnownFileType = sourcecode.swift; path = BoatLiveActivities.swift; sourceTree = "<group>"; };
		B0C59819291ED81E00439237 /* authViews.swift */ = {isa = PBXFileReference; lastKnownFileType = sourcecode.swift; path = authViews.swift; sourceTree = "<group>"; };
		B0C5981D2920258B00439237 /* Tasks.swift */ = {isa = PBXFileReference; lastKnownFileType = sourcecode.swift; path = Tasks.swift; sourceTree = "<group>"; };
		B0C5981F2920EF8300439237 /* ProfileView.swift */ = {isa = PBXFileReference; lastKnownFileType = sourcecode.swift; path = ProfileView.swift; sourceTree = "<group>"; };
		B0C598212920F02900439237 /* TrackSummaryView.swift */ = {isa = PBXFileReference; lastKnownFileType = sourcecode.swift; path = TrackSummaryView.swift; sourceTree = "<group>"; };
		B0D99C6F2D776BDB000CF3E8 /* BoatWidgetExtension.appex */ = {isa = PBXFileReference; explicitFileType = "wrapper.app-extension"; includeInIndex = 0; path = BoatWidgetExtension.appex; sourceTree = BUILT_PRODUCTS_DIR; };
		B0D99C702D776BDB000CF3E8 /* WidgetKit.framework */ = {isa = PBXFileReference; lastKnownFileType = wrapper.framework; name = WidgetKit.framework; path = System/Library/Frameworks/WidgetKit.framework; sourceTree = SDKROOT; };
		B0D99C722D776BDC000CF3E8 /* SwiftUI.framework */ = {isa = PBXFileReference; lastKnownFileType = wrapper.framework; name = SwiftUI.framework; path = System/Library/Frameworks/SwiftUI.framework; sourceTree = SDKROOT; };
		B0E232BE2DA98F62005FC113 /* primitives.swift */ = {isa = PBXFileReference; lastKnownFileType = sourcecode.swift; path = primitives.swift; sourceTree = "<group>"; };
/* End PBXFileReference section */

/* Begin PBXFileSystemSynchronizedBuildFileExceptionSet section */
		B0D99C842D776BDD000CF3E8 /* Exceptions for "BoatWidget" folder in "BoatWidgetExtension" target */ = {
			isa = PBXFileSystemSynchronizedBuildFileExceptionSet;
			membershipExceptions = (
				Info.plist,
			);
			target = B0D99C6E2D776BDB000CF3E8 /* BoatWidgetExtension */;
		};
/* End PBXFileSystemSynchronizedBuildFileExceptionSet section */

/* Begin PBXFileSystemSynchronizedRootGroup section */
		B0D99C742D776BDC000CF3E8 /* BoatWidget */ = {
			isa = PBXFileSystemSynchronizedRootGroup;
			exceptions = (
				B0D99C842D776BDD000CF3E8 /* Exceptions for "BoatWidget" folder in "BoatWidgetExtension" target */,
			);
			explicitFileTypes = {
			};
			explicitFolders = (
			);
			path = BoatWidget;
			sourceTree = "<group>";
		};
/* End PBXFileSystemSynchronizedRootGroup section */

/* Begin PBXFrameworksBuildPhase section */
		61B07C5920F21DC300D8B7E0 /* Frameworks */ = {
			isa = PBXFrameworksBuildPhase;
			buildActionMask = 2147483647;
			files = (
				7DAE8A812C8C392600FB797E /* Algorithms in Frameworks */,
				7D175C4D27BD85AE0050E29B /* MSAL in Frameworks */,
				B05A708A2AF6498300D0BAF1 /* DGCharts in Frameworks */,
				7D175C5327BD876F0050E29B /* GoogleSignIn in Frameworks */,
				B01E79372D4AAED3009EC1CF /* MapboxMaps in Frameworks */,
			);
			runOnlyForDeploymentPostprocessing = 0;
		};
		61B07C6D20F21DC400D8B7E0 /* Frameworks */ = {
			isa = PBXFrameworksBuildPhase;
			buildActionMask = 2147483647;
			files = (
			);
			runOnlyForDeploymentPostprocessing = 0;
		};
		B0D99C6C2D776BDB000CF3E8 /* Frameworks */ = {
			isa = PBXFrameworksBuildPhase;
			buildActionMask = 2147483647;
			files = (
				B0D99C732D776BDC000CF3E8 /* SwiftUI.framework in Frameworks */,
				B0D99C712D776BDC000CF3E8 /* WidgetKit.framework in Frameworks */,
			);
			runOnlyForDeploymentPostprocessing = 0;
		};
/* End PBXFrameworksBuildPhase section */

/* Begin PBXGroup section */
		610EE3D821724C7C0040FBC6 /* FontAwesome */ = {
			isa = PBXGroup;
			children = (
				610EE3E52172524C0040FBC6 /* FontAwesome.ttf */,
				610EE3DF21724CE10040FBC6 /* NSString+FontAwesome.h */,
				610EE3DA21724CDF0040FBC6 /* NSString+FontAwesome.m */,
				610EE3DC21724CE00040FBC6 /* String+FontAwesome.swift */,
				610EE3DE21724CE00040FBC6 /* UIFont+FontAwesome.h */,
				610EE3DB21724CDF0040FBC6 /* UIFont+FontAwesome.m */,
				610EE3E021724CE10040FBC6 /* UIImage+FontAwesome.h */,
				610EE3DD21724CE00040FBC6 /* UIImage+FontAwesome.m */,
				610EE3D921724CDE0040FBC6 /* BoatTracker-Bridging-Header.h */,
			);
			path = FontAwesome;
			sourceTree = "<group>";
		};
		612F46AA20F5276C001A3003 /* Local */ = {
			isa = PBXGroup;
			children = (
				61ACE5C821309E5E00925265 /* BoatPrefs.swift */,
				61999FFA22A2E8F3003BD037 /* Json.swift */,
				612F46AB20F52776001A3003 /* Keychain.swift */,
				614221B5222C10A700FD1FF3 /* UserSettings.swift */,
				1A6A693739B80A86DFB4EBF9 /* Files.swift */,
			);
			path = Local;
			sourceTree = "<group>";
		};
		612F46B120F64182001A3003 /* Measure */ = {
			isa = PBXGroup;
			children = (
				612F46B420F644B7001A3003 /* Distance.swift */,
				619679FB20FBCF2F00432672 /* Duration.swift */,
				61967A082103CF3E00432672 /* Formatting.swift */,
				612F46B820F66854001A3003 /* Geo.swift */,
				612F46B220F6418B001A3003 /* Speed.swift */,
				612F46B620F646A0001A3003 /* Temperature.swift */,
			);
			path = Measure;
			sourceTree = "<group>";
		};
		613669BA216FDB320043494A /* Notifications */ = {
			isa = PBXGroup;
			children = (
				B09A32BB2D7C84BE000962EF /* BoatLiveActivities.swift */,
				613669B6216FDAD10043494A /* BoatNotifications.swift */,
				613669BB216FDB3E0043494A /* notificationModels.swift */,
			);
			path = Notifications;
			sourceTree = "<group>";
		};
		619679E920F78B4800432672 /* Maps */ = {
			isa = PBXGroup;
			children = (
				61BCBE7E2208CC1C00EE74EB /* Layers.swift */,
				619679F120FB39CF00432672 /* MapEvents.swift */,
				619679EA20F78B5900432672 /* MapMode.swift */,
			);
			path = Maps;
			sourceTree = "<group>";
		};
		619679EC20F89F6300432672 /* Auth */ = {
			isa = PBXGroup;
			children = (
				7DDBA9A627773D3900108B24 /* AppleAuth.swift */,
				7D045D69265A54A300B92EE8 /* Auth.swift */,
				7D2CC0F2264D6EBD0091E05C /* MicrosoftAuth.swift */,
				61DCDA3B21D02693009A75EB /* BoatGoogleAuth.swift */,
			);
			path = Auth;
			sourceTree = "<group>";
		};
		61967A052103CAF200432672 /* Styles */ = {
			isa = PBXGroup;
			children = (
				61967A062103CAFD00432672 /* BoatColors.swift */,
			);
			path = Styles;
			sourceTree = "<group>";
		};
		6199E0E620F2319700A4009A /* ViewModels */ = {
			isa = PBXGroup;
			children = (
				61BCBE7A220768AB00EE74EB /* AISState.swift */,
				61F4199021206A5600B1ED7D /* AttributionModels.swift */,
				61832AAD220B69D400413FD0 /* TapListener.swift */,
				613E82CF21A0789000D3C412 /* TimeFormatter.swift */,
				619679F920FBCDB100432672 /* TrackModels.swift */,
			);
			path = ViewModels;
			sourceTree = "<group>";
		};
		6199E0E720F2324400A4009A /* Views */ = {
			isa = PBXGroup;
			children = (
				61F4199221206C4C00B1ED7D /* AttributionsView.swift */,
				B0C59819291ED81E00439237 /* authViews.swift */,
				61DE7F4420F3E6D100C95B3F /* AuthVM.swift */,
				B03F58A22940FEC0006B5DC1 /* BoatList.swift */,
				B0799D622A3636E200925784 /* BoatPreviews.swift */,
				B0485D5F292414AE005A1FC5 /* BoatTokensView.swift */,
				B0799D662A3640AE00925784 /* BoatTokensViewModel.swift */,
				B052E838292AA5FE00C09B89 /* ChartsView.swift */,
				B052E836292A360F00C09B89 /* EditDialog.swift */,
				B0799D642A363CF100925784 /* extensions.swift */,
				B02A812D2922C46900848949 /* LanguageView.swift */,
				B03BC559290D31EE00BA38EF /* MainMapView.swift */,
				61DE7F4A20F3ED3900C95B3F /* MapButtonView.swift */,
				B02EC50D2909B41A00D21793 /* MapViewModel.swift */,
				B0485D6129256907005A1FC5 /* PeriodStatView.swift */,
				B03F58A4294287FF006B5DC1 /* popupViews.swift */,
				B0C5981F2920EF8300439237 /* ProfileView.swift */,
				B0799D682A36492000925784 /* ProfileVM.swift */,
				B03383B22928E3D800974FFE /* StatsView.swift */,
				B0C598212920F02900439237 /* TrackSummaryView.swift */,
				B052E832292A286E00C09B89 /* TracksView.swift */,
				B052E834292A2BEB00C09B89 /* TrackView.swift */,
				61ACE5C62130956A00925265 /* WelcomeSignedIn.swift */,
				B01EE5972B13466500BBB8DA /* views.swift */,
			);
			path = Views;
			sourceTree = "<group>";
		};
		6199E0EA20F24DAE00A4009A /* Network */ = {
			isa = PBXGroup;
			children = (
				6199E0F420F2501E00A4009A /* errors.swift */,
				6199E0EB20F24DC700A4009A /* HttpClient.swift */,
				6199E0F020F24F1800A4009A /* HttpResponse.swift */,
			);
			path = Network;
			sourceTree = "<group>";
		};
		6199E0ED20F24EB800A4009A /* Util */ = {
			isa = PBXGroup;
			children = (
				61F4199421206F9200B1ED7D /* Arrays.swift */,
				6199E0F820F25EA100A4009A /* Credentials.swift */,
				613669BD217117390043494A /* generalExtensions.swift */,
				6199E0EE20F24EC300A4009A /* Log.swift */,
				61DE7F4020F2A23100C95B3F /* StringUtils.swift */,
				B0C5981D2920258B00439237 /* Tasks.swift */,
			);
			path = Util;
			sourceTree = "<group>";
		};
		61B07C5320F21DC300D8B7E0 = {
			isa = PBXGroup;
			children = (
				7D15B6E12AE5760100C47F76 /* .github */,
				7D15B6E32AE5761400C47F76 /* fastlane */,
				B01251A62A4582C600A267C9 /* conf.json */,
				7D15B6DF2AE575E600C47F76 /* README.md */,
				B01E79332D4AAC68009EC1CF /* LICENSE */,
				B05D66952A0177BF002E784F /* ci_scripts */,
				61B07C5E20F21DC300D8B7E0 /* BoatTracker */,
				61B07C7320F21DC400D8B7E0 /* BoatTrackerTests */,
				B0D99C742D776BDC000CF3E8 /* BoatWidget */,
				61B07C5D20F21DC300D8B7E0 /* Products */,
				B05A70882AF6498300D0BAF1 /* Frameworks */,
			);
			sourceTree = "<group>";
		};
		61B07C5D20F21DC300D8B7E0 /* Products */ = {
			isa = PBXGroup;
			children = (
				61B07C5C20F21DC300D8B7E0 /* BoatTracker.app */,
				61B07C7020F21DC400D8B7E0 /* BoatTrackerTests.xctest */,
				B0D99C6F2D776BDB000CF3E8 /* BoatWidgetExtension.appex */,
			);
			name = Products;
			sourceTree = "<group>";
		};
		61B07C5E20F21DC300D8B7E0 /* BoatTracker */ = {
			isa = PBXGroup;
			children = (
				61B07C6620F21DC400D8B7E0 /* Assets.xcassets */,
				619679EC20F89F6300432672 /* Auth */,
				61DE7F3D20F29F5800C95B3F /* Backend */,
				61B07C5F20F21DC300D8B7E0 /* BoatApp.swift */,
				613669BF217124560043494A /* BoatTracker.entitlements */,
				1A6A633812206E4A035E56A6 /* Credentials.plist */,
				610EE3D821724C7C0040FBC6 /* FontAwesome */,
				61B07C6B20F21DC400D8B7E0 /* Info.plist */,
				61B07C6820F21DC400D8B7E0 /* LaunchScreen.storyboard */,
				612F46AA20F5276C001A3003 /* Local */,
				619679E920F78B4800432672 /* Maps */,
				612F46B120F64182001A3003 /* Measure */,
				6199E0EA20F24DAE00A4009A /* Network */,
				613669BA216FDB320043494A /* Notifications */,
				B09A32B72D7C832A000962EF /* Shared */,
				61967A052103CAF200432672 /* Styles */,
				6199E0ED20F24EB800A4009A /* Util */,
				6199E0E620F2319700A4009A /* ViewModels */,
				6199E0E720F2324400A4009A /* Views */,
			);
			path = BoatTracker;
			sourceTree = "<group>";
		};
		61B07C7320F21DC400D8B7E0 /* BoatTrackerTests */ = {
			isa = PBXGroup;
			children = (
				61B07C7420F21DC400D8B7E0 /* BoatTrackerTests.swift */,
				61B07C7620F21DC400D8B7E0 /* Info.plist */,
			);
			path = BoatTrackerTests;
			sourceTree = "<group>";
		};
		61DE7F3D20F29F5800C95B3F /* Backend */ = {
			isa = PBXGroup;
			children = (
				B0E232BE2DA98F62005FC113 /* primitives.swift */,
				612F46A520F4AB70001A3003 /* Backend.swift */,
				612F46A120F4A5CF001A3003 /* BoatHttpClient.swift */,
				61DE7F3E20F29F6900C95B3F /* BoatSocket.swift */,
				612F46A320F4A99E001A3003 /* EnvConf.swift */,
				614221B72231778F00FD1FF3 /* httpPayloads.swift */,
				6101D548220F75200051A427 /* languages.swift */,
				61DE7F4220F3AEFC00C95B3F /* models.swift */,
				6173F246228CB10E00A1E9B9 /* routeModels.swift */,
				61999FFC22A3286F003BD037 /* seaModels.swift */,
				7D528E6127B9682F00C55F06 /* WebSocket.swift */,
			);
			path = Backend;
			sourceTree = "<group>";
		};
		7D15B6E32AE5761400C47F76 /* fastlane */ = {
			isa = PBXGroup;
			children = (
				7D15B6E42AE5761400C47F76 /* screenshots */,
				7D15B6FE2AE5761400C47F76 /* Pluginfile */,
				7D15B6FF2AE5761400C47F76 /* Appfile */,
				7D15B7002AE5761400C47F76 /* Deliverfile */,
				7D15B7012AE5761400C47F76 /* Fastfile */,
				7D15B7022AE5761400C47F76 /* README.md */,
				7D15B7032AE5761400C47F76 /* metadata */,
			);
			path = fastlane;
			sourceTree = "<group>";
		};
		7D15B6E42AE5761400C47F76 /* screenshots */ = {
			isa = PBXGroup;
			children = (
				7D15B6E52AE5761400C47F76 /* README.txt */,
				7D15B6E62AE5761400C47F76 /* en-US */,
			);
			path = screenshots;
			sourceTree = "<group>";
		};
		7D15B6E62AE5761400C47F76 /* en-US */ = {
			isa = PBXGroup;
			children = (
				7D15B6E72AE5761400C47F76 /* 1_APP_IPAD_PRO_3GEN_129_1.png */,
				7D15B6E82AE5761400C47F76 /* 4_APP_IPAD_PRO_3GEN_129_4.png */,
				7D15B6E92AE5761400C47F76 /* 1_APP_IPHONE_55_1.png */,
				7D15B6EA2AE5761400C47F76 /* 0_APP_IPHONE_55_0.png */,
				7D15B6EB2AE5761400C47F76 /* 3_APP_IPHONE_55_3.png */,
				7D15B6EC2AE5761400C47F76 /* 0_APP_IPAD_PRO_3GEN_129_0.png */,
				7D15B6ED2AE5761400C47F76 /* 2_APP_IPHONE_55_2.png */,
				7D15B6EE2AE5761400C47F76 /* 5_APP_IPAD_PRO_3GEN_129_5.png */,
				7D15B6EF2AE5761400C47F76 /* 0_APP_IPAD_PRO_129_0.png */,
				7D15B6F02AE5761400C47F76 /* 3_APP_IPAD_PRO_129_3.png */,
				7D15B6F12AE5761400C47F76 /* 3_APP_IPAD_PRO_3GEN_129_3.png */,
				7D15B6F22AE5761400C47F76 /* 2_APP_IPAD_PRO_129_2.png */,
				7D15B6F32AE5761400C47F76 /* 2_APP_IPHONE_65_2.png */,
				7D15B6F42AE5761400C47F76 /* 3_APP_IPHONE_65_3.png */,
				7D15B6F52AE5761400C47F76 /* 0_APP_IPHONE_65_0.png */,
				7D15B6F62AE5761400C47F76 /* 1_APP_IPHONE_65_1.png */,
				7D15B6F72AE5761400C47F76 /* 2_APP_IPAD_PRO_3GEN_129_2.png */,
				7D15B6F82AE5761400C47F76 /* 1_APP_IPAD_PRO_129_1.png */,
				7D15B6F92AE5761400C47F76 /* 4_APP_IPHONE_65_4.png */,
				7D15B6FA2AE5761400C47F76 /* 5_APP_IPHONE_65_5.png */,
			);
			path = "en-US";
			sourceTree = "<group>";
		};
		7D15B7032AE5761400C47F76 /* metadata */ = {
			isa = PBXGroup;
			children = (
				7D15B7042AE5761400C47F76 /* copyright.txt */,
				7D15B7052AE5761400C47F76 /* secondary_first_sub_category.txt */,
				7D15B7062AE5761400C47F76 /* secondary_category.txt */,
				7D15B7072AE5761400C47F76 /* secondary_second_sub_category.txt */,
				7D15B7082AE5761400C47F76 /* primary_second_sub_category.txt */,
				7D15B7092AE5761400C47F76 /* review_information */,
				7D15B7112AE5761400C47F76 /* primary_first_sub_category.txt */,
				7D15B7122AE5761400C47F76 /* en-US */,
				7D15B71D2AE5761400C47F76 /* primary_category.txt */,
			);
			path = metadata;
			sourceTree = "<group>";
		};
		7D15B7092AE5761400C47F76 /* review_information */ = {
			isa = PBXGroup;
			children = (
				7D15B70A2AE5761400C47F76 /* phone_number.txt */,
				7D15B70B2AE5761400C47F76 /* demo_user.txt */,
				7D15B70C2AE5761400C47F76 /* notes.txt */,
				7D15B70D2AE5761400C47F76 /* email_address.txt */,
				7D15B70E2AE5761400C47F76 /* last_name.txt */,
				7D15B70F2AE5761400C47F76 /* first_name.txt */,
				7D15B7102AE5761400C47F76 /* demo_password.txt */,
			);
			path = review_information;
			sourceTree = "<group>";
		};
		7D15B7122AE5761400C47F76 /* en-US */ = {
			isa = PBXGroup;
			children = (
				7D15B7132AE5761400C47F76 /* privacy_url.txt */,
				7D15B7142AE5761400C47F76 /* subtitle.txt */,
				7D15B7152AE5761400C47F76 /* support_url.txt */,
				7D15B7162AE5761400C47F76 /* keywords.txt */,
				7D15B7172AE5761400C47F76 /* apple_tv_privacy_policy.txt */,
				7D15B7182AE5761400C47F76 /* promotional_text.txt */,
				7D15B7192AE5761400C47F76 /* release_notes.txt */,
				7D15B71A2AE5761400C47F76 /* name.txt */,
				7D15B71B2AE5761400C47F76 /* marketing_url.txt */,
				7D15B71C2AE5761400C47F76 /* description.txt */,
			);
			path = "en-US";
			sourceTree = "<group>";
		};
		B05A70882AF6498300D0BAF1 /* Frameworks */ = {
			isa = PBXGroup;
			children = (
				B0D99C702D776BDB000CF3E8 /* WidgetKit.framework */,
				B0D99C722D776BDC000CF3E8 /* SwiftUI.framework */,
			);
			name = Frameworks;
			sourceTree = "<group>";
		};
		B05D66952A0177BF002E784F /* ci_scripts */ = {
			isa = PBXGroup;
			children = (
				B05D66962A01780B002E784F /* ci_post_clone.sh */,
			);
			path = ci_scripts;
			sourceTree = "<group>";
		};
		B09A32B72D7C832A000962EF /* Shared */ = {
			isa = PBXGroup;
			children = (
				B09A32B82D7C8360000962EF /* BoatWidgetAttributes.swift */,
			);
			path = Shared;
			sourceTree = "<group>";
		};
/* End PBXGroup section */

/* Begin PBXNativeTarget section */
		61B07C5B20F21DC300D8B7E0 /* BoatTracker */ = {
			isa = PBXNativeTarget;
			buildConfigurationList = 61B07C8420F21DC500D8B7E0 /* Build configuration list for PBXNativeTarget "BoatTracker" */;
			buildPhases = (
				61B07C5820F21DC300D8B7E0 /* Sources */,
				61B07C5920F21DC300D8B7E0 /* Frameworks */,
				61B07C5A20F21DC300D8B7E0 /* Resources */,
				B0D99C812D776BDD000CF3E8 /* Embed Foundation Extensions */,
			);
			buildRules = (
			);
			dependencies = (
				B0D99C7F2D776BDD000CF3E8 /* PBXTargetDependency */,
			);
			name = BoatTracker;
			packageProductDependencies = (
				7D175C4C27BD85AE0050E29B /* MSAL */,
				7D175C5227BD876F0050E29B /* GoogleSignIn */,
				B05A70892AF6498300D0BAF1 /* DGCharts */,
				7DAE8A802C8C392600FB797E /* Algorithms */,
				B01E79362D4AAED3009EC1CF /* MapboxMaps */,
			);
			productName = BoatTracker;
			productReference = 61B07C5C20F21DC300D8B7E0 /* BoatTracker.app */;
			productType = "com.apple.product-type.application";
		};
		61B07C6F20F21DC400D8B7E0 /* BoatTrackerTests */ = {
			isa = PBXNativeTarget;
			buildConfigurationList = 61B07C8720F21DC500D8B7E0 /* Build configuration list for PBXNativeTarget "BoatTrackerTests" */;
			buildPhases = (
				61B07C6C20F21DC400D8B7E0 /* Sources */,
				61B07C6D20F21DC400D8B7E0 /* Frameworks */,
				61B07C6E20F21DC400D8B7E0 /* Resources */,
			);
			buildRules = (
			);
			dependencies = (
				61B07C7220F21DC400D8B7E0 /* PBXTargetDependency */,
			);
			name = BoatTrackerTests;
			productName = BoatTrackerTests;
			productReference = 61B07C7020F21DC400D8B7E0 /* BoatTrackerTests.xctest */;
			productType = "com.apple.product-type.bundle.unit-test";
		};
		B0D99C6E2D776BDB000CF3E8 /* BoatWidgetExtension */ = {
			isa = PBXNativeTarget;
			buildConfigurationList = B0D99C852D776BDD000CF3E8 /* Build configuration list for PBXNativeTarget "BoatWidgetExtension" */;
			buildPhases = (
				B0D99C6B2D776BDB000CF3E8 /* Sources */,
				B0D99C6C2D776BDB000CF3E8 /* Frameworks */,
				B0D99C6D2D776BDB000CF3E8 /* Resources */,
			);
			buildRules = (
			);
			dependencies = (
			);
			fileSystemSynchronizedGroups = (
				B0D99C742D776BDC000CF3E8 /* BoatWidget */,
			);
			name = BoatWidgetExtension;
			productName = BoatWidgetExtension;
			productReference = B0D99C6F2D776BDB000CF3E8 /* BoatWidgetExtension.appex */;
			productType = "com.apple.product-type.app-extension";
		};
/* End PBXNativeTarget section */

/* Begin PBXProject section */
		61B07C5420F21DC300D8B7E0 /* Project object */ = {
			isa = PBXProject;
			attributes = {
				LastSwiftUpdateCheck = 1620;
				LastUpgradeCheck = 1320;
				ORGANIZATIONNAME = "Michael Skogberg";
				TargetAttributes = {
					61B07C5B20F21DC300D8B7E0 = {
						CreatedOnToolsVersion = 9.3;
						LastSwiftMigration = 1020;
						SystemCapabilities = {
							com.apple.Push = {
								enabled = 1;
							};
							com.apple.SafariKeychain = {
								enabled = 1;
							};
						};
					};
					61B07C6F20F21DC400D8B7E0 = {
						CreatedOnToolsVersion = 9.3;
						LastSwiftMigration = 1020;
						TestTargetID = 61B07C5B20F21DC300D8B7E0;
					};
					B0D99C6E2D776BDB000CF3E8 = {
						CreatedOnToolsVersion = 16.2;
					};
				};
			};
			buildConfigurationList = 61B07C5720F21DC300D8B7E0 /* Build configuration list for PBXProject "BoatTracker" */;
			compatibilityVersion = "Xcode 9.3";
			developmentRegion = en;
			hasScannedForEncodings = 0;
			knownRegions = (
				en,
				Base,
			);
			mainGroup = 61B07C5320F21DC300D8B7E0;
			packageReferences = (
				7D175C4B27BD85AE0050E29B /* XCRemoteSwiftPackageReference "microsoft-authentication-library-for-objc" */,
				7D175C4E27BD87110050E29B /* XCRemoteSwiftPackageReference "Charts" */,
				7D175C5127BD876F0050E29B /* XCRemoteSwiftPackageReference "GoogleSignIn-iOS" */,
				7DAE8A7F2C8C392600FB797E /* XCRemoteSwiftPackageReference "swift-algorithms" */,
				B01E79352D4AAED3009EC1CF /* XCRemoteSwiftPackageReference "mapbox-maps-ios" */,
			);
			productRefGroup = 61B07C5D20F21DC300D8B7E0 /* Products */;
			projectDirPath = "";
			projectRoot = "";
			targets = (
				61B07C5B20F21DC300D8B7E0 /* BoatTracker */,
				61B07C6F20F21DC400D8B7E0 /* BoatTrackerTests */,
				B0D99C6E2D776BDB000CF3E8 /* BoatWidgetExtension */,
			);
		};
/* End PBXProject section */

/* Begin PBXResourcesBuildPhase section */
		61B07C5A20F21DC300D8B7E0 /* Resources */ = {
			isa = PBXResourcesBuildPhase;
			buildActionMask = 2147483647;
			files = (
				7D15B6E02AE575E600C47F76 /* README.md in Resources */,
				61B07C6A20F21DC400D8B7E0 /* LaunchScreen.storyboard in Resources */,
				B01E79342D4AAC68009EC1CF /* LICENSE in Resources */,
				B01251A72A4582C600A267C9 /* conf.json in Resources */,
				7D15B6E22AE5760100C47F76 /* .github in Resources */,
				61B07C6720F21DC400D8B7E0 /* Assets.xcassets in Resources */,
				610EE3E62172524C0040FBC6 /* FontAwesome.ttf in Resources */,
				1A6A675D048DFF6E1E0BE701 /* Credentials.plist in Resources */,
			);
			runOnlyForDeploymentPostprocessing = 0;
		};
		61B07C6E20F21DC400D8B7E0 /* Resources */ = {
			isa = PBXResourcesBuildPhase;
			buildActionMask = 2147483647;
			files = (
			);
			runOnlyForDeploymentPostprocessing = 0;
		};
		B0D99C6D2D776BDB000CF3E8 /* Resources */ = {
			isa = PBXResourcesBuildPhase;
			buildActionMask = 2147483647;
			files = (
			);
			runOnlyForDeploymentPostprocessing = 0;
		};
/* End PBXResourcesBuildPhase section */

/* Begin PBXSourcesBuildPhase section */
		61B07C5820F21DC300D8B7E0 /* Sources */ = {
			isa = PBXSourcesBuildPhase;
			buildActionMask = 2147483647;
			files = (
				7D045D6A265A54A300B92EE8 /* Auth.swift in Sources */,
				61F4199121206A5600B1ED7D /* AttributionModels.swift in Sources */,
				61ACE5C72130956A00925265 /* WelcomeSignedIn.swift in Sources */,
				B0799D692A36492000925784 /* ProfileVM.swift in Sources */,
				610EE3E321724CE10040FBC6 /* String+FontAwesome.swift in Sources */,
				61DE7F3F20F29F6900C95B3F /* BoatSocket.swift in Sources */,
				61999FFB22A2E8F3003BD037 /* Json.swift in Sources */,
				61DE7F4320F3AEFC00C95B3F /* models.swift in Sources */,
				B02EC50E2909B41A00D21793 /* MapViewModel.swift in Sources */,
				B0485D6229256907005A1FC5 /* PeriodStatView.swift in Sources */,
				B09A32BC2D7C84C4000962EF /* BoatLiveActivities.swift in Sources */,
				B052E833292A286E00C09B89 /* TracksView.swift in Sources */,
				61ACE5C921309E5E00925265 /* BoatPrefs.swift in Sources */,
				614221B82231779000FD1FF3 /* httpPayloads.swift in Sources */,
				B0799D652A363CF100925784 /* extensions.swift in Sources */,
				610EE3E421724CE10040FBC6 /* UIImage+FontAwesome.m in Sources */,
				B0799D672A3640AE00925784 /* BoatTokensViewModel.swift in Sources */,
				B052E837292A360F00C09B89 /* EditDialog.swift in Sources */,
				B0485D60292414AE005A1FC5 /* BoatTokensView.swift in Sources */,
				61999FFD22A3286F003BD037 /* seaModels.swift in Sources */,
				B0C5981A291ED81E00439237 /* authViews.swift in Sources */,
				619679F220FB39CF00432672 /* MapEvents.swift in Sources */,
				B0C598202920EF8300439237 /* ProfileView.swift in Sources */,
				B01EE5982B13466500BBB8DA /* views.swift in Sources */,
				6199E0F120F24F1800A4009A /* HttpResponse.swift in Sources */,
				61832AAE220B69D400413FD0 /* TapListener.swift in Sources */,
				7D528E6227B9682F00C55F06 /* WebSocket.swift in Sources */,
				61967A072103CAFD00432672 /* BoatColors.swift in Sources */,
				7D2CC0F3264D6EBD0091E05C /* MicrosoftAuth.swift in Sources */,
				B0C5981E2920258B00439237 /* Tasks.swift in Sources */,
				B09A32B92D7C8366000962EF /* BoatWidgetAttributes.swift in Sources */,
				612F46A620F4AB70001A3003 /* Backend.swift in Sources */,
				61DE7F4520F3E6D100C95B3F /* AuthVM.swift in Sources */,
				6199E0F920F25EA100A4009A /* Credentials.swift in Sources */,
				613E82D021A0789000D3C412 /* TimeFormatter.swift in Sources */,
				B03F58A5294287FF006B5DC1 /* popupViews.swift in Sources */,
				B03F58A32940FEC0006B5DC1 /* BoatList.swift in Sources */,
				61F4199521206F9200B1ED7D /* Arrays.swift in Sources */,
				61BCBE7B220768AB00EE74EB /* AISState.swift in Sources */,
				613669B7216FDAD10043494A /* BoatNotifications.swift in Sources */,
				7DDBA9A727773D3900108B24 /* AppleAuth.swift in Sources */,
				61DE7F4B20F3ED3900C95B3F /* MapButtonView.swift in Sources */,
				B02A812E2922C46900848949 /* LanguageView.swift in Sources */,
				612F46A220F4A5CF001A3003 /* BoatHttpClient.swift in Sources */,
				610EE3E121724CE10040FBC6 /* NSString+FontAwesome.m in Sources */,
				613669BE217117390043494A /* generalExtensions.swift in Sources */,
				6199E0F520F2501E00A4009A /* errors.swift in Sources */,
				619679FA20FBCDB100432672 /* TrackModels.swift in Sources */,
				61BCBE7F2208CC1C00EE74EB /* Layers.swift in Sources */,
				6199E0EF20F24EC300A4009A /* Log.swift in Sources */,
				613669BC216FDB3E0043494A /* notificationModels.swift in Sources */,
				B052E839292AA5FE00C09B89 /* ChartsView.swift in Sources */,
				610EE3E221724CE10040FBC6 /* UIFont+FontAwesome.m in Sources */,
				612F46B320F6418B001A3003 /* Speed.swift in Sources */,
				B0E232BF2DA98F65005FC113 /* primitives.swift in Sources */,
				612F46A420F4A99E001A3003 /* EnvConf.swift in Sources */,
				6199E0EC20F24DC700A4009A /* HttpClient.swift in Sources */,
				612F46B520F644B7001A3003 /* Distance.swift in Sources */,
				B03383B32928E3D800974FFE /* StatsView.swift in Sources */,
				B03BC55A290D31EE00BA38EF /* MainMapView.swift in Sources */,
				61DCDA3C21D02693009A75EB /* BoatGoogleAuth.swift in Sources */,
				619679FC20FBCF2F00432672 /* Duration.swift in Sources */,
				61DE7F4120F2A23100C95B3F /* StringUtils.swift in Sources */,
				61967A092103CF3E00432672 /* Formatting.swift in Sources */,
				61B07C6020F21DC300D8B7E0 /* BoatApp.swift in Sources */,
				612F46B720F646A0001A3003 /* Temperature.swift in Sources */,
				B0C598222920F02900439237 /* TrackSummaryView.swift in Sources */,
				6101D549220F75200051A427 /* languages.swift in Sources */,
				B052E835292A2BEB00C09B89 /* TrackView.swift in Sources */,
				614221B6222C10A700FD1FF3 /* UserSettings.swift in Sources */,
				61F4199321206C4C00B1ED7D /* AttributionsView.swift in Sources */,
				612F46AC20F52776001A3003 /* Keychain.swift in Sources */,
				6173F247228CB10E00A1E9B9 /* routeModels.swift in Sources */,
				612F46B920F66854001A3003 /* Geo.swift in Sources */,
				619679EB20F78B5900432672 /* MapMode.swift in Sources */,
				B0799D632A3636E200925784 /* BoatPreviews.swift in Sources */,
				1A6A6531279059D19746CE2B /* Files.swift in Sources */,
			);
			runOnlyForDeploymentPostprocessing = 0;
		};
		61B07C6C20F21DC400D8B7E0 /* Sources */ = {
			isa = PBXSourcesBuildPhase;
			buildActionMask = 2147483647;
			files = (
				61B07C7520F21DC400D8B7E0 /* BoatTrackerTests.swift in Sources */,
			);
			runOnlyForDeploymentPostprocessing = 0;
		};
		B0D99C6B2D776BDB000CF3E8 /* Sources */ = {
			isa = PBXSourcesBuildPhase;
			buildActionMask = 2147483647;
			files = (
				B0E232C12DA9902D005FC113 /* Formatting.swift in Sources */,
				B0E232C02DA9900B005FC113 /* primitives.swift in Sources */,
				B0E232BB2DA98F2F005FC113 /* Distance.swift in Sources */,
				B0E232BC2DA98F2F005FC113 /* Duration.swift in Sources */,
				B0E232BD2DA98F2F005FC113 /* Speed.swift in Sources */,
				B09A32BA2D7C839E000962EF /* BoatWidgetAttributes.swift in Sources */,
			);
			runOnlyForDeploymentPostprocessing = 0;
		};
/* End PBXSourcesBuildPhase section */

/* Begin PBXTargetDependency section */
		61B07C7220F21DC400D8B7E0 /* PBXTargetDependency */ = {
			isa = PBXTargetDependency;
			target = 61B07C5B20F21DC300D8B7E0 /* BoatTracker */;
			targetProxy = 61B07C7120F21DC400D8B7E0 /* PBXContainerItemProxy */;
		};
		B0D99C7F2D776BDD000CF3E8 /* PBXTargetDependency */ = {
			isa = PBXTargetDependency;
			target = B0D99C6E2D776BDB000CF3E8 /* BoatWidgetExtension */;
			targetProxy = B0D99C7E2D776BDD000CF3E8 /* PBXContainerItemProxy */;
		};
/* End PBXTargetDependency section */

/* Begin PBXVariantGroup section */
		61B07C6820F21DC400D8B7E0 /* LaunchScreen.storyboard */ = {
			isa = PBXVariantGroup;
			children = (
				61B07C6920F21DC400D8B7E0 /* Base */,
			);
			name = LaunchScreen.storyboard;
			sourceTree = "<group>";
		};
/* End PBXVariantGroup section */

/* Begin XCBuildConfiguration section */
		61B07C8220F21DC500D8B7E0 /* Debug */ = {
			isa = XCBuildConfiguration;
			buildSettings = {
				ALWAYS_EMBED_SWIFT_STANDARD_LIBRARIES = NO;
				ALWAYS_SEARCH_USER_PATHS = NO;
				ASSETCATALOG_COMPILER_ALTERNATE_APPICON_NAMES = CarMapAppIcon;
				ASSETCATALOG_COMPILER_INCLUDE_ALL_APPICON_ASSETS = YES;
				CLANG_ANALYZER_NONNULL = YES;
				CLANG_ANALYZER_NUMBER_OBJECT_CONVERSION = YES_AGGRESSIVE;
				CLANG_CXX_LANGUAGE_STANDARD = "gnu++14";
				CLANG_CXX_LIBRARY = "libc++";
				CLANG_ENABLE_MODULES = YES;
				CLANG_ENABLE_OBJC_ARC = YES;
				CLANG_ENABLE_OBJC_WEAK = YES;
				CLANG_WARN_BLOCK_CAPTURE_AUTORELEASING = YES;
				CLANG_WARN_BOOL_CONVERSION = YES;
				CLANG_WARN_COMMA = YES;
				CLANG_WARN_CONSTANT_CONVERSION = YES;
				CLANG_WARN_DEPRECATED_OBJC_IMPLEMENTATIONS = YES;
				CLANG_WARN_DIRECT_OBJC_ISA_USAGE = YES_ERROR;
				CLANG_WARN_DOCUMENTATION_COMMENTS = YES;
				CLANG_WARN_EMPTY_BODY = YES;
				CLANG_WARN_ENUM_CONVERSION = YES;
				CLANG_WARN_INFINITE_RECURSION = YES;
				CLANG_WARN_INT_CONVERSION = YES;
				CLANG_WARN_NON_LITERAL_NULL_CONVERSION = YES;
				CLANG_WARN_OBJC_IMPLICIT_RETAIN_SELF = YES;
				CLANG_WARN_OBJC_LITERAL_CONVERSION = YES;
				CLANG_WARN_OBJC_ROOT_CLASS = YES_ERROR;
				CLANG_WARN_QUOTED_INCLUDE_IN_FRAMEWORK_HEADER = YES;
				CLANG_WARN_RANGE_LOOP_ANALYSIS = YES;
				CLANG_WARN_STRICT_PROTOTYPES = YES;
				CLANG_WARN_SUSPICIOUS_MOVE = YES;
				CLANG_WARN_UNGUARDED_AVAILABILITY = YES_AGGRESSIVE;
				CLANG_WARN_UNREACHABLE_CODE = YES;
				CLANG_WARN__DUPLICATE_METHOD_MATCH = YES;
				CODE_SIGN_IDENTITY = "iPhone Developer";
				COPY_PHASE_STRIP = NO;
				DEBUG_INFORMATION_FORMAT = dwarf;
				ENABLE_STRICT_OBJC_MSGSEND = YES;
				ENABLE_TESTABILITY = YES;
				GCC_C_LANGUAGE_STANDARD = gnu11;
				GCC_DYNAMIC_NO_PIC = NO;
				GCC_NO_COMMON_BLOCKS = YES;
				GCC_OPTIMIZATION_LEVEL = 0;
				GCC_PREPROCESSOR_DEFINITIONS = (
					"DEBUG=1",
					"$(inherited)",
				);
				GCC_WARN_64_TO_32_BIT_CONVERSION = YES;
				GCC_WARN_ABOUT_RETURN_TYPE = YES_ERROR;
				GCC_WARN_UNDECLARED_SELECTOR = YES;
				GCC_WARN_UNINITIALIZED_AUTOS = YES_AGGRESSIVE;
				GCC_WARN_UNUSED_FUNCTION = YES;
				GCC_WARN_UNUSED_VARIABLE = YES;
				IPHONEOS_DEPLOYMENT_TARGET = 15.0;
				MTL_ENABLE_DEBUG_INFO = YES;
				ONLY_ACTIVE_ARCH = YES;
				SDKROOT = iphoneos;
				SWIFT_ACTIVE_COMPILATION_CONDITIONS = DEBUG;
				SWIFT_OPTIMIZATION_LEVEL = "-Onone";
			};
			name = Debug;
		};
		61B07C8320F21DC500D8B7E0 /* Release */ = {
			isa = XCBuildConfiguration;
			buildSettings = {
				ALWAYS_EMBED_SWIFT_STANDARD_LIBRARIES = NO;
				ALWAYS_SEARCH_USER_PATHS = NO;
				ASSETCATALOG_COMPILER_ALTERNATE_APPICON_NAMES = CarMapAppIcon;
				ASSETCATALOG_COMPILER_INCLUDE_ALL_APPICON_ASSETS = YES;
				CLANG_ANALYZER_NONNULL = YES;
				CLANG_ANALYZER_NUMBER_OBJECT_CONVERSION = YES_AGGRESSIVE;
				CLANG_CXX_LANGUAGE_STANDARD = "gnu++14";
				CLANG_CXX_LIBRARY = "libc++";
				CLANG_ENABLE_MODULES = YES;
				CLANG_ENABLE_OBJC_ARC = YES;
				CLANG_ENABLE_OBJC_WEAK = YES;
				CLANG_WARN_BLOCK_CAPTURE_AUTORELEASING = YES;
				CLANG_WARN_BOOL_CONVERSION = YES;
				CLANG_WARN_COMMA = YES;
				CLANG_WARN_CONSTANT_CONVERSION = YES;
				CLANG_WARN_DEPRECATED_OBJC_IMPLEMENTATIONS = YES;
				CLANG_WARN_DIRECT_OBJC_ISA_USAGE = YES_ERROR;
				CLANG_WARN_DOCUMENTATION_COMMENTS = YES;
				CLANG_WARN_EMPTY_BODY = YES;
				CLANG_WARN_ENUM_CONVERSION = YES;
				CLANG_WARN_INFINITE_RECURSION = YES;
				CLANG_WARN_INT_CONVERSION = YES;
				CLANG_WARN_NON_LITERAL_NULL_CONVERSION = YES;
				CLANG_WARN_OBJC_IMPLICIT_RETAIN_SELF = YES;
				CLANG_WARN_OBJC_LITERAL_CONVERSION = YES;
				CLANG_WARN_OBJC_ROOT_CLASS = YES_ERROR;
				CLANG_WARN_QUOTED_INCLUDE_IN_FRAMEWORK_HEADER = YES;
				CLANG_WARN_RANGE_LOOP_ANALYSIS = YES;
				CLANG_WARN_STRICT_PROTOTYPES = YES;
				CLANG_WARN_SUSPICIOUS_MOVE = YES;
				CLANG_WARN_UNGUARDED_AVAILABILITY = YES_AGGRESSIVE;
				CLANG_WARN_UNREACHABLE_CODE = YES;
				CLANG_WARN__DUPLICATE_METHOD_MATCH = YES;
				CODE_SIGN_IDENTITY = "iPhone Developer";
				COPY_PHASE_STRIP = NO;
				DEBUG_INFORMATION_FORMAT = "dwarf-with-dsym";
				ENABLE_NS_ASSERTIONS = NO;
				ENABLE_STRICT_OBJC_MSGSEND = YES;
				GCC_C_LANGUAGE_STANDARD = gnu11;
				GCC_NO_COMMON_BLOCKS = YES;
				GCC_WARN_64_TO_32_BIT_CONVERSION = YES;
				GCC_WARN_ABOUT_RETURN_TYPE = YES_ERROR;
				GCC_WARN_UNDECLARED_SELECTOR = YES;
				GCC_WARN_UNINITIALIZED_AUTOS = YES_AGGRESSIVE;
				GCC_WARN_UNUSED_FUNCTION = YES;
				GCC_WARN_UNUSED_VARIABLE = YES;
				IPHONEOS_DEPLOYMENT_TARGET = 15.0;
				MTL_ENABLE_DEBUG_INFO = NO;
				SDKROOT = iphoneos;
				SWIFT_COMPILATION_MODE = wholemodule;
				SWIFT_OPTIMIZATION_LEVEL = "-O";
				VALIDATE_PRODUCT = YES;
			};
			name = Release;
		};
		61B07C8520F21DC500D8B7E0 /* Debug */ = {
			isa = XCBuildConfiguration;
			buildSettings = {
				ASSETCATALOG_COMPILER_ALTERNATE_APPICON_NAMES = CarMapAppIcon;
				ASSETCATALOG_COMPILER_APPICON_NAME = AppIcon;
				ASSETCATALOG_COMPILER_INCLUDE_ALL_APPICON_ASSETS = YES;
				CLANG_ENABLE_MODULES = YES;
				CODE_SIGN_ENTITLEMENTS = BoatTracker/BoatTracker.entitlements;
				CODE_SIGN_IDENTITY = "iPhone Distribution";
				CODE_SIGN_STYLE = Manual;
				CURRENT_PROJECT_VERSION = 15;
				DEVELOPMENT_TEAM = D2T2QC36Z9;
				"DEVELOPMENT_TEAM[sdk=iphoneos*]" = D2T2QC36Z9;
				INFOPLIST_FILE = BoatTracker/Info.plist;
				IPHONEOS_DEPLOYMENT_TARGET = 15.0;
				LD_RUNPATH_SEARCH_PATHS = (
					"$(inherited)",
					"@executable_path/Frameworks",
				);
				MARKETING_VERSION = 1.47.69;
				PRODUCT_BUNDLE_IDENTIFIER = com.malliina.BoatTracker;
				PRODUCT_NAME = "$(TARGET_NAME)";
				PROVISIONING_PROFILE_SPECIFIER = "com.malliina.BoatTracker AppStore";
				SWIFT_OBJC_BRIDGING_HEADER = "BoatTracker/FontAwesome/BoatTracker-Bridging-Header.h";
				SWIFT_OPTIMIZATION_LEVEL = "-Onone";
				SWIFT_VERSION = 5.0;
				TARGETED_DEVICE_FAMILY = "1,2";
			};
			name = Debug;
		};
		61B07C8620F21DC500D8B7E0 /* Release */ = {
			isa = XCBuildConfiguration;
			buildSettings = {
				ASSETCATALOG_COMPILER_ALTERNATE_APPICON_NAMES = CarMapAppIcon;
				ASSETCATALOG_COMPILER_APPICON_NAME = AppIcon;
				ASSETCATALOG_COMPILER_INCLUDE_ALL_APPICON_ASSETS = YES;
				CLANG_ENABLE_MODULES = YES;
				CODE_SIGN_ENTITLEMENTS = BoatTracker/BoatTracker.entitlements;
				CODE_SIGN_IDENTITY = "iPhone Distribution";
				CODE_SIGN_STYLE = Manual;
				CURRENT_PROJECT_VERSION = 15;
				DEVELOPMENT_TEAM = D2T2QC36Z9;
				"DEVELOPMENT_TEAM[sdk=iphoneos*]" = D2T2QC36Z9;
				INFOPLIST_FILE = BoatTracker/Info.plist;
				IPHONEOS_DEPLOYMENT_TARGET = 15.0;
				LD_RUNPATH_SEARCH_PATHS = (
					"$(inherited)",
					"@executable_path/Frameworks",
				);
				MARKETING_VERSION = 1.47.69;
				PRODUCT_BUNDLE_IDENTIFIER = com.malliina.BoatTracker;
				PRODUCT_NAME = "$(TARGET_NAME)";
				PROVISIONING_PROFILE_SPECIFIER = "com.malliina.BoatTracker AppStore";
				SWIFT_OBJC_BRIDGING_HEADER = "BoatTracker/FontAwesome/BoatTracker-Bridging-Header.h";
				SWIFT_VERSION = 5.0;
				TARGETED_DEVICE_FAMILY = "1,2";
			};
			name = Release;
		};
		61B07C8820F21DC500D8B7E0 /* Debug */ = {
			isa = XCBuildConfiguration;
			buildSettings = {
				ALWAYS_EMBED_SWIFT_STANDARD_LIBRARIES = "$(inherited)";
				BUNDLE_LOADER = "$(TEST_HOST)";
				CODE_SIGN_STYLE = Automatic;
				DEVELOPMENT_TEAM = D2T2QC36Z9;
				INFOPLIST_FILE = BoatTrackerTests/Info.plist;
				LD_RUNPATH_SEARCH_PATHS = (
					"$(inherited)",
					"@executable_path/Frameworks",
					"@loader_path/Frameworks",
				);
				MARKETING_VERSION = 1.47.69;
				PRODUCT_BUNDLE_IDENTIFIER = com.malliina.BoatTrackerTests;
				PRODUCT_NAME = "$(TARGET_NAME)";
				SWIFT_VERSION = 5.0;
				TARGETED_DEVICE_FAMILY = "1,2";
				TEST_HOST = "$(BUILT_PRODUCTS_DIR)/BoatTracker.app/BoatTracker";
			};
			name = Debug;
		};
		61B07C8920F21DC500D8B7E0 /* Release */ = {
			isa = XCBuildConfiguration;
			buildSettings = {
				ALWAYS_EMBED_SWIFT_STANDARD_LIBRARIES = "$(inherited)";
				BUNDLE_LOADER = "$(TEST_HOST)";
				CODE_SIGN_STYLE = Automatic;
				DEVELOPMENT_TEAM = D2T2QC36Z9;
				INFOPLIST_FILE = BoatTrackerTests/Info.plist;
				LD_RUNPATH_SEARCH_PATHS = (
					"$(inherited)",
					"@executable_path/Frameworks",
					"@loader_path/Frameworks",
				);
				MARKETING_VERSION = 1.47.69;
				PRODUCT_BUNDLE_IDENTIFIER = com.malliina.BoatTrackerTests;
				PRODUCT_NAME = "$(TARGET_NAME)";
				SWIFT_VERSION = 5.0;
				TARGETED_DEVICE_FAMILY = "1,2";
				TEST_HOST = "$(BUILT_PRODUCTS_DIR)/BoatTracker.app/BoatTracker";
			};
			name = Release;
		};
		B0D99C822D776BDD000CF3E8 /* Debug */ = {
			isa = XCBuildConfiguration;
			buildSettings = {
				ASSETCATALOG_COMPILER_GENERATE_SWIFT_ASSET_SYMBOL_EXTENSIONS = YES;
				ASSETCATALOG_COMPILER_GLOBAL_ACCENT_COLOR_NAME = AccentColor;
				ASSETCATALOG_COMPILER_WIDGET_BACKGROUND_COLOR_NAME = WidgetBackground;
				CLANG_CXX_LANGUAGE_STANDARD = "gnu++20";
				CODE_SIGN_IDENTITY = "Apple Development";
				"CODE_SIGN_IDENTITY[sdk=iphoneos*]" = "iPhone Distribution";
				CODE_SIGN_STYLE = Manual;
				CURRENT_PROJECT_VERSION = 15;
				DEVELOPMENT_TEAM = "";
				"DEVELOPMENT_TEAM[sdk=iphoneos*]" = D2T2QC36Z9;
				ENABLE_USER_SCRIPT_SANDBOXING = YES;
				GCC_C_LANGUAGE_STANDARD = gnu17;
				GENERATE_INFOPLIST_FILE = YES;
				INFOPLIST_FILE = BoatWidget/Info.plist;
				INFOPLIST_KEY_CFBundleDisplayName = BoatWidget;
				INFOPLIST_KEY_NSHumanReadableCopyright = "Copyright © 2025 Michael Skogberg. All rights reserved.";
				IPHONEOS_DEPLOYMENT_TARGET = 18.2;
				LD_RUNPATH_SEARCH_PATHS = (
					"$(inherited)",
					"@executable_path/Frameworks",
					"@executable_path/../../Frameworks",
				);
				LOCALIZATION_PREFERS_STRING_CATALOGS = YES;
				MARKETING_VERSION = 1.47.69;
				MTL_ENABLE_DEBUG_INFO = INCLUDE_SOURCE;
				MTL_FAST_MATH = YES;
				PRODUCT_BUNDLE_IDENTIFIER = com.malliina.BoatTracker.BoatWidget;
				PRODUCT_NAME = "$(TARGET_NAME)";
				PROVISIONING_PROFILE_SPECIFIER = BoatTrackerLiveActivitiesProfile;
				SKIP_INSTALL = YES;
				SWIFT_ACTIVE_COMPILATION_CONDITIONS = "DEBUG $(inherited)";
				SWIFT_EMIT_LOC_STRINGS = YES;
				SWIFT_VERSION = 5.0;
				TARGETED_DEVICE_FAMILY = "1,2";
			};
			name = Debug;
		};
		B0D99C832D776BDD000CF3E8 /* Release */ = {
			isa = XCBuildConfiguration;
			buildSettings = {
				ASSETCATALOG_COMPILER_GENERATE_SWIFT_ASSET_SYMBOL_EXTENSIONS = YES;
				ASSETCATALOG_COMPILER_GLOBAL_ACCENT_COLOR_NAME = AccentColor;
				ASSETCATALOG_COMPILER_WIDGET_BACKGROUND_COLOR_NAME = WidgetBackground;
				CLANG_CXX_LANGUAGE_STANDARD = "gnu++20";
				CODE_SIGN_IDENTITY = "Apple Development";
				"CODE_SIGN_IDENTITY[sdk=iphoneos*]" = "iPhone Distribution";
				CODE_SIGN_STYLE = Manual;
				CURRENT_PROJECT_VERSION = 15;
				DEVELOPMENT_TEAM = "";
				"DEVELOPMENT_TEAM[sdk=iphoneos*]" = D2T2QC36Z9;
				ENABLE_USER_SCRIPT_SANDBOXING = YES;
				GCC_C_LANGUAGE_STANDARD = gnu17;
				GENERATE_INFOPLIST_FILE = YES;
				INFOPLIST_FILE = BoatWidget/Info.plist;
				INFOPLIST_KEY_CFBundleDisplayName = BoatWidget;
				INFOPLIST_KEY_NSHumanReadableCopyright = "Copyright © 2025 Michael Skogberg. All rights reserved.";
				IPHONEOS_DEPLOYMENT_TARGET = 18.2;
				LD_RUNPATH_SEARCH_PATHS = (
					"$(inherited)",
					"@executable_path/Frameworks",
					"@executable_path/../../Frameworks",
				);
				LOCALIZATION_PREFERS_STRING_CATALOGS = YES;
				MARKETING_VERSION = 1.47.69;
				MTL_FAST_MATH = YES;
				PRODUCT_BUNDLE_IDENTIFIER = com.malliina.BoatTracker.BoatWidget;
				PRODUCT_NAME = "$(TARGET_NAME)";
				PROVISIONING_PROFILE_SPECIFIER = BoatTrackerLiveActivitiesProfile;
				SKIP_INSTALL = YES;
				SWIFT_EMIT_LOC_STRINGS = YES;
				SWIFT_VERSION = 5.0;
				TARGETED_DEVICE_FAMILY = "1,2";
			};
			name = Release;
		};
/* End XCBuildConfiguration section */

/* Begin XCConfigurationList section */
		61B07C5720F21DC300D8B7E0 /* Build configuration list for PBXProject "BoatTracker" */ = {
			isa = XCConfigurationList;
			buildConfigurations = (
				61B07C8220F21DC500D8B7E0 /* Debug */,
				61B07C8320F21DC500D8B7E0 /* Release */,
			);
			defaultConfigurationIsVisible = 0;
			defaultConfigurationName = Release;
		};
		61B07C8420F21DC500D8B7E0 /* Build configuration list for PBXNativeTarget "BoatTracker" */ = {
			isa = XCConfigurationList;
			buildConfigurations = (
				61B07C8520F21DC500D8B7E0 /* Debug */,
				61B07C8620F21DC500D8B7E0 /* Release */,
			);
			defaultConfigurationIsVisible = 0;
			defaultConfigurationName = Release;
		};
		61B07C8720F21DC500D8B7E0 /* Build configuration list for PBXNativeTarget "BoatTrackerTests" */ = {
			isa = XCConfigurationList;
			buildConfigurations = (
				61B07C8820F21DC500D8B7E0 /* Debug */,
				61B07C8920F21DC500D8B7E0 /* Release */,
			);
			defaultConfigurationIsVisible = 0;
			defaultConfigurationName = Release;
		};
		B0D99C852D776BDD000CF3E8 /* Build configuration list for PBXNativeTarget "BoatWidgetExtension" */ = {
			isa = XCConfigurationList;
			buildConfigurations = (
				B0D99C822D776BDD000CF3E8 /* Debug */,
				B0D99C832D776BDD000CF3E8 /* Release */,
			);
			defaultConfigurationIsVisible = 0;
			defaultConfigurationName = Release;
		};
/* End XCConfigurationList section */

/* Begin XCRemoteSwiftPackageReference section */
		7D175C4B27BD85AE0050E29B /* XCRemoteSwiftPackageReference "microsoft-authentication-library-for-objc" */ = {
			isa = XCRemoteSwiftPackageReference;
			repositoryURL = "https://github.com/AzureAD/microsoft-authentication-library-for-objc";
			requirement = {
				kind = exactVersion;
				version = 1.6.3;
			};
		};
		7D175C4E27BD87110050E29B /* XCRemoteSwiftPackageReference "Charts" */ = {
			isa = XCRemoteSwiftPackageReference;
			repositoryURL = "https://github.com/danielgindi/Charts.git";
			requirement = {
				kind = exactVersion;
				version = 5.1.0;
			};
		};
		7D175C5127BD876F0050E29B /* XCRemoteSwiftPackageReference "GoogleSignIn-iOS" */ = {
			isa = XCRemoteSwiftPackageReference;
			repositoryURL = "https://github.com/google/GoogleSignIn-iOS";
			requirement = {
				kind = exactVersion;
				version = 8.0.0;
			};
		};
		7DAE8A7F2C8C392600FB797E /* XCRemoteSwiftPackageReference "swift-algorithms" */ = {
			isa = XCRemoteSwiftPackageReference;
			repositoryURL = "https://github.com/apple/swift-algorithms.git";
			requirement = {
				kind = exactVersion;
				version = 1.2.0;
			};
		};
		B01E79352D4AAED3009EC1CF /* XCRemoteSwiftPackageReference "mapbox-maps-ios" */ = {
			isa = XCRemoteSwiftPackageReference;
			repositoryURL = "https://github.com/mapbox/mapbox-maps-ios.git";
			requirement = {
				kind = exactVersion;
				version = 11.9.1;
			};
		};
/* End XCRemoteSwiftPackageReference section */

/* Begin XCSwiftPackageProductDependency section */
		7D175C4C27BD85AE0050E29B /* MSAL */ = {
			isa = XCSwiftPackageProductDependency;
			package = 7D175C4B27BD85AE0050E29B /* XCRemoteSwiftPackageReference "microsoft-authentication-library-for-objc" */;
			productName = MSAL;
		};
		7D175C5227BD876F0050E29B /* GoogleSignIn */ = {
			isa = XCSwiftPackageProductDependency;
			package = 7D175C5127BD876F0050E29B /* XCRemoteSwiftPackageReference "GoogleSignIn-iOS" */;
			productName = GoogleSignIn;
		};
		7DAE8A802C8C392600FB797E /* Algorithms */ = {
			isa = XCSwiftPackageProductDependency;
			package = 7DAE8A7F2C8C392600FB797E /* XCRemoteSwiftPackageReference "swift-algorithms" */;
			productName = Algorithms;
		};
		B01E79362D4AAED3009EC1CF /* MapboxMaps */ = {
			isa = XCSwiftPackageProductDependency;
			package = B01E79352D4AAED3009EC1CF /* XCRemoteSwiftPackageReference "mapbox-maps-ios" */;
			productName = MapboxMaps;
		};
		B05A70892AF6498300D0BAF1 /* DGCharts */ = {
			isa = XCSwiftPackageProductDependency;
			package = 7D175C4E27BD87110050E29B /* XCRemoteSwiftPackageReference "Charts" */;
			productName = DGCharts;
		};
/* End XCSwiftPackageProductDependency section */
	};
	rootObject = 61B07C5420F21DC300D8B7E0 /* Project object */;
}
