// !$*UTF8*$!
{
	archiveVersion = 1;
	classes = {
	};
	objectVersion = 52;
	objects = {

/* Begin PBXBuildFile section */
		1A6A64ED37477C4AB5916AF5 /* SelectLanguageUI.swift in Sources */ = {isa = PBXBuildFile; fileRef = 1A6A6F29FF0942BF01A10434 /* SelectLanguageUI.swift */; };
		1A6A6531279059D19746CE2B /* Files.swift in Sources */ = {isa = PBXBuildFile; fileRef = 1A6A693739B80A86DFB4EBF9 /* Files.swift */; };
		1A6A675D048DFF6E1E0BE701 /* Credentials.plist in Resources */ = {isa = PBXBuildFile; fileRef = 1A6A633812206E4A035E56A6 /* Credentials.plist */; };
		6101D549220F75200051A427 /* languages.swift in Sources */ = {isa = PBXBuildFile; fileRef = 6101D548220F75200051A427 /* languages.swift */; };
		6101D54B221057340051A427 /* mapCallouts.swift in Sources */ = {isa = PBXBuildFile; fileRef = 6101D54A221057340051A427 /* mapCallouts.swift */; };
		6101D54D221057530051A427 /* BoatCallout.swift in Sources */ = {isa = PBXBuildFile; fileRef = 6101D54C221057530051A427 /* BoatCallout.swift */; };
		6106448A21FDBC8300C9ED0D /* vesselAnnotation.swift in Sources */ = {isa = PBXBuildFile; fileRef = 6106448921FDBC8300C9ED0D /* vesselAnnotation.swift */; };
		610EE3E121724CE10040FBC6 /* NSString+FontAwesome.m in Sources */ = {isa = PBXBuildFile; fileRef = 610EE3DA21724CDF0040FBC6 /* NSString+FontAwesome.m */; };
		610EE3E221724CE10040FBC6 /* UIFont+FontAwesome.m in Sources */ = {isa = PBXBuildFile; fileRef = 610EE3DB21724CDF0040FBC6 /* UIFont+FontAwesome.m */; };
		610EE3E321724CE10040FBC6 /* String+FontAwesome.swift in Sources */ = {isa = PBXBuildFile; fileRef = 610EE3DC21724CE00040FBC6 /* String+FontAwesome.swift */; };
		610EE3E421724CE10040FBC6 /* UIImage+FontAwesome.m in Sources */ = {isa = PBXBuildFile; fileRef = 610EE3DD21724CE00040FBC6 /* UIImage+FontAwesome.m */; };
		610EE3E62172524C0040FBC6 /* FontAwesome.ttf in Resources */ = {isa = PBXBuildFile; fileRef = 610EE3E52172524C0040FBC6 /* FontAwesome.ttf */; };
		612F46A220F4A5CF001A3003 /* BoatHttpClient.swift in Sources */ = {isa = PBXBuildFile; fileRef = 612F46A120F4A5CF001A3003 /* BoatHttpClient.swift */; };
		612F46A420F4A99E001A3003 /* EnvConf.swift in Sources */ = {isa = PBXBuildFile; fileRef = 612F46A320F4A99E001A3003 /* EnvConf.swift */; };
		612F46A620F4AB70001A3003 /* Backend.swift in Sources */ = {isa = PBXBuildFile; fileRef = 612F46A520F4AB70001A3003 /* Backend.swift */; };
		612F46AC20F52776001A3003 /* Keychain.swift in Sources */ = {isa = PBXBuildFile; fileRef = 612F46AB20F52776001A3003 /* Keychain.swift */; };
		612F46B020F551CB001A3003 /* viewControllerExt.swift in Sources */ = {isa = PBXBuildFile; fileRef = 612F46AF20F551CB001A3003 /* viewControllerExt.swift */; };
		612F46B320F6418B001A3003 /* Speed.swift in Sources */ = {isa = PBXBuildFile; fileRef = 612F46B220F6418B001A3003 /* Speed.swift */; };
		612F46B520F644B7001A3003 /* Distance.swift in Sources */ = {isa = PBXBuildFile; fileRef = 612F46B420F644B7001A3003 /* Distance.swift */; };
		612F46B720F646A0001A3003 /* Temperature.swift in Sources */ = {isa = PBXBuildFile; fileRef = 612F46B620F646A0001A3003 /* Temperature.swift */; };
		612F46B920F66854001A3003 /* Geo.swift in Sources */ = {isa = PBXBuildFile; fileRef = 612F46B820F66854001A3003 /* Geo.swift */; };
		613669B5216A98560043494A /* BoatSwitch.swift in Sources */ = {isa = PBXBuildFile; fileRef = 613669B4216A98560043494A /* BoatSwitch.swift */; };
		613669B7216FDAD10043494A /* BoatNotifications.swift in Sources */ = {isa = PBXBuildFile; fileRef = 613669B6216FDAD10043494A /* BoatNotifications.swift */; };
		613669BC216FDB3E0043494A /* notificationModels.swift in Sources */ = {isa = PBXBuildFile; fileRef = 613669BB216FDB3E0043494A /* notificationModels.swift */; };
		613669BE217117390043494A /* generalExtensions.swift in Sources */ = {isa = PBXBuildFile; fileRef = 613669BD217117390043494A /* generalExtensions.swift */; };
		613D174B22F5B0DD008D8E80 /* StatsVC.swift in Sources */ = {isa = PBXBuildFile; fileRef = 613D174A22F5B0DD008D8E80 /* StatsVC.swift */; };
		613D174D22F5F7D7008D8E80 /* PeriodStatCell.swift in Sources */ = {isa = PBXBuildFile; fileRef = 613D174C22F5F7D7008D8E80 /* PeriodStatCell.swift */; };
		613D5D242220AC0A003FF8EB /* viewModels.swift in Sources */ = {isa = PBXBuildFile; fileRef = 613D5D232220AC09003FF8EB /* viewModels.swift */; };
		613E82D021A0789000D3C412 /* ChartsVC.swift in Sources */ = {isa = PBXBuildFile; fileRef = 613E82CF21A0789000D3C412 /* ChartsVC.swift */; };
		614221B4222B094900FD1FF3 /* SelectLanguageVC.swift in Sources */ = {isa = PBXBuildFile; fileRef = 614221B3222B094900FD1FF3 /* SelectLanguageVC.swift */; };
		614221B6222C10A700FD1FF3 /* UserSettings.swift in Sources */ = {isa = PBXBuildFile; fileRef = 614221B5222C10A700FD1FF3 /* UserSettings.swift */; };
		614221B82231779000FD1FF3 /* httpPayloads.swift in Sources */ = {isa = PBXBuildFile; fileRef = 614221B72231778F00FD1FF3 /* httpPayloads.swift */; };
		6171906B212CA06900337B0B /* BoatTokenCell.swift in Sources */ = {isa = PBXBuildFile; fileRef = 6171906A212CA06900337B0B /* BoatTokenCell.swift */; };
		6173F247228CB10E00A1E9B9 /* routeModels.swift in Sources */ = {isa = PBXBuildFile; fileRef = 6173F246228CB10E00A1E9B9 /* routeModels.swift */; };
		6173F249228CB99000A1E9B9 /* PathFinder.swift in Sources */ = {isa = PBXBuildFile; fileRef = 6173F248228CB99000A1E9B9 /* PathFinder.swift */; };
		61832AAE220B69D400413FD0 /* TapListener.swift in Sources */ = {isa = PBXBuildFile; fileRef = 61832AAD220B69D400413FD0 /* TapListener.swift */; };
		619679EB20F78B5900432672 /* MapMode.swift in Sources */ = {isa = PBXBuildFile; fileRef = 619679EA20F78B5900432672 /* MapMode.swift */; };
		619679F220FB39CF00432672 /* MapEvents.swift in Sources */ = {isa = PBXBuildFile; fileRef = 619679F120FB39CF00432672 /* MapEvents.swift */; };
		619679F620FBBA3A00432672 /* BoatCell.swift in Sources */ = {isa = PBXBuildFile; fileRef = 619679F520FBBA3A00432672 /* BoatCell.swift */; };
		619679F820FBBB4D00432672 /* StatCell.swift in Sources */ = {isa = PBXBuildFile; fileRef = 619679F720FBBB4D00432672 /* StatCell.swift */; };
		619679FA20FBCDB100432672 /* TrackListVC.swift in Sources */ = {isa = PBXBuildFile; fileRef = 619679F920FBCDB100432672 /* TrackListVC.swift */; };
		619679FC20FBCF2F00432672 /* Duration.swift in Sources */ = {isa = PBXBuildFile; fileRef = 619679FB20FBCF2F00432672 /* Duration.swift */; };
		61967A002103BCCF00432672 /* TrackCell.swift in Sources */ = {isa = PBXBuildFile; fileRef = 619679FF2103BCCF00432672 /* TrackCell.swift */; };
		61967A022103C4EE00432672 /* BaseTableVC.swift in Sources */ = {isa = PBXBuildFile; fileRef = 61967A012103C4EE00432672 /* BaseTableVC.swift */; };
		61967A072103CAFD00432672 /* BoatColors.swift in Sources */ = {isa = PBXBuildFile; fileRef = 61967A062103CAFD00432672 /* BoatColors.swift */; };
		61967A092103CF3E00432672 /* Formatting.swift in Sources */ = {isa = PBXBuildFile; fileRef = 61967A082103CF3E00432672 /* Formatting.swift */; };
		61999FFB22A2E8F3003BD037 /* Json.swift in Sources */ = {isa = PBXBuildFile; fileRef = 61999FFA22A2E8F3003BD037 /* Json.swift */; };
		61999FFD22A3286F003BD037 /* seaModels.swift in Sources */ = {isa = PBXBuildFile; fileRef = 61999FFC22A3286F003BD037 /* seaModels.swift */; };
		6199E0E920F2325100A4009A /* BoatLabel.swift in Sources */ = {isa = PBXBuildFile; fileRef = 6199E0E820F2325100A4009A /* BoatLabel.swift */; };
		6199E0EC20F24DC700A4009A /* HttpClient.swift in Sources */ = {isa = PBXBuildFile; fileRef = 6199E0EB20F24DC700A4009A /* HttpClient.swift */; };
		6199E0EF20F24EC300A4009A /* Log.swift in Sources */ = {isa = PBXBuildFile; fileRef = 6199E0EE20F24EC300A4009A /* Log.swift */; };
		6199E0F120F24F1800A4009A /* HttpResponse.swift in Sources */ = {isa = PBXBuildFile; fileRef = 6199E0F020F24F1800A4009A /* HttpResponse.swift */; };
		6199E0F520F2501E00A4009A /* errors.swift in Sources */ = {isa = PBXBuildFile; fileRef = 6199E0F420F2501E00A4009A /* errors.swift */; };
		6199E0F920F25EA100A4009A /* Credentials.swift in Sources */ = {isa = PBXBuildFile; fileRef = 6199E0F820F25EA100A4009A /* Credentials.swift */; };
		61AB2C7F2132A63C009774DC /* viewExt.swift in Sources */ = {isa = PBXBuildFile; fileRef = 61AB2C7E2132A63C009774DC /* viewExt.swift */; };
		61ACE5C72130956A00925265 /* WelcomeSignedIn.swift in Sources */ = {isa = PBXBuildFile; fileRef = 61ACE5C62130956A00925265 /* WelcomeSignedIn.swift */; };
		61ACE5C921309E5E00925265 /* BoatPrefs.swift in Sources */ = {isa = PBXBuildFile; fileRef = 61ACE5C821309E5E00925265 /* BoatPrefs.swift */; };
		61ACE5CB2131667600925265 /* BoatTextView.swift in Sources */ = {isa = PBXBuildFile; fileRef = 61ACE5CA2131667600925265 /* BoatTextView.swift */; };
		61B07C6020F21DC300D8B7E0 /* AppDelegate.swift in Sources */ = {isa = PBXBuildFile; fileRef = 61B07C5F20F21DC300D8B7E0 /* AppDelegate.swift */; };
		61B07C6220F21DC300D8B7E0 /* MapVC.swift in Sources */ = {isa = PBXBuildFile; fileRef = 61B07C6120F21DC300D8B7E0 /* MapVC.swift */; };
		61B07C6720F21DC400D8B7E0 /* Assets.xcassets in Resources */ = {isa = PBXBuildFile; fileRef = 61B07C6620F21DC400D8B7E0 /* Assets.xcassets */; };
		61B07C6A20F21DC400D8B7E0 /* LaunchScreen.storyboard in Resources */ = {isa = PBXBuildFile; fileRef = 61B07C6820F21DC400D8B7E0 /* LaunchScreen.storyboard */; };
		61B07C7520F21DC400D8B7E0 /* BoatTrackerTests.swift in Sources */ = {isa = PBXBuildFile; fileRef = 61B07C7420F21DC400D8B7E0 /* BoatTrackerTests.swift */; };
		61BCBE7B220768AB00EE74EB /* AISRenderer.swift in Sources */ = {isa = PBXBuildFile; fileRef = 61BCBE7A220768AB00EE74EB /* AISRenderer.swift */; };
		61BCBE7D2207730400EE74EB /* BoatRenderer.swift in Sources */ = {isa = PBXBuildFile; fileRef = 61BCBE7C2207730400EE74EB /* BoatRenderer.swift */; };
		61BCBE7F2208CC1C00EE74EB /* Layers.swift in Sources */ = {isa = PBXBuildFile; fileRef = 61BCBE7E2208CC1C00EE74EB /* Layers.swift */; };
		61CD40CF211635FD00F31AA5 /* Dummy.swift in Sources */ = {isa = PBXBuildFile; fileRef = 61CD40CE211635FD00F31AA5 /* Dummy.swift */; };
		61CD40D121163E0E00F31AA5 /* StatBox.swift in Sources */ = {isa = PBXBuildFile; fileRef = 61CD40D021163E0E00F31AA5 /* StatBox.swift */; };
		61DCDA3C21D02693009A75EB /* BoatGoogleAuth.swift in Sources */ = {isa = PBXBuildFile; fileRef = 61DCDA3B21D02693009A75EB /* BoatGoogleAuth.swift */; };
		61DE7F3F20F29F6900C95B3F /* BoatSocket.swift in Sources */ = {isa = PBXBuildFile; fileRef = 61DE7F3E20F29F6900C95B3F /* BoatSocket.swift */; };
		61DE7F4120F2A23100C95B3F /* StringUtils.swift in Sources */ = {isa = PBXBuildFile; fileRef = 61DE7F4020F2A23100C95B3F /* StringUtils.swift */; };
		61DE7F4320F3AEFC00C95B3F /* models.swift in Sources */ = {isa = PBXBuildFile; fileRef = 61DE7F4220F3AEFC00C95B3F /* models.swift */; };
		61DE7F4520F3E6D100C95B3F /* AuthVC.swift in Sources */ = {isa = PBXBuildFile; fileRef = 61DE7F4420F3E6D100C95B3F /* AuthVC.swift */; };
		61DE7F4920F3EB0700C95B3F /* BoatTextField.swift in Sources */ = {isa = PBXBuildFile; fileRef = 61DE7F4820F3EB0700C95B3F /* BoatTextField.swift */; };
		61DE7F4B20F3ED3900C95B3F /* boatButtons.swift in Sources */ = {isa = PBXBuildFile; fileRef = 61DE7F4A20F3ED3900C95B3F /* boatButtons.swift */; };
		61F4198F211F7CBB00B1ED7D /* BoatsTokensVC.swift in Sources */ = {isa = PBXBuildFile; fileRef = 61F4198E211F7CBB00B1ED7D /* BoatsTokensVC.swift */; };
		61F4199121206A5600B1ED7D /* AttributionsVC.swift in Sources */ = {isa = PBXBuildFile; fileRef = 61F4199021206A5600B1ED7D /* AttributionsVC.swift */; };
		61F4199321206C4C00B1ED7D /* AppAttributionCell.swift in Sources */ = {isa = PBXBuildFile; fileRef = 61F4199221206C4C00B1ED7D /* AppAttributionCell.swift */; };
		61F4199521206F9200B1ED7D /* Arrays.swift in Sources */ = {isa = PBXBuildFile; fileRef = 61F4199421206F9200B1ED7D /* Arrays.swift */; };
		61F419972120745A00B1ED7D /* TrackSummaryBox.swift in Sources */ = {isa = PBXBuildFile; fileRef = 61F419962120745A00B1ED7D /* TrackSummaryBox.swift */; };
		61F4199B2120B2F700B1ED7D /* ProfileTableVC.swift in Sources */ = {isa = PBXBuildFile; fileRef = 61F4199A2120B2F700B1ED7D /* ProfileTableVC.swift */; };
		61F4199D2120B39C00B1ED7D /* TrackSummaryCell.swift in Sources */ = {isa = PBXBuildFile; fileRef = 61F4199C2120B39C00B1ED7D /* TrackSummaryCell.swift */; };
		7D045D6A265A54A300B92EE8 /* Auth.swift in Sources */ = {isa = PBXBuildFile; fileRef = 7D045D69265A54A300B92EE8 /* Auth.swift */; };
		7D175C3D27BD80930050E29B /* SnapKit in Frameworks */ = {isa = PBXBuildFile; productRef = 7D175C3C27BD80930050E29B /* SnapKit */; };
		7D175C4527BD84990050E29B /* AppCenterAnalytics in Frameworks */ = {isa = PBXBuildFile; productRef = 7D175C4427BD84990050E29B /* AppCenterAnalytics */; };
		7D175C4727BD84990050E29B /* AppCenterCrashes in Frameworks */ = {isa = PBXBuildFile; productRef = 7D175C4627BD84990050E29B /* AppCenterCrashes */; };
		7D175C4A27BD85300050E29B /* MapboxMaps in Frameworks */ = {isa = PBXBuildFile; productRef = 7D175C4927BD85300050E29B /* MapboxMaps */; };
		7D175C4D27BD85AE0050E29B /* MSAL in Frameworks */ = {isa = PBXBuildFile; productRef = 7D175C4C27BD85AE0050E29B /* MSAL */; };
		7D175C5027BD87110050E29B /* Charts in Frameworks */ = {isa = PBXBuildFile; productRef = 7D175C4F27BD87110050E29B /* Charts */; };
		7D175C5327BD876F0050E29B /* GoogleSignIn in Frameworks */ = {isa = PBXBuildFile; productRef = 7D175C5227BD876F0050E29B /* GoogleSignIn */; };
		7D2CC0F3264D6EBD0091E05C /* MicrosoftAuth.swift in Sources */ = {isa = PBXBuildFile; fileRef = 7D2CC0F2264D6EBD0091E05C /* MicrosoftAuth.swift */; };
		7D528E6227B9682F00C55F06 /* WebSocket.swift in Sources */ = {isa = PBXBuildFile; fileRef = 7D528E6127B9682F00C55F06 /* WebSocket.swift */; };
		7D998D30275D38E3001064A6 /* MapPopup.swift in Sources */ = {isa = PBXBuildFile; fileRef = 7D998D2F275D38E3001064A6 /* MapPopup.swift */; };
		7DDBA9A727773D3900108B24 /* AppleAuth.swift in Sources */ = {isa = PBXBuildFile; fileRef = 7DDBA9A627773D3900108B24 /* AppleAuth.swift */; };
		B02EC50C2909AE2700D21793 /* MapViewRepresentable.swift in Sources */ = {isa = PBXBuildFile; fileRef = B02EC50B2909AE2700D21793 /* MapViewRepresentable.swift */; };
		B02EC50E2909B41A00D21793 /* MapViewModel.swift in Sources */ = {isa = PBXBuildFile; fileRef = B02EC50D2909B41A00D21793 /* MapViewModel.swift */; };
		B03BC55A290D31EE00BA38EF /* MainMapView.swift in Sources */ = {isa = PBXBuildFile; fileRef = B03BC559290D31EE00BA38EF /* MainMapView.swift */; };
		B0C5981A291ED81E00439237 /* AuthView.swift in Sources */ = {isa = PBXBuildFile; fileRef = B0C59819291ED81E00439237 /* AuthView.swift */; };
		B0C5981C2920255200439237 /* SocialView.swift in Sources */ = {isa = PBXBuildFile; fileRef = B0C5981B2920255200439237 /* SocialView.swift */; };
		B0C5981E2920258B00439237 /* Tasks.swift in Sources */ = {isa = PBXBuildFile; fileRef = B0C5981D2920258B00439237 /* Tasks.swift */; };
		B0C598202920EF8300439237 /* ProfileView.swift in Sources */ = {isa = PBXBuildFile; fileRef = B0C5981F2920EF8300439237 /* ProfileView.swift */; };
		B0C598222920F02900439237 /* TrackSummaryView.swift in Sources */ = {isa = PBXBuildFile; fileRef = B0C598212920F02900439237 /* TrackSummaryView.swift */; };
		B0C598242921159900439237 /* NavLink.swift in Sources */ = {isa = PBXBuildFile; fileRef = B0C598232921159900439237 /* NavLink.swift */; };
/* End PBXBuildFile section */

/* Begin PBXContainerItemProxy section */
		61B07C7120F21DC400D8B7E0 /* PBXContainerItemProxy */ = {
			isa = PBXContainerItemProxy;
			containerPortal = 61B07C5420F21DC300D8B7E0 /* Project object */;
			proxyType = 1;
			remoteGlobalIDString = 61B07C5B20F21DC300D8B7E0;
			remoteInfo = BoatTracker;
		};
/* End PBXContainerItemProxy section */

/* Begin PBXFileReference section */
		1A6A633812206E4A035E56A6 /* Credentials.plist */ = {isa = PBXFileReference; fileEncoding = 4; lastKnownFileType = text.plist; path = Credentials.plist; sourceTree = "<group>"; };
		1A6A693739B80A86DFB4EBF9 /* Files.swift */ = {isa = PBXFileReference; fileEncoding = 4; lastKnownFileType = sourcecode.swift; path = Files.swift; sourceTree = "<group>"; };
		1A6A6F29FF0942BF01A10434 /* SelectLanguageUI.swift */ = {isa = PBXFileReference; fileEncoding = 4; lastKnownFileType = sourcecode.swift; path = SelectLanguageUI.swift; sourceTree = "<group>"; };
		6101D548220F75200051A427 /* languages.swift */ = {isa = PBXFileReference; lastKnownFileType = sourcecode.swift; path = languages.swift; sourceTree = "<group>"; };
		6101D54A221057340051A427 /* mapCallouts.swift */ = {isa = PBXFileReference; lastKnownFileType = sourcecode.swift; path = mapCallouts.swift; sourceTree = "<group>"; };
		6101D54C221057530051A427 /* BoatCallout.swift */ = {isa = PBXFileReference; lastKnownFileType = sourcecode.swift; path = BoatCallout.swift; sourceTree = "<group>"; };
		6106448921FDBC8300C9ED0D /* vesselAnnotation.swift */ = {isa = PBXFileReference; lastKnownFileType = sourcecode.swift; path = vesselAnnotation.swift; sourceTree = "<group>"; };
		610EE3D921724CDE0040FBC6 /* BoatTracker-Bridging-Header.h */ = {isa = PBXFileReference; lastKnownFileType = sourcecode.c.h; path = "BoatTracker-Bridging-Header.h"; sourceTree = "<group>"; };
		610EE3DA21724CDF0040FBC6 /* NSString+FontAwesome.m */ = {isa = PBXFileReference; fileEncoding = 4; lastKnownFileType = sourcecode.c.objc; path = "NSString+FontAwesome.m"; sourceTree = "<group>"; };
		610EE3DB21724CDF0040FBC6 /* UIFont+FontAwesome.m */ = {isa = PBXFileReference; fileEncoding = 4; lastKnownFileType = sourcecode.c.objc; path = "UIFont+FontAwesome.m"; sourceTree = "<group>"; };
		610EE3DC21724CE00040FBC6 /* String+FontAwesome.swift */ = {isa = PBXFileReference; fileEncoding = 4; lastKnownFileType = sourcecode.swift; path = "String+FontAwesome.swift"; sourceTree = "<group>"; };
		610EE3DD21724CE00040FBC6 /* UIImage+FontAwesome.m */ = {isa = PBXFileReference; fileEncoding = 4; lastKnownFileType = sourcecode.c.objc; path = "UIImage+FontAwesome.m"; sourceTree = "<group>"; };
		610EE3DE21724CE00040FBC6 /* UIFont+FontAwesome.h */ = {isa = PBXFileReference; fileEncoding = 4; lastKnownFileType = sourcecode.c.h; path = "UIFont+FontAwesome.h"; sourceTree = "<group>"; };
		610EE3DF21724CE10040FBC6 /* NSString+FontAwesome.h */ = {isa = PBXFileReference; fileEncoding = 4; lastKnownFileType = sourcecode.c.h; path = "NSString+FontAwesome.h"; sourceTree = "<group>"; };
		610EE3E021724CE10040FBC6 /* UIImage+FontAwesome.h */ = {isa = PBXFileReference; fileEncoding = 4; lastKnownFileType = sourcecode.c.h; path = "UIImage+FontAwesome.h"; sourceTree = "<group>"; };
		610EE3E52172524C0040FBC6 /* FontAwesome.ttf */ = {isa = PBXFileReference; lastKnownFileType = file; path = FontAwesome.ttf; sourceTree = "<group>"; };
		612F46A120F4A5CF001A3003 /* BoatHttpClient.swift */ = {isa = PBXFileReference; lastKnownFileType = sourcecode.swift; path = BoatHttpClient.swift; sourceTree = "<group>"; };
		612F46A320F4A99E001A3003 /* EnvConf.swift */ = {isa = PBXFileReference; lastKnownFileType = sourcecode.swift; path = EnvConf.swift; sourceTree = "<group>"; };
		612F46A520F4AB70001A3003 /* Backend.swift */ = {isa = PBXFileReference; lastKnownFileType = sourcecode.swift; path = Backend.swift; sourceTree = "<group>"; };
		612F46AB20F52776001A3003 /* Keychain.swift */ = {isa = PBXFileReference; lastKnownFileType = sourcecode.swift; path = Keychain.swift; sourceTree = "<group>"; };
		612F46AF20F551CB001A3003 /* viewControllerExt.swift */ = {isa = PBXFileReference; lastKnownFileType = sourcecode.swift; path = viewControllerExt.swift; sourceTree = "<group>"; };
		612F46B220F6418B001A3003 /* Speed.swift */ = {isa = PBXFileReference; lastKnownFileType = sourcecode.swift; path = Speed.swift; sourceTree = "<group>"; };
		612F46B420F644B7001A3003 /* Distance.swift */ = {isa = PBXFileReference; lastKnownFileType = sourcecode.swift; path = Distance.swift; sourceTree = "<group>"; };
		612F46B620F646A0001A3003 /* Temperature.swift */ = {isa = PBXFileReference; lastKnownFileType = sourcecode.swift; path = Temperature.swift; sourceTree = "<group>"; };
		612F46B820F66854001A3003 /* Geo.swift */ = {isa = PBXFileReference; lastKnownFileType = sourcecode.swift; path = Geo.swift; sourceTree = "<group>"; };
		613669B4216A98560043494A /* BoatSwitch.swift */ = {isa = PBXFileReference; lastKnownFileType = sourcecode.swift; path = BoatSwitch.swift; sourceTree = "<group>"; };
		613669B6216FDAD10043494A /* BoatNotifications.swift */ = {isa = PBXFileReference; lastKnownFileType = sourcecode.swift; path = BoatNotifications.swift; sourceTree = "<group>"; };
		613669BB216FDB3E0043494A /* notificationModels.swift */ = {isa = PBXFileReference; lastKnownFileType = sourcecode.swift; path = notificationModels.swift; sourceTree = "<group>"; };
		613669BD217117390043494A /* generalExtensions.swift */ = {isa = PBXFileReference; lastKnownFileType = sourcecode.swift; path = generalExtensions.swift; sourceTree = "<group>"; };
		613669BF217124560043494A /* BoatTracker.entitlements */ = {isa = PBXFileReference; lastKnownFileType = text.plist.entitlements; path = BoatTracker.entitlements; sourceTree = "<group>"; };
		613D174A22F5B0DD008D8E80 /* StatsVC.swift */ = {isa = PBXFileReference; lastKnownFileType = sourcecode.swift; path = StatsVC.swift; sourceTree = "<group>"; };
		613D174C22F5F7D7008D8E80 /* PeriodStatCell.swift */ = {isa = PBXFileReference; lastKnownFileType = sourcecode.swift; path = PeriodStatCell.swift; sourceTree = "<group>"; };
		613D5D232220AC09003FF8EB /* viewModels.swift */ = {isa = PBXFileReference; lastKnownFileType = sourcecode.swift; path = viewModels.swift; sourceTree = "<group>"; };
		613E82CF21A0789000D3C412 /* ChartsVC.swift */ = {isa = PBXFileReference; lastKnownFileType = sourcecode.swift; path = ChartsVC.swift; sourceTree = "<group>"; };
		614221B3222B094900FD1FF3 /* SelectLanguageVC.swift */ = {isa = PBXFileReference; lastKnownFileType = sourcecode.swift; path = SelectLanguageVC.swift; sourceTree = "<group>"; };
		614221B5222C10A700FD1FF3 /* UserSettings.swift */ = {isa = PBXFileReference; lastKnownFileType = sourcecode.swift; path = UserSettings.swift; sourceTree = "<group>"; };
		614221B72231778F00FD1FF3 /* httpPayloads.swift */ = {isa = PBXFileReference; lastKnownFileType = sourcecode.swift; path = httpPayloads.swift; sourceTree = "<group>"; };
		6171906A212CA06900337B0B /* BoatTokenCell.swift */ = {isa = PBXFileReference; lastKnownFileType = sourcecode.swift; path = BoatTokenCell.swift; sourceTree = "<group>"; };
		6173F246228CB10E00A1E9B9 /* routeModels.swift */ = {isa = PBXFileReference; lastKnownFileType = sourcecode.swift; path = routeModels.swift; sourceTree = "<group>"; };
		6173F248228CB99000A1E9B9 /* PathFinder.swift */ = {isa = PBXFileReference; lastKnownFileType = sourcecode.swift; path = PathFinder.swift; sourceTree = "<group>"; };
		61832AAD220B69D400413FD0 /* TapListener.swift */ = {isa = PBXFileReference; lastKnownFileType = sourcecode.swift; path = TapListener.swift; sourceTree = "<group>"; };
		619679EA20F78B5900432672 /* MapMode.swift */ = {isa = PBXFileReference; lastKnownFileType = sourcecode.swift; path = MapMode.swift; sourceTree = "<group>"; };
		619679F120FB39CF00432672 /* MapEvents.swift */ = {isa = PBXFileReference; lastKnownFileType = sourcecode.swift; path = MapEvents.swift; sourceTree = "<group>"; };
		619679F520FBBA3A00432672 /* BoatCell.swift */ = {isa = PBXFileReference; lastKnownFileType = sourcecode.swift; path = BoatCell.swift; sourceTree = "<group>"; };
		619679F720FBBB4D00432672 /* StatCell.swift */ = {isa = PBXFileReference; lastKnownFileType = sourcecode.swift; path = StatCell.swift; sourceTree = "<group>"; };
		619679F920FBCDB100432672 /* TrackListVC.swift */ = {isa = PBXFileReference; lastKnownFileType = sourcecode.swift; path = TrackListVC.swift; sourceTree = "<group>"; };
		619679FB20FBCF2F00432672 /* Duration.swift */ = {isa = PBXFileReference; lastKnownFileType = sourcecode.swift; path = Duration.swift; sourceTree = "<group>"; };
		619679FF2103BCCF00432672 /* TrackCell.swift */ = {isa = PBXFileReference; lastKnownFileType = sourcecode.swift; path = TrackCell.swift; sourceTree = "<group>"; };
		61967A012103C4EE00432672 /* BaseTableVC.swift */ = {isa = PBXFileReference; lastKnownFileType = sourcecode.swift; path = BaseTableVC.swift; sourceTree = "<group>"; };
		61967A062103CAFD00432672 /* BoatColors.swift */ = {isa = PBXFileReference; lastKnownFileType = sourcecode.swift; path = BoatColors.swift; sourceTree = "<group>"; };
		61967A082103CF3E00432672 /* Formatting.swift */ = {isa = PBXFileReference; lastKnownFileType = sourcecode.swift; path = Formatting.swift; sourceTree = "<group>"; };
		61999FFA22A2E8F3003BD037 /* Json.swift */ = {isa = PBXFileReference; lastKnownFileType = sourcecode.swift; path = Json.swift; sourceTree = "<group>"; };
		61999FFC22A3286F003BD037 /* seaModels.swift */ = {isa = PBXFileReference; lastKnownFileType = sourcecode.swift; path = seaModels.swift; sourceTree = "<group>"; };
		6199E0E820F2325100A4009A /* BoatLabel.swift */ = {isa = PBXFileReference; lastKnownFileType = sourcecode.swift; path = BoatLabel.swift; sourceTree = "<group>"; };
		6199E0EB20F24DC700A4009A /* HttpClient.swift */ = {isa = PBXFileReference; lastKnownFileType = sourcecode.swift; path = HttpClient.swift; sourceTree = "<group>"; };
		6199E0EE20F24EC300A4009A /* Log.swift */ = {isa = PBXFileReference; lastKnownFileType = sourcecode.swift; path = Log.swift; sourceTree = "<group>"; };
		6199E0F020F24F1800A4009A /* HttpResponse.swift */ = {isa = PBXFileReference; lastKnownFileType = sourcecode.swift; path = HttpResponse.swift; sourceTree = "<group>"; };
		6199E0F420F2501E00A4009A /* errors.swift */ = {isa = PBXFileReference; lastKnownFileType = sourcecode.swift; path = errors.swift; sourceTree = "<group>"; };
		6199E0F820F25EA100A4009A /* Credentials.swift */ = {isa = PBXFileReference; lastKnownFileType = sourcecode.swift; path = Credentials.swift; sourceTree = "<group>"; };
		61AB2C7E2132A63C009774DC /* viewExt.swift */ = {isa = PBXFileReference; lastKnownFileType = sourcecode.swift; path = viewExt.swift; sourceTree = "<group>"; };
		61ACE5C62130956A00925265 /* WelcomeSignedIn.swift */ = {isa = PBXFileReference; lastKnownFileType = sourcecode.swift; path = WelcomeSignedIn.swift; sourceTree = "<group>"; };
		61ACE5C821309E5E00925265 /* BoatPrefs.swift */ = {isa = PBXFileReference; lastKnownFileType = sourcecode.swift; path = BoatPrefs.swift; sourceTree = "<group>"; };
		61ACE5CA2131667600925265 /* BoatTextView.swift */ = {isa = PBXFileReference; lastKnownFileType = sourcecode.swift; path = BoatTextView.swift; sourceTree = "<group>"; };
		61B07C5C20F21DC300D8B7E0 /* BoatTracker.app */ = {isa = PBXFileReference; explicitFileType = wrapper.application; includeInIndex = 0; path = BoatTracker.app; sourceTree = BUILT_PRODUCTS_DIR; };
		61B07C5F20F21DC300D8B7E0 /* AppDelegate.swift */ = {isa = PBXFileReference; lastKnownFileType = sourcecode.swift; path = AppDelegate.swift; sourceTree = "<group>"; };
		61B07C6120F21DC300D8B7E0 /* MapVC.swift */ = {isa = PBXFileReference; lastKnownFileType = sourcecode.swift; path = MapVC.swift; sourceTree = "<group>"; };
		61B07C6620F21DC400D8B7E0 /* Assets.xcassets */ = {isa = PBXFileReference; lastKnownFileType = folder.assetcatalog; path = Assets.xcassets; sourceTree = "<group>"; };
		61B07C6920F21DC400D8B7E0 /* Base */ = {isa = PBXFileReference; lastKnownFileType = file.storyboard; name = Base; path = Base.lproj/LaunchScreen.storyboard; sourceTree = "<group>"; };
		61B07C6B20F21DC400D8B7E0 /* Info.plist */ = {isa = PBXFileReference; lastKnownFileType = text.plist.xml; path = Info.plist; sourceTree = "<group>"; };
		61B07C7020F21DC400D8B7E0 /* BoatTrackerTests.xctest */ = {isa = PBXFileReference; explicitFileType = wrapper.cfbundle; includeInIndex = 0; path = BoatTrackerTests.xctest; sourceTree = BUILT_PRODUCTS_DIR; };
		61B07C7420F21DC400D8B7E0 /* BoatTrackerTests.swift */ = {isa = PBXFileReference; lastKnownFileType = sourcecode.swift; path = BoatTrackerTests.swift; sourceTree = "<group>"; };
		61B07C7620F21DC400D8B7E0 /* Info.plist */ = {isa = PBXFileReference; lastKnownFileType = text.plist.xml; path = Info.plist; sourceTree = "<group>"; };
		61BCBE7A220768AB00EE74EB /* AISRenderer.swift */ = {isa = PBXFileReference; lastKnownFileType = sourcecode.swift; path = AISRenderer.swift; sourceTree = "<group>"; };
		61BCBE7C2207730400EE74EB /* BoatRenderer.swift */ = {isa = PBXFileReference; lastKnownFileType = sourcecode.swift; path = BoatRenderer.swift; sourceTree = "<group>"; };
		61BCBE7E2208CC1C00EE74EB /* Layers.swift */ = {isa = PBXFileReference; lastKnownFileType = sourcecode.swift; path = Layers.swift; sourceTree = "<group>"; };
		61CD40CE211635FD00F31AA5 /* Dummy.swift */ = {isa = PBXFileReference; lastKnownFileType = sourcecode.swift; path = Dummy.swift; sourceTree = "<group>"; };
		61CD40D021163E0E00F31AA5 /* StatBox.swift */ = {isa = PBXFileReference; lastKnownFileType = sourcecode.swift; path = StatBox.swift; sourceTree = "<group>"; };
		61DCDA3B21D02693009A75EB /* BoatGoogleAuth.swift */ = {isa = PBXFileReference; lastKnownFileType = sourcecode.swift; path = BoatGoogleAuth.swift; sourceTree = "<group>"; };
		61DE7F3E20F29F6900C95B3F /* BoatSocket.swift */ = {isa = PBXFileReference; lastKnownFileType = sourcecode.swift; path = BoatSocket.swift; sourceTree = "<group>"; };
		61DE7F4020F2A23100C95B3F /* StringUtils.swift */ = {isa = PBXFileReference; lastKnownFileType = sourcecode.swift; path = StringUtils.swift; sourceTree = "<group>"; };
		61DE7F4220F3AEFC00C95B3F /* models.swift */ = {isa = PBXFileReference; lastKnownFileType = sourcecode.swift; path = models.swift; sourceTree = "<group>"; };
		61DE7F4420F3E6D100C95B3F /* AuthVC.swift */ = {isa = PBXFileReference; lastKnownFileType = sourcecode.swift; path = AuthVC.swift; sourceTree = "<group>"; };
		61DE7F4820F3EB0700C95B3F /* BoatTextField.swift */ = {isa = PBXFileReference; lastKnownFileType = sourcecode.swift; path = BoatTextField.swift; sourceTree = "<group>"; };
		61DE7F4A20F3ED3900C95B3F /* boatButtons.swift */ = {isa = PBXFileReference; lastKnownFileType = sourcecode.swift; path = boatButtons.swift; sourceTree = "<group>"; };
		61F4198E211F7CBB00B1ED7D /* BoatsTokensVC.swift */ = {isa = PBXFileReference; lastKnownFileType = sourcecode.swift; path = BoatsTokensVC.swift; sourceTree = "<group>"; };
		61F4199021206A5600B1ED7D /* AttributionsVC.swift */ = {isa = PBXFileReference; lastKnownFileType = sourcecode.swift; path = AttributionsVC.swift; sourceTree = "<group>"; };
		61F4199221206C4C00B1ED7D /* AppAttributionCell.swift */ = {isa = PBXFileReference; lastKnownFileType = sourcecode.swift; path = AppAttributionCell.swift; sourceTree = "<group>"; };
		61F4199421206F9200B1ED7D /* Arrays.swift */ = {isa = PBXFileReference; lastKnownFileType = sourcecode.swift; path = Arrays.swift; sourceTree = "<group>"; };
		61F419962120745A00B1ED7D /* TrackSummaryBox.swift */ = {isa = PBXFileReference; lastKnownFileType = sourcecode.swift; path = TrackSummaryBox.swift; sourceTree = "<group>"; };
		61F4199A2120B2F700B1ED7D /* ProfileTableVC.swift */ = {isa = PBXFileReference; lastKnownFileType = sourcecode.swift; path = ProfileTableVC.swift; sourceTree = "<group>"; };
		61F4199C2120B39C00B1ED7D /* TrackSummaryCell.swift */ = {isa = PBXFileReference; lastKnownFileType = sourcecode.swift; path = TrackSummaryCell.swift; sourceTree = "<group>"; };
		7D045D69265A54A300B92EE8 /* Auth.swift */ = {isa = PBXFileReference; lastKnownFileType = sourcecode.swift; path = Auth.swift; sourceTree = "<group>"; };
		7D2CC0F2264D6EBD0091E05C /* MicrosoftAuth.swift */ = {isa = PBXFileReference; lastKnownFileType = sourcecode.swift; path = MicrosoftAuth.swift; sourceTree = "<group>"; };
		7D528E6127B9682F00C55F06 /* WebSocket.swift */ = {isa = PBXFileReference; lastKnownFileType = sourcecode.swift; path = WebSocket.swift; sourceTree = "<group>"; };
		7D998D2F275D38E3001064A6 /* MapPopup.swift */ = {isa = PBXFileReference; lastKnownFileType = sourcecode.swift; path = MapPopup.swift; sourceTree = "<group>"; };
		7DDBA9A627773D3900108B24 /* AppleAuth.swift */ = {isa = PBXFileReference; lastKnownFileType = sourcecode.swift; path = AppleAuth.swift; sourceTree = "<group>"; };
		B02EC50B2909AE2700D21793 /* MapViewRepresentable.swift */ = {isa = PBXFileReference; lastKnownFileType = sourcecode.swift; path = MapViewRepresentable.swift; sourceTree = "<group>"; };
		B02EC50D2909B41A00D21793 /* MapViewModel.swift */ = {isa = PBXFileReference; lastKnownFileType = sourcecode.swift; path = MapViewModel.swift; sourceTree = "<group>"; };
		B03BC559290D31EE00BA38EF /* MainMapView.swift */ = {isa = PBXFileReference; lastKnownFileType = sourcecode.swift; path = MainMapView.swift; sourceTree = "<group>"; };
		B0C59819291ED81E00439237 /* AuthView.swift */ = {isa = PBXFileReference; lastKnownFileType = sourcecode.swift; path = AuthView.swift; sourceTree = "<group>"; };
		B0C5981B2920255200439237 /* SocialView.swift */ = {isa = PBXFileReference; lastKnownFileType = sourcecode.swift; path = SocialView.swift; sourceTree = "<group>"; };
		B0C5981D2920258B00439237 /* Tasks.swift */ = {isa = PBXFileReference; lastKnownFileType = sourcecode.swift; path = Tasks.swift; sourceTree = "<group>"; };
		B0C5981F2920EF8300439237 /* ProfileView.swift */ = {isa = PBXFileReference; lastKnownFileType = sourcecode.swift; path = ProfileView.swift; sourceTree = "<group>"; };
		B0C598212920F02900439237 /* TrackSummaryView.swift */ = {isa = PBXFileReference; lastKnownFileType = sourcecode.swift; path = TrackSummaryView.swift; sourceTree = "<group>"; };
		B0C598232921159900439237 /* NavLink.swift */ = {isa = PBXFileReference; lastKnownFileType = sourcecode.swift; path = NavLink.swift; sourceTree = "<group>"; };
/* End PBXFileReference section */

/* Begin PBXFrameworksBuildPhase section */
		61B07C5920F21DC300D8B7E0 /* Frameworks */ = {
			isa = PBXFrameworksBuildPhase;
			buildActionMask = 2147483647;
			files = (
				7D175C4A27BD85300050E29B /* MapboxMaps in Frameworks */,
				7D175C4527BD84990050E29B /* AppCenterAnalytics in Frameworks */,
				7D175C4727BD84990050E29B /* AppCenterCrashes in Frameworks */,
				7D175C5027BD87110050E29B /* Charts in Frameworks */,
				7D175C4D27BD85AE0050E29B /* MSAL in Frameworks */,
				7D175C3D27BD80930050E29B /* SnapKit in Frameworks */,
				7D175C5327BD876F0050E29B /* GoogleSignIn in Frameworks */,
			);
			runOnlyForDeploymentPostprocessing = 0;
		};
		61B07C6D20F21DC400D8B7E0 /* Frameworks */ = {
			isa = PBXFrameworksBuildPhase;
			buildActionMask = 2147483647;
			files = (
			);
			runOnlyForDeploymentPostprocessing = 0;
		};
/* End PBXFrameworksBuildPhase section */

/* Begin PBXGroup section */
		1A6A63F30B420E76193FE68E /* UI */ = {
			isa = PBXGroup;
			children = (
				1A6A6F29FF0942BF01A10434 /* SelectLanguageUI.swift */,
			);
			path = UI;
			sourceTree = "<group>";
		};
		610EE3D821724C7C0040FBC6 /* FontAwesome */ = {
			isa = PBXGroup;
			children = (
				610EE3E52172524C0040FBC6 /* FontAwesome.ttf */,
				610EE3DF21724CE10040FBC6 /* NSString+FontAwesome.h */,
				610EE3DA21724CDF0040FBC6 /* NSString+FontAwesome.m */,
				610EE3DC21724CE00040FBC6 /* String+FontAwesome.swift */,
				610EE3DE21724CE00040FBC6 /* UIFont+FontAwesome.h */,
				610EE3DB21724CDF0040FBC6 /* UIFont+FontAwesome.m */,
				610EE3E021724CE10040FBC6 /* UIImage+FontAwesome.h */,
				610EE3DD21724CE00040FBC6 /* UIImage+FontAwesome.m */,
				610EE3D921724CDE0040FBC6 /* BoatTracker-Bridging-Header.h */,
			);
			path = FontAwesome;
			sourceTree = "<group>";
		};
		612F46AA20F5276C001A3003 /* Local */ = {
			isa = PBXGroup;
			children = (
				61ACE5C821309E5E00925265 /* BoatPrefs.swift */,
				61999FFA22A2E8F3003BD037 /* Json.swift */,
				612F46AB20F52776001A3003 /* Keychain.swift */,
				614221B5222C10A700FD1FF3 /* UserSettings.swift */,
				1A6A693739B80A86DFB4EBF9 /* Files.swift */,
			);
			path = Local;
			sourceTree = "<group>";
		};
		612F46B120F64182001A3003 /* Measure */ = {
			isa = PBXGroup;
			children = (
				612F46B420F644B7001A3003 /* Distance.swift */,
				619679FB20FBCF2F00432672 /* Duration.swift */,
				61967A082103CF3E00432672 /* Formatting.swift */,
				612F46B820F66854001A3003 /* Geo.swift */,
				612F46B220F6418B001A3003 /* Speed.swift */,
				612F46B620F646A0001A3003 /* Temperature.swift */,
			);
			path = Measure;
			sourceTree = "<group>";
		};
		613669BA216FDB320043494A /* Notifications */ = {
			isa = PBXGroup;
			children = (
				613669B6216FDAD10043494A /* BoatNotifications.swift */,
				613669BB216FDB3E0043494A /* notificationModels.swift */,
			);
			path = Notifications;
			sourceTree = "<group>";
		};
		619679E920F78B4800432672 /* Maps */ = {
			isa = PBXGroup;
			children = (
				61BCBE7E2208CC1C00EE74EB /* Layers.swift */,
				619679F120FB39CF00432672 /* MapEvents.swift */,
				619679EA20F78B5900432672 /* MapMode.swift */,
			);
			path = Maps;
			sourceTree = "<group>";
		};
		619679EC20F89F6300432672 /* Auth */ = {
			isa = PBXGroup;
			children = (
				7DDBA9A627773D3900108B24 /* AppleAuth.swift */,
				7D045D69265A54A300B92EE8 /* Auth.swift */,
				7D2CC0F2264D6EBD0091E05C /* MicrosoftAuth.swift */,
				61DCDA3B21D02693009A75EB /* BoatGoogleAuth.swift */,
			);
			path = Auth;
			sourceTree = "<group>";
		};
		61967A052103CAF200432672 /* Styles */ = {
			isa = PBXGroup;
			children = (
				61967A062103CAFD00432672 /* BoatColors.swift */,
			);
			path = Styles;
			sourceTree = "<group>";
		};
		6199E0E620F2319700A4009A /* ViewControllers */ = {
			isa = PBXGroup;
			children = (
				61BCBE7A220768AB00EE74EB /* AISRenderer.swift */,
				61F4199021206A5600B1ED7D /* AttributionsVC.swift */,
				61DE7F4420F3E6D100C95B3F /* AuthVC.swift */,
				61967A012103C4EE00432672 /* BaseTableVC.swift */,
				61BCBE7C2207730400EE74EB /* BoatRenderer.swift */,
				61F4198E211F7CBB00B1ED7D /* BoatsTokensVC.swift */,
				613E82CF21A0789000D3C412 /* ChartsVC.swift */,
				7D998D2F275D38E3001064A6 /* MapPopup.swift */,
				61B07C6120F21DC300D8B7E0 /* MapVC.swift */,
				B02EC50D2909B41A00D21793 /* MapViewModel.swift */,
				6173F248228CB99000A1E9B9 /* PathFinder.swift */,
				61F4199A2120B2F700B1ED7D /* ProfileTableVC.swift */,
				614221B3222B094900FD1FF3 /* SelectLanguageVC.swift */,
				613D174A22F5B0DD008D8E80 /* StatsVC.swift */,
				61832AAD220B69D400413FD0 /* TapListener.swift */,
				619679F920FBCDB100432672 /* TrackListVC.swift */,
				612F46AF20F551CB001A3003 /* viewControllerExt.swift */,
				61ACE5C62130956A00925265 /* WelcomeSignedIn.swift */,
			);
			path = ViewControllers;
			sourceTree = "<group>";
		};
		6199E0E720F2324400A4009A /* Views */ = {
			isa = PBXGroup;
			children = (
				61F4199221206C4C00B1ED7D /* AppAttributionCell.swift */,
				B0C59819291ED81E00439237 /* AuthView.swift */,
				61DE7F4A20F3ED3900C95B3F /* boatButtons.swift */,
				6101D54C221057530051A427 /* BoatCallout.swift */,
				619679F520FBBA3A00432672 /* BoatCell.swift */,
				6199E0E820F2325100A4009A /* BoatLabel.swift */,
				613669B4216A98560043494A /* BoatSwitch.swift */,
				61DE7F4820F3EB0700C95B3F /* BoatTextField.swift */,
				61ACE5CA2131667600925265 /* BoatTextView.swift */,
				6171906A212CA06900337B0B /* BoatTokenCell.swift */,
				B03BC559290D31EE00BA38EF /* MainMapView.swift */,
				6101D54A221057340051A427 /* mapCallouts.swift */,
				B02EC50B2909AE2700D21793 /* MapViewRepresentable.swift */,
				613D174C22F5F7D7008D8E80 /* PeriodStatCell.swift */,
				B0C5981F2920EF8300439237 /* ProfileView.swift */,
				B0C5981B2920255200439237 /* SocialView.swift */,
				61CD40D021163E0E00F31AA5 /* StatBox.swift */,
				619679F720FBBB4D00432672 /* StatCell.swift */,
				619679FF2103BCCF00432672 /* TrackCell.swift */,
				61F419962120745A00B1ED7D /* TrackSummaryBox.swift */,
				61F4199C2120B39C00B1ED7D /* TrackSummaryCell.swift */,
				B0C598212920F02900439237 /* TrackSummaryView.swift */,
				6106448921FDBC8300C9ED0D /* vesselAnnotation.swift */,
				61AB2C7E2132A63C009774DC /* viewExt.swift */,
				613D5D232220AC09003FF8EB /* viewModels.swift */,
				B0C598232921159900439237 /* NavLink.swift */,
			);
			path = Views;
			sourceTree = "<group>";
		};
		6199E0EA20F24DAE00A4009A /* Network */ = {
			isa = PBXGroup;
			children = (
				6199E0F420F2501E00A4009A /* errors.swift */,
				6199E0EB20F24DC700A4009A /* HttpClient.swift */,
				6199E0F020F24F1800A4009A /* HttpResponse.swift */,
			);
			path = Network;
			sourceTree = "<group>";
		};
		6199E0ED20F24EB800A4009A /* Util */ = {
			isa = PBXGroup;
			children = (
				61F4199421206F9200B1ED7D /* Arrays.swift */,
				6199E0F820F25EA100A4009A /* Credentials.swift */,
				61CD40CE211635FD00F31AA5 /* Dummy.swift */,
				613669BD217117390043494A /* generalExtensions.swift */,
				6199E0EE20F24EC300A4009A /* Log.swift */,
				61DE7F4020F2A23100C95B3F /* StringUtils.swift */,
				B0C5981D2920258B00439237 /* Tasks.swift */,
			);
			path = Util;
			sourceTree = "<group>";
		};
		61B07C5320F21DC300D8B7E0 = {
			isa = PBXGroup;
			children = (
				61B07C5E20F21DC300D8B7E0 /* BoatTracker */,
				61B07C7320F21DC400D8B7E0 /* BoatTrackerTests */,
				61B07C5D20F21DC300D8B7E0 /* Products */,
			);
			sourceTree = "<group>";
		};
		61B07C5D20F21DC300D8B7E0 /* Products */ = {
			isa = PBXGroup;
			children = (
				61B07C5C20F21DC300D8B7E0 /* BoatTracker.app */,
				61B07C7020F21DC400D8B7E0 /* BoatTrackerTests.xctest */,
			);
			name = Products;
			sourceTree = "<group>";
		};
		61B07C5E20F21DC300D8B7E0 /* BoatTracker */ = {
			isa = PBXGroup;
			children = (
				61B07C5F20F21DC300D8B7E0 /* AppDelegate.swift */,
				61B07C6620F21DC400D8B7E0 /* Assets.xcassets */,
				619679EC20F89F6300432672 /* Auth */,
				61DE7F3D20F29F5800C95B3F /* Backend */,
				613669BF217124560043494A /* BoatTracker.entitlements */,
				610EE3D821724C7C0040FBC6 /* FontAwesome */,
				61B07C6B20F21DC400D8B7E0 /* Info.plist */,
				61B07C6820F21DC400D8B7E0 /* LaunchScreen.storyboard */,
				612F46AA20F5276C001A3003 /* Local */,
				619679E920F78B4800432672 /* Maps */,
				612F46B120F64182001A3003 /* Measure */,
				6199E0EA20F24DAE00A4009A /* Network */,
				613669BA216FDB320043494A /* Notifications */,
				61967A052103CAF200432672 /* Styles */,
				6199E0ED20F24EB800A4009A /* Util */,
				6199E0E620F2319700A4009A /* ViewControllers */,
				6199E0E720F2324400A4009A /* Views */,
				1A6A633812206E4A035E56A6 /* Credentials.plist */,
				1A6A63F30B420E76193FE68E /* UI */,
			);
			path = BoatTracker;
			sourceTree = "<group>";
		};
		61B07C7320F21DC400D8B7E0 /* BoatTrackerTests */ = {
			isa = PBXGroup;
			children = (
				61B07C7420F21DC400D8B7E0 /* BoatTrackerTests.swift */,
				61B07C7620F21DC400D8B7E0 /* Info.plist */,
			);
			path = BoatTrackerTests;
			sourceTree = "<group>";
		};
		61DE7F3D20F29F5800C95B3F /* Backend */ = {
			isa = PBXGroup;
			children = (
				612F46A520F4AB70001A3003 /* Backend.swift */,
				612F46A120F4A5CF001A3003 /* BoatHttpClient.swift */,
				61DE7F3E20F29F6900C95B3F /* BoatSocket.swift */,
				612F46A320F4A99E001A3003 /* EnvConf.swift */,
				614221B72231778F00FD1FF3 /* httpPayloads.swift */,
				6101D548220F75200051A427 /* languages.swift */,
				61DE7F4220F3AEFC00C95B3F /* models.swift */,
				6173F246228CB10E00A1E9B9 /* routeModels.swift */,
				61999FFC22A3286F003BD037 /* seaModels.swift */,
				7D528E6127B9682F00C55F06 /* WebSocket.swift */,
			);
			path = Backend;
			sourceTree = "<group>";
		};
/* End PBXGroup section */

/* Begin PBXNativeTarget section */
		61B07C5B20F21DC300D8B7E0 /* BoatTracker */ = {
			isa = PBXNativeTarget;
			buildConfigurationList = 61B07C8420F21DC500D8B7E0 /* Build configuration list for PBXNativeTarget "BoatTracker" */;
			buildPhases = (
				61B07C5820F21DC300D8B7E0 /* Sources */,
				61B07C5920F21DC300D8B7E0 /* Frameworks */,
				61B07C5A20F21DC300D8B7E0 /* Resources */,
			);
			buildRules = (
			);
			dependencies = (
			);
			name = BoatTracker;
			packageProductDependencies = (
				7D175C3C27BD80930050E29B /* SnapKit */,
				7D175C4427BD84990050E29B /* AppCenterAnalytics */,
				7D175C4627BD84990050E29B /* AppCenterCrashes */,
				7D175C4927BD85300050E29B /* MapboxMaps */,
				7D175C4C27BD85AE0050E29B /* MSAL */,
				7D175C4F27BD87110050E29B /* Charts */,
				7D175C5227BD876F0050E29B /* GoogleSignIn */,
			);
			productName = BoatTracker;
			productReference = 61B07C5C20F21DC300D8B7E0 /* BoatTracker.app */;
			productType = "com.apple.product-type.application";
		};
		61B07C6F20F21DC400D8B7E0 /* BoatTrackerTests */ = {
			isa = PBXNativeTarget;
			buildConfigurationList = 61B07C8720F21DC500D8B7E0 /* Build configuration list for PBXNativeTarget "BoatTrackerTests" */;
			buildPhases = (
				61B07C6C20F21DC400D8B7E0 /* Sources */,
				61B07C6D20F21DC400D8B7E0 /* Frameworks */,
				61B07C6E20F21DC400D8B7E0 /* Resources */,
			);
			buildRules = (
			);
			dependencies = (
				61B07C7220F21DC400D8B7E0 /* PBXTargetDependency */,
			);
			name = BoatTrackerTests;
			productName = BoatTrackerTests;
			productReference = 61B07C7020F21DC400D8B7E0 /* BoatTrackerTests.xctest */;
			productType = "com.apple.product-type.bundle.unit-test";
		};
/* End PBXNativeTarget section */

/* Begin PBXProject section */
		61B07C5420F21DC300D8B7E0 /* Project object */ = {
			isa = PBXProject;
			attributes = {
				LastSwiftUpdateCheck = 0930;
				LastUpgradeCheck = 1320;
				ORGANIZATIONNAME = "Michael Skogberg";
				TargetAttributes = {
					61B07C5B20F21DC300D8B7E0 = {
						CreatedOnToolsVersion = 9.3;
						LastSwiftMigration = 1020;
						SystemCapabilities = {
							com.apple.Push = {
								enabled = 1;
							};
							com.apple.SafariKeychain = {
								enabled = 1;
							};
						};
					};
					61B07C6F20F21DC400D8B7E0 = {
						CreatedOnToolsVersion = 9.3;
						LastSwiftMigration = 1020;
						TestTargetID = 61B07C5B20F21DC300D8B7E0;
					};
				};
			};
			buildConfigurationList = 61B07C5720F21DC300D8B7E0 /* Build configuration list for PBXProject "BoatTracker" */;
			compatibilityVersion = "Xcode 9.3";
			developmentRegion = en;
			hasScannedForEncodings = 0;
			knownRegions = (
				en,
				Base,
			);
			mainGroup = 61B07C5320F21DC300D8B7E0;
			packageReferences = (
				7D175C3B27BD80930050E29B /* XCRemoteSwiftPackageReference "SnapKit" */,
				7D175C4327BD84990050E29B /* XCRemoteSwiftPackageReference "appcenter-sdk-apple" */,
				7D175C4827BD85300050E29B /* XCRemoteSwiftPackageReference "mapbox-maps-ios" */,
				7D175C4B27BD85AE0050E29B /* XCRemoteSwiftPackageReference "microsoft-authentication-library-for-objc" */,
				7D175C4E27BD87110050E29B /* XCRemoteSwiftPackageReference "Charts" */,
				7D175C5127BD876F0050E29B /* XCRemoteSwiftPackageReference "GoogleSignIn-iOS" */,
			);
			productRefGroup = 61B07C5D20F21DC300D8B7E0 /* Products */;
			projectDirPath = "";
			projectRoot = "";
			targets = (
				61B07C5B20F21DC300D8B7E0 /* BoatTracker */,
				61B07C6F20F21DC400D8B7E0 /* BoatTrackerTests */,
			);
		};
/* End PBXProject section */

/* Begin PBXResourcesBuildPhase section */
		61B07C5A20F21DC300D8B7E0 /* Resources */ = {
			isa = PBXResourcesBuildPhase;
			buildActionMask = 2147483647;
			files = (
				61B07C6A20F21DC400D8B7E0 /* LaunchScreen.storyboard in Resources */,
				61B07C6720F21DC400D8B7E0 /* Assets.xcassets in Resources */,
				610EE3E62172524C0040FBC6 /* FontAwesome.ttf in Resources */,
				1A6A675D048DFF6E1E0BE701 /* Credentials.plist in Resources */,
			);
			runOnlyForDeploymentPostprocessing = 0;
		};
		61B07C6E20F21DC400D8B7E0 /* Resources */ = {
			isa = PBXResourcesBuildPhase;
			buildActionMask = 2147483647;
			files = (
			);
			runOnlyForDeploymentPostprocessing = 0;
		};
/* End PBXResourcesBuildPhase section */

/* Begin PBXSourcesBuildPhase section */
		61B07C5820F21DC300D8B7E0 /* Sources */ = {
			isa = PBXSourcesBuildPhase;
			buildActionMask = 2147483647;
			files = (
				614221B4222B094900FD1FF3 /* SelectLanguageVC.swift in Sources */,
				7D045D6A265A54A300B92EE8 /* Auth.swift in Sources */,
				61F4199121206A5600B1ED7D /* AttributionsVC.swift in Sources */,
				61ACE5C72130956A00925265 /* WelcomeSignedIn.swift in Sources */,
				61F4199B2120B2F700B1ED7D /* ProfileTableVC.swift in Sources */,
				610EE3E321724CE10040FBC6 /* String+FontAwesome.swift in Sources */,
				61DE7F3F20F29F6900C95B3F /* BoatSocket.swift in Sources */,
				61999FFB22A2E8F3003BD037 /* Json.swift in Sources */,
				B02EC50C2909AE2700D21793 /* MapViewRepresentable.swift in Sources */,
				6106448A21FDBC8300C9ED0D /* vesselAnnotation.swift in Sources */,
				61DE7F4320F3AEFC00C95B3F /* models.swift in Sources */,
				B02EC50E2909B41A00D21793 /* MapViewModel.swift in Sources */,
				6101D54D221057530051A427 /* BoatCallout.swift in Sources */,
				61ACE5C921309E5E00925265 /* BoatPrefs.swift in Sources */,
				614221B82231779000FD1FF3 /* httpPayloads.swift in Sources */,
				610EE3E421724CE10040FBC6 /* UIImage+FontAwesome.m in Sources */,
				61AB2C7F2132A63C009774DC /* viewExt.swift in Sources */,
				61F419972120745A00B1ED7D /* TrackSummaryBox.swift in Sources */,
				61999FFD22A3286F003BD037 /* seaModels.swift in Sources */,
				613669B5216A98560043494A /* BoatSwitch.swift in Sources */,
				B0C5981A291ED81E00439237 /* AuthView.swift in Sources */,
				619679F220FB39CF00432672 /* MapEvents.swift in Sources */,
				B0C598202920EF8300439237 /* ProfileView.swift in Sources */,
				6199E0F120F24F1800A4009A /* HttpResponse.swift in Sources */,
				61832AAE220B69D400413FD0 /* TapListener.swift in Sources */,
				7D528E6227B9682F00C55F06 /* WebSocket.swift in Sources */,
				61967A072103CAFD00432672 /* BoatColors.swift in Sources */,
				619679F620FBBA3A00432672 /* BoatCell.swift in Sources */,
				7D2CC0F3264D6EBD0091E05C /* MicrosoftAuth.swift in Sources */,
				B0C5981E2920258B00439237 /* Tasks.swift in Sources */,
				612F46A620F4AB70001A3003 /* Backend.swift in Sources */,
				B0C5981C2920255200439237 /* SocialView.swift in Sources */,
				6101D54B221057340051A427 /* mapCallouts.swift in Sources */,
				61967A022103C4EE00432672 /* BaseTableVC.swift in Sources */,
				61ACE5CB2131667600925265 /* BoatTextView.swift in Sources */,
				61DE7F4520F3E6D100C95B3F /* AuthVC.swift in Sources */,
				6199E0F920F25EA100A4009A /* Credentials.swift in Sources */,
				613E82D021A0789000D3C412 /* ChartsVC.swift in Sources */,
				6199E0E920F2325100A4009A /* BoatLabel.swift in Sources */,
				61CD40CF211635FD00F31AA5 /* Dummy.swift in Sources */,
				61967A002103BCCF00432672 /* TrackCell.swift in Sources */,
				61B07C6220F21DC300D8B7E0 /* MapVC.swift in Sources */,
				61F4199521206F9200B1ED7D /* Arrays.swift in Sources */,
				61BCBE7B220768AB00EE74EB /* AISRenderer.swift in Sources */,
				613669B7216FDAD10043494A /* BoatNotifications.swift in Sources */,
				7DDBA9A727773D3900108B24 /* AppleAuth.swift in Sources */,
				61DE7F4B20F3ED3900C95B3F /* boatButtons.swift in Sources */,
				61F4199D2120B39C00B1ED7D /* TrackSummaryCell.swift in Sources */,
				612F46A220F4A5CF001A3003 /* BoatHttpClient.swift in Sources */,
				610EE3E121724CE10040FBC6 /* NSString+FontAwesome.m in Sources */,
				619679F820FBBB4D00432672 /* StatCell.swift in Sources */,
				613669BE217117390043494A /* generalExtensions.swift in Sources */,
				6199E0F520F2501E00A4009A /* errors.swift in Sources */,
				619679FA20FBCDB100432672 /* TrackListVC.swift in Sources */,
				61BCBE7D2207730400EE74EB /* BoatRenderer.swift in Sources */,
				7D998D30275D38E3001064A6 /* MapPopup.swift in Sources */,
				61BCBE7F2208CC1C00EE74EB /* Layers.swift in Sources */,
				6199E0EF20F24EC300A4009A /* Log.swift in Sources */,
				613669BC216FDB3E0043494A /* notificationModels.swift in Sources */,
				6171906B212CA06900337B0B /* BoatTokenCell.swift in Sources */,
				610EE3E221724CE10040FBC6 /* UIFont+FontAwesome.m in Sources */,
				612F46B320F6418B001A3003 /* Speed.swift in Sources */,
				B0C598242921159900439237 /* NavLink.swift in Sources */,
				612F46A420F4A99E001A3003 /* EnvConf.swift in Sources */,
				6199E0EC20F24DC700A4009A /* HttpClient.swift in Sources */,
				61DE7F4920F3EB0700C95B3F /* BoatTextField.swift in Sources */,
				612F46B520F644B7001A3003 /* Distance.swift in Sources */,
				613D174D22F5F7D7008D8E80 /* PeriodStatCell.swift in Sources */,
				B03BC55A290D31EE00BA38EF /* MainMapView.swift in Sources */,
				61DCDA3C21D02693009A75EB /* BoatGoogleAuth.swift in Sources */,
				619679FC20FBCF2F00432672 /* Duration.swift in Sources */,
				61DE7F4120F2A23100C95B3F /* StringUtils.swift in Sources */,
				613D174B22F5B0DD008D8E80 /* StatsVC.swift in Sources */,
				61967A092103CF3E00432672 /* Formatting.swift in Sources */,
				61B07C6020F21DC300D8B7E0 /* AppDelegate.swift in Sources */,
				612F46B720F646A0001A3003 /* Temperature.swift in Sources */,
				B0C598222920F02900439237 /* TrackSummaryView.swift in Sources */,
				613D5D242220AC0A003FF8EB /* viewModels.swift in Sources */,
				6101D549220F75200051A427 /* languages.swift in Sources */,
				612F46B020F551CB001A3003 /* viewControllerExt.swift in Sources */,
				614221B6222C10A700FD1FF3 /* UserSettings.swift in Sources */,
				61F4198F211F7CBB00B1ED7D /* BoatsTokensVC.swift in Sources */,
				61F4199321206C4C00B1ED7D /* AppAttributionCell.swift in Sources */,
				612F46AC20F52776001A3003 /* Keychain.swift in Sources */,
				6173F247228CB10E00A1E9B9 /* routeModels.swift in Sources */,
				612F46B920F66854001A3003 /* Geo.swift in Sources */,
				619679EB20F78B5900432672 /* MapMode.swift in Sources */,
				6173F249228CB99000A1E9B9 /* PathFinder.swift in Sources */,
				61CD40D121163E0E00F31AA5 /* StatBox.swift in Sources */,
				1A6A64ED37477C4AB5916AF5 /* SelectLanguageUI.swift in Sources */,
				1A6A6531279059D19746CE2B /* Files.swift in Sources */,
			);
			runOnlyForDeploymentPostprocessing = 0;
		};
		61B07C6C20F21DC400D8B7E0 /* Sources */ = {
			isa = PBXSourcesBuildPhase;
			buildActionMask = 2147483647;
			files = (
				61B07C7520F21DC400D8B7E0 /* BoatTrackerTests.swift in Sources */,
			);
			runOnlyForDeploymentPostprocessing = 0;
		};
/* End PBXSourcesBuildPhase section */

/* Begin PBXTargetDependency section */
		61B07C7220F21DC400D8B7E0 /* PBXTargetDependency */ = {
			isa = PBXTargetDependency;
			target = 61B07C5B20F21DC300D8B7E0 /* BoatTracker */;
			targetProxy = 61B07C7120F21DC400D8B7E0 /* PBXContainerItemProxy */;
		};
/* End PBXTargetDependency section */

/* Begin PBXVariantGroup section */
		61B07C6820F21DC400D8B7E0 /* LaunchScreen.storyboard */ = {
			isa = PBXVariantGroup;
			children = (
				61B07C6920F21DC400D8B7E0 /* Base */,
			);
			name = LaunchScreen.storyboard;
			sourceTree = "<group>";
		};
/* End PBXVariantGroup section */

/* Begin XCBuildConfiguration section */
		61B07C8220F21DC500D8B7E0 /* Debug */ = {
			isa = XCBuildConfiguration;
			buildSettings = {
				ALWAYS_EMBED_SWIFT_STANDARD_LIBRARIES = NO;
				ALWAYS_SEARCH_USER_PATHS = NO;
				CLANG_ANALYZER_NONNULL = YES;
				CLANG_ANALYZER_NUMBER_OBJECT_CONVERSION = YES_AGGRESSIVE;
				CLANG_CXX_LANGUAGE_STANDARD = "gnu++14";
				CLANG_CXX_LIBRARY = "libc++";
				CLANG_ENABLE_MODULES = YES;
				CLANG_ENABLE_OBJC_ARC = YES;
				CLANG_ENABLE_OBJC_WEAK = YES;
				CLANG_WARN_BLOCK_CAPTURE_AUTORELEASING = YES;
				CLANG_WARN_BOOL_CONVERSION = YES;
				CLANG_WARN_COMMA = YES;
				CLANG_WARN_CONSTANT_CONVERSION = YES;
				CLANG_WARN_DEPRECATED_OBJC_IMPLEMENTATIONS = YES;
				CLANG_WARN_DIRECT_OBJC_ISA_USAGE = YES_ERROR;
				CLANG_WARN_DOCUMENTATION_COMMENTS = YES;
				CLANG_WARN_EMPTY_BODY = YES;
				CLANG_WARN_ENUM_CONVERSION = YES;
				CLANG_WARN_INFINITE_RECURSION = YES;
				CLANG_WARN_INT_CONVERSION = YES;
				CLANG_WARN_NON_LITERAL_NULL_CONVERSION = YES;
				CLANG_WARN_OBJC_IMPLICIT_RETAIN_SELF = YES;
				CLANG_WARN_OBJC_LITERAL_CONVERSION = YES;
				CLANG_WARN_OBJC_ROOT_CLASS = YES_ERROR;
				CLANG_WARN_QUOTED_INCLUDE_IN_FRAMEWORK_HEADER = YES;
				CLANG_WARN_RANGE_LOOP_ANALYSIS = YES;
				CLANG_WARN_STRICT_PROTOTYPES = YES;
				CLANG_WARN_SUSPICIOUS_MOVE = YES;
				CLANG_WARN_UNGUARDED_AVAILABILITY = YES_AGGRESSIVE;
				CLANG_WARN_UNREACHABLE_CODE = YES;
				CLANG_WARN__DUPLICATE_METHOD_MATCH = YES;
				CODE_SIGN_IDENTITY = "iPhone Developer";
				COPY_PHASE_STRIP = NO;
				DEBUG_INFORMATION_FORMAT = dwarf;
				ENABLE_STRICT_OBJC_MSGSEND = YES;
				ENABLE_TESTABILITY = YES;
				GCC_C_LANGUAGE_STANDARD = gnu11;
				GCC_DYNAMIC_NO_PIC = NO;
				GCC_NO_COMMON_BLOCKS = YES;
				GCC_OPTIMIZATION_LEVEL = 0;
				GCC_PREPROCESSOR_DEFINITIONS = (
					"DEBUG=1",
					"$(inherited)",
				);
				GCC_WARN_64_TO_32_BIT_CONVERSION = YES;
				GCC_WARN_ABOUT_RETURN_TYPE = YES_ERROR;
				GCC_WARN_UNDECLARED_SELECTOR = YES;
				GCC_WARN_UNINITIALIZED_AUTOS = YES_AGGRESSIVE;
				GCC_WARN_UNUSED_FUNCTION = YES;
				GCC_WARN_UNUSED_VARIABLE = YES;
				IPHONEOS_DEPLOYMENT_TARGET = 15.0;
				MTL_ENABLE_DEBUG_INFO = YES;
				ONLY_ACTIVE_ARCH = YES;
				SDKROOT = iphoneos;
				SWIFT_ACTIVE_COMPILATION_CONDITIONS = DEBUG;
				SWIFT_OPTIMIZATION_LEVEL = "-Onone";
			};
			name = Debug;
		};
		61B07C8320F21DC500D8B7E0 /* Release */ = {
			isa = XCBuildConfiguration;
			buildSettings = {
				ALWAYS_EMBED_SWIFT_STANDARD_LIBRARIES = NO;
				ALWAYS_SEARCH_USER_PATHS = NO;
				CLANG_ANALYZER_NONNULL = YES;
				CLANG_ANALYZER_NUMBER_OBJECT_CONVERSION = YES_AGGRESSIVE;
				CLANG_CXX_LANGUAGE_STANDARD = "gnu++14";
				CLANG_CXX_LIBRARY = "libc++";
				CLANG_ENABLE_MODULES = YES;
				CLANG_ENABLE_OBJC_ARC = YES;
				CLANG_ENABLE_OBJC_WEAK = YES;
				CLANG_WARN_BLOCK_CAPTURE_AUTORELEASING = YES;
				CLANG_WARN_BOOL_CONVERSION = YES;
				CLANG_WARN_COMMA = YES;
				CLANG_WARN_CONSTANT_CONVERSION = YES;
				CLANG_WARN_DEPRECATED_OBJC_IMPLEMENTATIONS = YES;
				CLANG_WARN_DIRECT_OBJC_ISA_USAGE = YES_ERROR;
				CLANG_WARN_DOCUMENTATION_COMMENTS = YES;
				CLANG_WARN_EMPTY_BODY = YES;
				CLANG_WARN_ENUM_CONVERSION = YES;
				CLANG_WARN_INFINITE_RECURSION = YES;
				CLANG_WARN_INT_CONVERSION = YES;
				CLANG_WARN_NON_LITERAL_NULL_CONVERSION = YES;
				CLANG_WARN_OBJC_IMPLICIT_RETAIN_SELF = YES;
				CLANG_WARN_OBJC_LITERAL_CONVERSION = YES;
				CLANG_WARN_OBJC_ROOT_CLASS = YES_ERROR;
				CLANG_WARN_QUOTED_INCLUDE_IN_FRAMEWORK_HEADER = YES;
				CLANG_WARN_RANGE_LOOP_ANALYSIS = YES;
				CLANG_WARN_STRICT_PROTOTYPES = YES;
				CLANG_WARN_SUSPICIOUS_MOVE = YES;
				CLANG_WARN_UNGUARDED_AVAILABILITY = YES_AGGRESSIVE;
				CLANG_WARN_UNREACHABLE_CODE = YES;
				CLANG_WARN__DUPLICATE_METHOD_MATCH = YES;
				CODE_SIGN_IDENTITY = "iPhone Developer";
				COPY_PHASE_STRIP = NO;
				DEBUG_INFORMATION_FORMAT = "dwarf-with-dsym";
				ENABLE_NS_ASSERTIONS = NO;
				ENABLE_STRICT_OBJC_MSGSEND = YES;
				GCC_C_LANGUAGE_STANDARD = gnu11;
				GCC_NO_COMMON_BLOCKS = YES;
				GCC_WARN_64_TO_32_BIT_CONVERSION = YES;
				GCC_WARN_ABOUT_RETURN_TYPE = YES_ERROR;
				GCC_WARN_UNDECLARED_SELECTOR = YES;
				GCC_WARN_UNINITIALIZED_AUTOS = YES_AGGRESSIVE;
				GCC_WARN_UNUSED_FUNCTION = YES;
				GCC_WARN_UNUSED_VARIABLE = YES;
				IPHONEOS_DEPLOYMENT_TARGET = 15.0;
				MTL_ENABLE_DEBUG_INFO = NO;
				SDKROOT = iphoneos;
				SWIFT_COMPILATION_MODE = wholemodule;
				SWIFT_OPTIMIZATION_LEVEL = "-O";
				VALIDATE_PRODUCT = YES;
			};
			name = Release;
		};
		61B07C8520F21DC500D8B7E0 /* Debug */ = {
			isa = XCBuildConfiguration;
			buildSettings = {
				ASSETCATALOG_COMPILER_APPICON_NAME = AppIcon;
				CLANG_ENABLE_MODULES = YES;
				CODE_SIGN_ENTITLEMENTS = BoatTracker/BoatTracker.entitlements;
				CODE_SIGN_IDENTITY = "iPhone Distribution";
				CODE_SIGN_STYLE = Manual;
				CURRENT_PROJECT_VERSION = 24;
				DEVELOPMENT_TEAM = D2T2QC36Z9;
				INFOPLIST_FILE = BoatTracker/Info.plist;
				IPHONEOS_DEPLOYMENT_TARGET = 15.0;
				LD_RUNPATH_SEARCH_PATHS = (
					"$(inherited)",
					"@executable_path/Frameworks",
				);
				MARKETING_VERSION = 1.47.11;
				PRODUCT_BUNDLE_IDENTIFIER = com.malliina.BoatTracker;
				PRODUCT_NAME = "$(TARGET_NAME)";
				PROVISIONING_PROFILE_SPECIFIER = BoatSiwaProfile;
				SWIFT_OBJC_BRIDGING_HEADER = "BoatTracker/FontAwesome/BoatTracker-Bridging-Header.h";
				SWIFT_OPTIMIZATION_LEVEL = "-Onone";
				SWIFT_VERSION = 5.0;
				TARGETED_DEVICE_FAMILY = "1,2";
			};
			name = Debug;
		};
		61B07C8620F21DC500D8B7E0 /* Release */ = {
			isa = XCBuildConfiguration;
			buildSettings = {
				ASSETCATALOG_COMPILER_APPICON_NAME = AppIcon;
				CLANG_ENABLE_MODULES = YES;
				CODE_SIGN_ENTITLEMENTS = BoatTracker/BoatTracker.entitlements;
				CODE_SIGN_IDENTITY = "iPhone Distribution";
				CODE_SIGN_STYLE = Manual;
				CURRENT_PROJECT_VERSION = 24;
				DEVELOPMENT_TEAM = D2T2QC36Z9;
				INFOPLIST_FILE = BoatTracker/Info.plist;
				IPHONEOS_DEPLOYMENT_TARGET = 15.0;
				LD_RUNPATH_SEARCH_PATHS = (
					"$(inherited)",
					"@executable_path/Frameworks",
				);
				MARKETING_VERSION = 1.47.11;
				PRODUCT_BUNDLE_IDENTIFIER = com.malliina.BoatTracker;
				PRODUCT_NAME = "$(TARGET_NAME)";
				PROVISIONING_PROFILE_SPECIFIER = BoatSiwaProfile;
				SWIFT_OBJC_BRIDGING_HEADER = "BoatTracker/FontAwesome/BoatTracker-Bridging-Header.h";
				SWIFT_VERSION = 5.0;
				TARGETED_DEVICE_FAMILY = "1,2";
			};
			name = Release;
		};
		61B07C8820F21DC500D8B7E0 /* Debug */ = {
			isa = XCBuildConfiguration;
			buildSettings = {
				ALWAYS_EMBED_SWIFT_STANDARD_LIBRARIES = "$(inherited)";
				BUNDLE_LOADER = "$(TEST_HOST)";
				CODE_SIGN_STYLE = Automatic;
				DEVELOPMENT_TEAM = D2T2QC36Z9;
				INFOPLIST_FILE = BoatTrackerTests/Info.plist;
				LD_RUNPATH_SEARCH_PATHS = (
					"$(inherited)",
					"@executable_path/Frameworks",
					"@loader_path/Frameworks",
				);
				MARKETING_VERSION = 1.47.11;
				PRODUCT_BUNDLE_IDENTIFIER = com.malliina.BoatTrackerTests;
				PRODUCT_NAME = "$(TARGET_NAME)";
				SWIFT_VERSION = 5.0;
				TARGETED_DEVICE_FAMILY = "1,2";
				TEST_HOST = "$(BUILT_PRODUCTS_DIR)/BoatTracker.app/BoatTracker";
			};
			name = Debug;
		};
		61B07C8920F21DC500D8B7E0 /* Release */ = {
			isa = XCBuildConfiguration;
			buildSettings = {
				ALWAYS_EMBED_SWIFT_STANDARD_LIBRARIES = "$(inherited)";
				BUNDLE_LOADER = "$(TEST_HOST)";
				CODE_SIGN_STYLE = Automatic;
				DEVELOPMENT_TEAM = D2T2QC36Z9;
				INFOPLIST_FILE = BoatTrackerTests/Info.plist;
				LD_RUNPATH_SEARCH_PATHS = (
					"$(inherited)",
					"@executable_path/Frameworks",
					"@loader_path/Frameworks",
				);
				MARKETING_VERSION = 1.47.11;
				PRODUCT_BUNDLE_IDENTIFIER = com.malliina.BoatTrackerTests;
				PRODUCT_NAME = "$(TARGET_NAME)";
				SWIFT_VERSION = 5.0;
				TARGETED_DEVICE_FAMILY = "1,2";
				TEST_HOST = "$(BUILT_PRODUCTS_DIR)/BoatTracker.app/BoatTracker";
			};
			name = Release;
		};
/* End XCBuildConfiguration section */

/* Begin XCConfigurationList section */
		61B07C5720F21DC300D8B7E0 /* Build configuration list for PBXProject "BoatTracker" */ = {
			isa = XCConfigurationList;
			buildConfigurations = (
				61B07C8220F21DC500D8B7E0 /* Debug */,
				61B07C8320F21DC500D8B7E0 /* Release */,
			);
			defaultConfigurationIsVisible = 0;
			defaultConfigurationName = Release;
		};
		61B07C8420F21DC500D8B7E0 /* Build configuration list for PBXNativeTarget "BoatTracker" */ = {
			isa = XCConfigurationList;
			buildConfigurations = (
				61B07C8520F21DC500D8B7E0 /* Debug */,
				61B07C8620F21DC500D8B7E0 /* Release */,
			);
			defaultConfigurationIsVisible = 0;
			defaultConfigurationName = Release;
		};
		61B07C8720F21DC500D8B7E0 /* Build configuration list for PBXNativeTarget "BoatTrackerTests" */ = {
			isa = XCConfigurationList;
			buildConfigurations = (
				61B07C8820F21DC500D8B7E0 /* Debug */,
				61B07C8920F21DC500D8B7E0 /* Release */,
			);
			defaultConfigurationIsVisible = 0;
			defaultConfigurationName = Release;
		};
/* End XCConfigurationList section */

/* Begin XCRemoteSwiftPackageReference section */
		7D175C3B27BD80930050E29B /* XCRemoteSwiftPackageReference "SnapKit" */ = {
			isa = XCRemoteSwiftPackageReference;
			repositoryURL = "https://github.com/SnapKit/SnapKit.git";
			requirement = {
				kind = exactVersion;
				version = 5.0.1;
			};
		};
		7D175C4327BD84990050E29B /* XCRemoteSwiftPackageReference "appcenter-sdk-apple" */ = {
			isa = XCRemoteSwiftPackageReference;
			repositoryURL = "https://github.com/microsoft/appcenter-sdk-apple.git";
			requirement = {
				branch = develop;
				kind = branch;
			};
		};
		7D175C4827BD85300050E29B /* XCRemoteSwiftPackageReference "mapbox-maps-ios" */ = {
			isa = XCRemoteSwiftPackageReference;
			repositoryURL = "https://github.com/mapbox/mapbox-maps-ios.git";
			requirement = {
				kind = exactVersion;
				version = 10.8.1;
			};
		};
		7D175C4B27BD85AE0050E29B /* XCRemoteSwiftPackageReference "microsoft-authentication-library-for-objc" */ = {
			isa = XCRemoteSwiftPackageReference;
			repositoryURL = "https://github.com/AzureAD/microsoft-authentication-library-for-objc";
			requirement = {
				kind = exactVersion;
				version = 1.2.5;
			};
		};
		7D175C4E27BD87110050E29B /* XCRemoteSwiftPackageReference "Charts" */ = {
			isa = XCRemoteSwiftPackageReference;
			repositoryURL = "https://github.com/danielgindi/Charts.git";
			requirement = {
				kind = exactVersion;
				version = 4.1.0;
			};
		};
		7D175C5127BD876F0050E29B /* XCRemoteSwiftPackageReference "GoogleSignIn-iOS" */ = {
			isa = XCRemoteSwiftPackageReference;
			repositoryURL = "https://github.com/google/GoogleSignIn-iOS";
			requirement = {
				kind = exactVersion;
				version = 6.2.4;
			};
		};
/* End XCRemoteSwiftPackageReference section */

/* Begin XCSwiftPackageProductDependency section */
		7D175C3C27BD80930050E29B /* SnapKit */ = {
			isa = XCSwiftPackageProductDependency;
			package = 7D175C3B27BD80930050E29B /* XCRemoteSwiftPackageReference "SnapKit" */;
			productName = SnapKit;
		};
		7D175C4427BD84990050E29B /* AppCenterAnalytics */ = {
			isa = XCSwiftPackageProductDependency;
			package = 7D175C4327BD84990050E29B /* XCRemoteSwiftPackageReference "appcenter-sdk-apple" */;
			productName = AppCenterAnalytics;
		};
		7D175C4627BD84990050E29B /* AppCenterCrashes */ = {
			isa = XCSwiftPackageProductDependency;
			package = 7D175C4327BD84990050E29B /* XCRemoteSwiftPackageReference "appcenter-sdk-apple" */;
			productName = AppCenterCrashes;
		};
		7D175C4927BD85300050E29B /* MapboxMaps */ = {
			isa = XCSwiftPackageProductDependency;
			package = 7D175C4827BD85300050E29B /* XCRemoteSwiftPackageReference "mapbox-maps-ios" */;
			productName = MapboxMaps;
		};
		7D175C4C27BD85AE0050E29B /* MSAL */ = {
			isa = XCSwiftPackageProductDependency;
			package = 7D175C4B27BD85AE0050E29B /* XCRemoteSwiftPackageReference "microsoft-authentication-library-for-objc" */;
			productName = MSAL;
		};
		7D175C4F27BD87110050E29B /* Charts */ = {
			isa = XCSwiftPackageProductDependency;
			package = 7D175C4E27BD87110050E29B /* XCRemoteSwiftPackageReference "Charts" */;
			productName = Charts;
		};
		7D175C5227BD876F0050E29B /* GoogleSignIn */ = {
			isa = XCSwiftPackageProductDependency;
			package = 7D175C5127BD876F0050E29B /* XCRemoteSwiftPackageReference "GoogleSignIn-iOS" */;
			productName = GoogleSignIn;
		};
/* End XCSwiftPackageProductDependency section */
	};
	rootObject = 61B07C5420F21DC300D8B7E0 /* Project object */;
}
