{
  "pins" : [
    {
      "identity" : "appauth-ios",
      "kind" : "remoteSourceControl",
      "location" : "https://github.com/openid/AppAuth-iOS.git",
      "state" : {
        "revision" : "01131d68346c8ae552961c768d583c715fbe1410",
        "version" : "1.4.0"
      }
    },
    {
      "identity" : "appcenter-sdk-apple",
      "kind" : "remoteSourceControl",
      "location" : "https://github.com/microsoft/appcenter-sdk-apple.git",
      "state" : {
        "revision" : "b84bc8a39ff04bc8d5ae7b4d230c171c562891aa",
        "version" : "4.4.1"
      }
    },
    {
      "identity" : "charts",
      "kind" : "remoteSourceControl",
      "location" : "https://github.com/danielgindi/Charts.git",
      "state" : {
        "revision" : "8d134a78bb2cb9e7a0f05ecbd5880bb05cd02863",
        "version" : "4.0.1"
      }
    },
    {
      "identity" : "googlesignin-ios",
      "kind" : "remoteSourceControl",
      "location" : "https://github.com/google/GoogleSignIn-iOS",
      "state" : {
        "revision" : "60ca2bfd218ccb194a746a79b41d9d50eb7e3af0",
        "version" : "6.1.0"
      }
    },
    {
      "identity" : "gtm-session-fetcher",
      "kind" : "remoteSourceControl",
      "location" : "https://github.com/google/gtm-session-fetcher.git",
      "state" : {
        "revision" : "bc6a19702ac76ac4e488b68148710eb815f9bc56",
        "version" : "1.7.0"
      }
    },
    {
      "identity" : "gtmappauth",
      "kind" : "remoteSourceControl",
      "location" : "https://github.com/google/GTMAppAuth.git",
      "state" : {
        "revision" : "40f4103fb52109032c05599a0c39ad43edbdf80a",
        "version" : "1.2.2"
      }
    },
    {
      "identity" : "mapbox-common-ios",
      "kind" : "remoteSourceControl",
      "location" : "https://github.com/mapbox/mapbox-common-ios.git",
      "state" : {
        "revision" : "d0adb996dfad19ed1edc611ee640e6c7506951a0",
        "version" : "21.1.0"
      }
    },
    {
      "identity" : "mapbox-core-maps-ios",
      "kind" : "remoteSourceControl",
      "location" : "https://github.com/mapbox/mapbox-core-maps-ios.git",
      "state" : {
        "revision" : "f346a9880cf92ea5e8bc15a4034bb18d3d4c079c",
        "version" : "10.3.2"
      }
    },
    {
      "identity" : "mapbox-events-ios",
      "kind" : "remoteSourceControl",
      "location" : "https://github.com/mapbox/mapbox-events-ios.git",
      "state" : {
        "revision" : "1b6c2a34086de40c26f2f97a716ac419f46eb630",
        "version" : "1.0.7"
      }
    },
    {
      "identity" : "mapbox-maps-ios",
      "kind" : "remoteSourceControl",
      "location" : "https://github.com/mapbox/mapbox-maps-ios.git",
      "state" : {
        "revision" : "47f9d2da9acea04e79244949328c3a9d10f39945",
        "version" : "10.3.0"
      }
    },
    {
      "identity" : "microsoft-authentication-library-for-objc",
      "kind" : "remoteSourceControl",
      "location" : "https://github.com/AzureAD/microsoft-authentication-library-for-objc",
      "state" : {
        "revision" : "06a2a1cd11d72ef19a09d4b66b292f5185337692",
        "version" : "1.1.17"
      }
    },
    {
      "identity" : "plcrashreporter",
      "kind" : "remoteSourceControl",
      "location" : "https://github.com/microsoft/PLCrashReporter.git",
      "state" : {
        "revision" : "6b27393cad517c067dceea85fadf050e70c4ceaa",
        "version" : "1.10.1"
      }
    },
    {
      "identity" : "rxswift",
      "kind" : "remoteSourceControl",
      "location" : "https://github.com/ReactiveX/RxSwift.git",
      "state" : {
        "revision" : "b4307ba0b6425c0ba4178e138799946c3da594f8",
        "version" : "6.5.0"
      }
    },
    {
      "identity" : "snapkit",
      "kind" : "remoteSourceControl",
      "location" : "https://github.com/SnapKit/SnapKit.git",
      "state" : {
        "revision" : "d458564516e5676af9c70b4f4b2a9178294f1bc6",
        "version" : "5.0.1"
      }
    },
    {
      "identity" : "swift-algorithms",
      "kind" : "remoteSourceControl",
      "location" : "https://github.com/apple/swift-algorithms",
      "state" : {
        "revision" : "2327673b0e9c7e90e6b1826376526ec3627210e4",
        "version" : "0.2.1"
      }
    },
    {
      "identity" : "swift-numerics",
      "kind" : "remoteSourceControl",
      "location" : "https://github.com/apple/swift-numerics",
      "state" : {
        "revision" : "6583ac70c326c3ee080c1d42d9ca3361dca816cd",
        "version" : "0.1.0"
      }
    },
    {
      "identity" : "turf-swift",
      "kind" : "remoteSourceControl",
      "location" : "https://github.com/mapbox/turf-swift.git",
      "state" : {
        "revision" : "436682278bd65a1dbfbad53902af6f4cc0af1a33",
        "version" : "2.2.0"
      }
    }
  ],
  "version" : 2
}
